// !$*UTF8*$!
{
	archiveVersion = 1;
	classes = {
	};
	objectVersion = 46;
	objects = {

/* Begin PBXBuildFile section */
		1D60589F0D05DD5A006BFB54 /* Foundation.framework in Frameworks */ = {isa = PBXBuildFile; fileRef = 1D30AB110D05D00D00671497 /* Foundation.framework */; };
		1DF5F4E00D08C38300B7A737 /* UIKit.framework in Frameworks */ = {isa = PBXBuildFile; fileRef = 1DF5F4DF0D08C38300B7A737 /* UIKit.framework */; };
		28FD15000DC6FC520079059D /* OpenGLES.framework in Frameworks */ = {isa = PBXBuildFile; fileRef = 28FD14FF0DC6FC520079059D /* OpenGLES.framework */; };
		28FD15080DC6FC5B0079059D /* QuartzCore.framework in Frameworks */ = {isa = PBXBuildFile; fileRef = 28FD15070DC6FC5B0079059D /* QuartzCore.framework */; };
		F42169B81D05593A00C50450 /* BerryGarden.png in Resources */ = {isa = PBXBuildFile; fileRef = F42169AE1D05593A00C50450 /* BerryGarden.png */; };
		F42169B91D05593A00C50450 /* bg-black.png in Resources */ = {isa = PBXBuildFile; fileRef = F42169AF1D05593A00C50450 /* bg-black.png */; };
		F42169BA1D05593A00C50450 /* FreeSans.ttf in Resources */ = {isa = PBXBuildFile; fileRef = F42169B01D05593A00C50450 /* FreeSans.ttf */; };
		F42169BB1D05593A00C50450 /* grid-base.png in Resources */ = {isa = PBXBuildFile; fileRef = F42169B11D05593A00C50450 /* grid-base.png */; };
		F42169BD1D05593A00C50450 /* japanvillage.jpg in Resources */ = {isa = PBXBuildFile; fileRef = F42169B31D05593A00C50450 /* japanvillage.jpg */; };
		F42169BE1D05593A00C50450 /* moderngirl02.png in Resources */ = {isa = PBXBuildFile; fileRef = F42169B41D05593A00C50450 /* moderngirl02.png */; };
		F42169BF1D05593A00C50450 /* moderngirl02x2.png in Resources */ = {isa = PBXBuildFile; fileRef = F42169B51D05593A00C50450 /* moderngirl02x2.png */; };
		F42169C01D05593A00C50450 /* sample_scene.xml in Resources */ = {isa = PBXBuildFile; fileRef = F42169B61D05593A00C50450 /* sample_scene.xml */; };
		F42169C11D05593A00C50450 /* sample_scene2.xml in Resources */ = {isa = PBXBuildFile; fileRef = F42169B71D05593A00C50450 /* sample_scene2.xml */; };
		F43DB9DC1C78B44800BE5C9A /* ImageIO.framework in Frameworks */ = {isa = PBXBuildFile; fileRef = F43DB9DB1C78B44800BE5C9A /* ImageIO.framework */; };
		F43DB9E21C78B60300BE5C9A /* Launch Screen.storyboard in Resources */ = {isa = PBXBuildFile; fileRef = F43DB9E11C78B60300BE5C9A /* Launch Screen.storyboard */; };
		F444ED8B1E62738500C14B4E /* src in Resources */ = {isa = PBXBuildFile; fileRef = F444ED8A1E62738500C14B4E /* src */; };
		F444ED961E6286B700C14B4E /* libg3logger.a in Frameworks */ = {isa = PBXBuildFile; fileRef = F444ED661E6272D100C14B4E /* libg3logger.a */; };
		F444ED971E6286B700C14B4E /* libgtest.a in Frameworks */ = {isa = PBXBuildFile; fileRef = F444ED671E6272D100C14B4E /* libgtest.a */; };
		F444ED981E6286B700C14B4E /* libprotobuf.a in Frameworks */ = {isa = PBXBuildFile; fileRef = F444ED681E6272D100C14B4E /* libprotobuf.a */; };
		F444ED991E6286B700C14B4E /* libpugixml.a in Frameworks */ = {isa = PBXBuildFile; fileRef = F444ED691E6272D100C14B4E /* libpugixml.a */; };
		F444ED9A1E6286B700C14B4E /* libSDL2_gfx.a in Frameworks */ = {isa = PBXBuildFile; fileRef = F444ED6A1E6272D100C14B4E /* libSDL2_gfx.a */; };
		F444ED9B1E6286B700C14B4E /* libSDL2_image.a in Frameworks */ = {isa = PBXBuildFile; fileRef = F444ED6B1E6272D100C14B4E /* libSDL2_image.a */; };
		F444ED9C1E6286B700C14B4E /* libSDL2_ttf.a in Frameworks */ = {isa = PBXBuildFile; fileRef = F444ED6C1E6272D100C14B4E /* libSDL2_ttf.a */; };
		F444EDA01E6286C100C14B4E /* AVFoundation.framework in Frameworks */ = {isa = PBXBuildFile; fileRef = F444ED9F1E6286C100C14B4E /* AVFoundation.framework */; };
		F4468A061D96392A003AB89B /* Images-2.xcassets in Resources */ = {isa = PBXBuildFile; fileRef = F4468A051D96392A003AB89B /* Images-2.xcassets */; };
		F45B1CCD1E62D8EB003C10E2 /* Ecore.hpp in Headers */ = {isa = PBXBuildFile; fileRef = F45B1CA91E62D8EB003C10E2 /* Ecore.hpp */; };
		F45B1CCE1E62D8EB003C10E2 /* ESceneManager.hpp in Headers */ = {isa = PBXBuildFile; fileRef = F45B1CAA1E62D8EB003C10E2 /* ESceneManager.hpp */; };
		F45B1CCF1E62D8EB003C10E2 /* EScreenManager.hpp in Headers */ = {isa = PBXBuildFile; fileRef = F45B1CAB1E62D8EB003C10E2 /* EScreenManager.hpp */; };
		F45B1CD01E62D8EB003C10E2 /* EDbgOverlayScene.hpp in Headers */ = {isa = PBXBuildFile; fileRef = F45B1CAD1E62D8EB003C10E2 /* EDbgOverlayScene.hpp */; };
		F45B1CD11E62D8EB003C10E2 /* EImageResource.hpp in Headers */ = {isa = PBXBuildFile; fileRef = F45B1CAE1E62D8EB003C10E2 /* EImageResource.hpp */; };
		F45B1CD21E62D8EB003C10E2 /* EResourceFactory.hpp in Headers */ = {isa = PBXBuildFile; fileRef = F45B1CAF1E62D8EB003C10E2 /* EResourceFactory.hpp */; };
		F45B1CD31E62D8EB003C10E2 /* EResourceLoaderInterface.hpp in Headers */ = {isa = PBXBuildFile; fileRef = F45B1CB01E62D8EB003C10E2 /* EResourceLoaderInterface.hpp */; };
		F45B1CD41E62D8EB003C10E2 /* EResourceManager.hpp in Headers */ = {isa = PBXBuildFile; fileRef = F45B1CB11E62D8EB003C10E2 /* EResourceManager.hpp */; };
		F45B1CD51E62D8EB003C10E2 /* ERPGScene.hpp in Headers */ = {isa = PBXBuildFile; fileRef = F45B1CB21E62D8EB003C10E2 /* ERPGScene.hpp */; };
		F45B1CD61E62D8EB003C10E2 /* EScene.hpp in Headers */ = {isa = PBXBuildFile; fileRef = F45B1CB31E62D8EB003C10E2 /* EScene.hpp */; };
		F45B1CD71E62D8EB003C10E2 /* ESceneDesc.hpp in Headers */ = {isa = PBXBuildFile; fileRef = F45B1CB41E62D8EB003C10E2 /* ESceneDesc.hpp */; };
		F45B1CD81E62D8EB003C10E2 /* ESpriteType.hpp in Headers */ = {isa = PBXBuildFile; fileRef = F45B1CB51E62D8EB003C10E2 /* ESpriteType.hpp */; };
		F45B1CD91E62D8EB003C10E2 /* EVisualNovelScene.hpp in Headers */ = {isa = PBXBuildFile; fileRef = F45B1CB61E62D8EB003C10E2 /* EVisualNovelScene.hpp */; };
		F45B1CDA1E62D8EB003C10E2 /* XMLResourceLoader.hpp in Headers */ = {isa = PBXBuildFile; fileRef = F45B1CB71E62D8EB003C10E2 /* XMLResourceLoader.hpp */; };
		F45B1CDB1E62D8EB003C10E2 /* SpLogHelper.hpp in Headers */ = {isa = PBXBuildFile; fileRef = F45B1CB91E62D8EB003C10E2 /* SpLogHelper.hpp */; };
		F45B1CDC1E62D8EB003C10E2 /* EAccelAnimation.hpp in Headers */ = {isa = PBXBuildFile; fileRef = F45B1CBB1E62D8EB003C10E2 /* EAccelAnimation.hpp */; };
		F45B1CDD1E62D8EB003C10E2 /* EAnimation.hpp in Headers */ = {isa = PBXBuildFile; fileRef = F45B1CBC1E62D8EB003C10E2 /* EAnimation.hpp */; };
		F45B1CDE1E62D8EB003C10E2 /* EDrawable.hpp in Headers */ = {isa = PBXBuildFile; fileRef = F45B1CBD1E62D8EB003C10E2 /* EDrawable.hpp */; };
		F45B1CDF1E62D8EB003C10E2 /* EFigure.hpp in Headers */ = {isa = PBXBuildFile; fileRef = F45B1CBE1E62D8EB003C10E2 /* EFigure.hpp */; };
		F45B1CE01E62D8EB003C10E2 /* EGridMapTexture.hpp in Headers */ = {isa = PBXBuildFile; fileRef = F45B1CBF1E62D8EB003C10E2 /* EGridMapTexture.hpp */; };
		F45B1CE11E62D8EB003C10E2 /* EGridMoveAnimation.hpp in Headers */ = {isa = PBXBuildFile; fileRef = F45B1CC01E62D8EB003C10E2 /* EGridMoveAnimation.hpp */; };
		F45B1CE21E62D8EB003C10E2 /* EImageTexture.hpp in Headers */ = {isa = PBXBuildFile; fileRef = F45B1CC11E62D8EB003C10E2 /* EImageTexture.hpp */; };
		F45B1CE31E62D8EB003C10E2 /* ESmoothStepAnimation.hpp in Headers */ = {isa = PBXBuildFile; fileRef = F45B1CC21E62D8EB003C10E2 /* ESmoothStepAnimation.hpp */; };
		F45B1CE41E62D8EB003C10E2 /* ESprite.hpp in Headers */ = {isa = PBXBuildFile; fileRef = F45B1CC31E62D8EB003C10E2 /* ESprite.hpp */; };
		F45B1CE51E62D8EB003C10E2 /* ETextTexture.hpp in Headers */ = {isa = PBXBuildFile; fileRef = F45B1CC41E62D8EB003C10E2 /* ETextTexture.hpp */; };
		F45B1CE61E62D8EB003C10E2 /* GraphicObject.hpp in Headers */ = {isa = PBXBuildFile; fileRef = F45B1CC51E62D8EB003C10E2 /* GraphicObject.hpp */; };
		F45B1CE71E62D8EB003C10E2 /* IPCHelper.hpp in Headers */ = {isa = PBXBuildFile; fileRef = F45B1CC71E62D8EB003C10E2 /* IPCHelper.hpp */; };
		F45B1CE81E62D8EB003C10E2 /* JsonHelper.hpp in Headers */ = {isa = PBXBuildFile; fileRef = F45B1CC81E62D8EB003C10E2 /* JsonHelper.hpp */; };
		F45B1CE91E62D8EB003C10E2 /* LogHelper.hpp in Headers */ = {isa = PBXBuildFile; fileRef = F45B1CC91E62D8EB003C10E2 /* LogHelper.hpp */; };
		F45B1CEA1E62D8EB003C10E2 /* PythonScript.hpp in Headers */ = {isa = PBXBuildFile; fileRef = F45B1CCA1E62D8EB003C10E2 /* PythonScript.hpp */; };
		F45B1CEB1E62D8EB003C10E2 /* SDLWrap.hpp in Headers */ = {isa = PBXBuildFile; fileRef = F45B1CCB1E62D8EB003C10E2 /* SDLWrap.hpp */; };
		F45B1CEC1E62D8EB003C10E2 /* XmlHelper.hpp in Headers */ = {isa = PBXBuildFile; fileRef = F45B1CCC1E62D8EB003C10E2 /* XmlHelper.hpp */; };
		F45B1D341E62DBEF003C10E2 /* libSDL2.a in Frameworks */ = {isa = PBXBuildFile; fileRef = F444ED6D1E6272D100C14B4E /* libSDL2.a */; };
		F45B1D351E62DC4E003C10E2 /* MobileCoreServices.framework in Frameworks */ = {isa = PBXBuildFile; fileRef = F43DB9DF1C78B59400BE5C9A /* MobileCoreServices.framework */; };
		F45B1D361E62E1AA003C10E2 /* libzmq-static.a in Frameworks */ = {isa = PBXBuildFile; fileRef = F444ED6E1E6272D100C14B4E /* libzmq-static.a */; };
		F48617601D96C44F008641CB /* gom-sprite.png in Resources */ = {isa = PBXBuildFile; fileRef = F486175F1D96C44F008641CB /* gom-sprite.png */; };
		F48617621D96C691008641CB /* JapaneseVillage.png in Resources */ = {isa = PBXBuildFile; fileRef = F48617611D96C691008641CB /* JapaneseVillage.png */; };
		F4A37F4A1D8D929400186118 /* f069.png in Resources */ = {isa = PBXBuildFile; fileRef = F4A37F3E1D8D929400186118 /* f069.png */; };
		F4A37F4B1D8D929400186118 /* f071.png in Resources */ = {isa = PBXBuildFile; fileRef = F4A37F3F1D8D929400186118 /* f071.png */; };
		F4A37F4C1D8D929400186118 /* gom-002.png in Resources */ = {isa = PBXBuildFile; fileRef = F4A37F401D8D929400186118 /* gom-002.png */; };
		F4A37F4D1D8D929400186118 /* gom-003.png in Resources */ = {isa = PBXBuildFile; fileRef = F4A37F411D8D929400186118 /* gom-003.png */; };
		F4A37F4E1D8D929400186118 /* gom-004.png in Resources */ = {isa = PBXBuildFile; fileRef = F4A37F421D8D929400186118 /* gom-004.png */; };
		F4A37F4F1D8D929400186118 /* JewelSaviorFREE-readme.txt in Resources */ = {isa = PBXBuildFile; fileRef = F4A37F431D8D929400186118 /* JewelSaviorFREE-readme.txt */; };
		F4A37F501D8D929400186118 /* NanumBarunpenR.ttf in Resources */ = {isa = PBXBuildFile; fileRef = F4A37F441D8D929400186118 /* NanumBarunpenR.ttf */; };
		F4A37F511D8D929400186118 /* NanumGothic.ttf in Resources */ = {isa = PBXBuildFile; fileRef = F4A37F451D8D929400186118 /* NanumGothic.ttf */; };
		F4A37F521D8D929400186118 /* __init__.py in Resources */ = {isa = PBXBuildFile; fileRef = F4A37F471D8D929400186118 /* __init__.py */; };
		F4A37F531D8D929400186118 /* __init__.pyc in Resources */ = {isa = PBXBuildFile; fileRef = F4A37F481D8D929400186118 /* __init__.pyc */; };
		F4A37F541D8D929400186118 /* py_test.py in Resources */ = {isa = PBXBuildFile; fileRef = F4A37F491D8D929400186118 /* py_test.py */; };
		F4A37F561D8D94D800186118 /* jsoncpp.cpp in Sources */ = {isa = PBXBuildFile; fileRef = F4A37F551D8D94D800186118 /* jsoncpp.cpp */; };
		F4A37F581D8D94EB00186118 /* pugixml.cpp in Sources */ = {isa = PBXBuildFile; fileRef = F4A37F571D8D94EB00186118 /* pugixml.cpp */; };
		F4A37F5A1D8D94F900186118 /* ipc.pb.cc in Sources */ = {isa = PBXBuildFile; fileRef = F4A37F591D8D94F900186118 /* ipc.pb.cc */; };
		F4A4446C1E64693B001B1A83 /* Ecore.cpp in Sources */ = {isa = PBXBuildFile; fileRef = F4A444461E64693B001B1A83 /* Ecore.cpp */; };
		F4A4446D1E64693B001B1A83 /* ESceneManager.cpp in Sources */ = {isa = PBXBuildFile; fileRef = F4A444471E64693B001B1A83 /* ESceneManager.cpp */; };
		F4A4446E1E64693B001B1A83 /* EScreenManager.cpp in Sources */ = {isa = PBXBuildFile; fileRef = F4A444481E64693B001B1A83 /* EScreenManager.cpp */; };
		F4A4446F1E64693B001B1A83 /* main.cpp in Sources */ = {isa = PBXBuildFile; fileRef = F4A444491E64693B001B1A83 /* main.cpp */; };
		F4A444701E64693B001B1A83 /* EDbgOverlayScene.cpp in Sources */ = {isa = PBXBuildFile; fileRef = F4A4444B1E64693B001B1A83 /* EDbgOverlayScene.cpp */; };
		F4A444711E64693B001B1A83 /* EImageResource.cpp in Sources */ = {isa = PBXBuildFile; fileRef = F4A4444C1E64693B001B1A83 /* EImageResource.cpp */; };
		F4A444721E64693B001B1A83 /* EResourceFactory.cpp in Sources */ = {isa = PBXBuildFile; fileRef = F4A4444D1E64693B001B1A83 /* EResourceFactory.cpp */; };
		F4A444731E64693B001B1A83 /* EResourceLoaderInterface.cpp in Sources */ = {isa = PBXBuildFile; fileRef = F4A4444E1E64693B001B1A83 /* EResourceLoaderInterface.cpp */; };
		F4A444741E64693B001B1A83 /* EResourceManager.cpp in Sources */ = {isa = PBXBuildFile; fileRef = F4A4444F1E64693B001B1A83 /* EResourceManager.cpp */; };
		F4A444751E64693B001B1A83 /* ERPGScene.cpp in Sources */ = {isa = PBXBuildFile; fileRef = F4A444501E64693B001B1A83 /* ERPGScene.cpp */; };
		F4A444761E64693B001B1A83 /* EScene.cpp in Sources */ = {isa = PBXBuildFile; fileRef = F4A444511E64693B001B1A83 /* EScene.cpp */; };
		F4A444771E64693B001B1A83 /* ESceneDesc.cpp in Sources */ = {isa = PBXBuildFile; fileRef = F4A444521E64693B001B1A83 /* ESceneDesc.cpp */; };
		F4A444781E64693B001B1A83 /* ESpriteType.cpp in Sources */ = {isa = PBXBuildFile; fileRef = F4A444531E64693B001B1A83 /* ESpriteType.cpp */; };
		F4A444791E64693B001B1A83 /* EVisualNovelScene.cpp in Sources */ = {isa = PBXBuildFile; fileRef = F4A444541E64693B001B1A83 /* EVisualNovelScene.cpp */; };
		F4A4447A1E64693B001B1A83 /* XMLResourceLoader.cpp in Sources */ = {isa = PBXBuildFile; fileRef = F4A444551E64693B001B1A83 /* XMLResourceLoader.cpp */; };
		F4A4447B1E64693B001B1A83 /* SpLogHelper.cpp in Sources */ = {isa = PBXBuildFile; fileRef = F4A444571E64693B001B1A83 /* SpLogHelper.cpp */; };
		F4A4447C1E64693B001B1A83 /* EAccelAnimation.cpp in Sources */ = {isa = PBXBuildFile; fileRef = F4A444591E64693B001B1A83 /* EAccelAnimation.cpp */; };
		F4A4447D1E64693B001B1A83 /* EAnimation.cpp in Sources */ = {isa = PBXBuildFile; fileRef = F4A4445A1E64693B001B1A83 /* EAnimation.cpp */; };
		F4A4447E1E64693B001B1A83 /* EDrawable.cpp in Sources */ = {isa = PBXBuildFile; fileRef = F4A4445B1E64693B001B1A83 /* EDrawable.cpp */; };
		F4A4447F1E64693B001B1A83 /* EFigure.cpp in Sources */ = {isa = PBXBuildFile; fileRef = F4A4445C1E64693B001B1A83 /* EFigure.cpp */; };
		F4A444801E64693B001B1A83 /* EGridMapTexture.cpp in Sources */ = {isa = PBXBuildFile; fileRef = F4A4445D1E64693B001B1A83 /* EGridMapTexture.cpp */; };
		F4A444811E64693B001B1A83 /* EGridMoveAnimation.cpp in Sources */ = {isa = PBXBuildFile; fileRef = F4A4445E1E64693B001B1A83 /* EGridMoveAnimation.cpp */; };
		F4A444821E64693B001B1A83 /* EImageTexture.cpp in Sources */ = {isa = PBXBuildFile; fileRef = F4A4445F1E64693B001B1A83 /* EImageTexture.cpp */; };
		F4A444831E64693B001B1A83 /* ESmoothRotateAnimation.cpp in Sources */ = {isa = PBXBuildFile; fileRef = F4A444601E64693B001B1A83 /* ESmoothRotateAnimation.cpp */; };
		F4A444841E64693B001B1A83 /* ESmoothStepAnimation.cpp in Sources */ = {isa = PBXBuildFile; fileRef = F4A444611E64693B001B1A83 /* ESmoothStepAnimation.cpp */; };
		F4A444851E64693B001B1A83 /* ESprite.cpp in Sources */ = {isa = PBXBuildFile; fileRef = F4A444621E64693B001B1A83 /* ESprite.cpp */; };
		F4A444861E64693B001B1A83 /* ETextTexture.cpp in Sources */ = {isa = PBXBuildFile; fileRef = F4A444631E64693B001B1A83 /* ETextTexture.cpp */; };
		F4A444871E64693B001B1A83 /* GraphicObject.cpp in Sources */ = {isa = PBXBuildFile; fileRef = F4A444641E64693B001B1A83 /* GraphicObject.cpp */; };
		F4A444881E64693B001B1A83 /* IPCHelper.cpp in Sources */ = {isa = PBXBuildFile; fileRef = F4A444661E64693B001B1A83 /* IPCHelper.cpp */; };
		F4A444891E64693B001B1A83 /* JsonHelper.cpp in Sources */ = {isa = PBXBuildFile; fileRef = F4A444671E64693B001B1A83 /* JsonHelper.cpp */; };
		F4A4448A1E64693B001B1A83 /* LogHelper.cpp in Sources */ = {isa = PBXBuildFile; fileRef = F4A444681E64693B001B1A83 /* LogHelper.cpp */; };
		F4A4448B1E64693B001B1A83 /* PythonScript.cpp in Sources */ = {isa = PBXBuildFile; fileRef = F4A444691E64693B001B1A83 /* PythonScript.cpp */; };
		F4A4448C1E64693B001B1A83 /* SDLWrap.cpp in Sources */ = {isa = PBXBuildFile; fileRef = F4A4446A1E64693B001B1A83 /* SDLWrap.cpp */; };
		F4A4448D1E64693B001B1A83 /* XmlHelper.cpp in Sources */ = {isa = PBXBuildFile; fileRef = F4A4446B1E64693B001B1A83 /* XmlHelper.cpp */; };
		F4A4448F1E646949001B1A83 /* ESmoothRotateAnimation.hpp in Headers */ = {isa = PBXBuildFile; fileRef = F4A4448E1E646949001B1A83 /* ESmoothRotateAnimation.hpp */; };
		FA8B4B97196703B400F8EB7C /* CoreMotion.framework in Frameworks */ = {isa = PBXBuildFile; fileRef = FA8B4B96196703B400F8EB7C /* CoreMotion.framework */; };
		FAE0E9651BAF967F0098DFA4 /* GameController.framework in Frameworks */ = {isa = PBXBuildFile; fileRef = FAE0E9641BAF967F0098DFA4 /* GameController.framework */; };
		FD779EDE0E26BA1200F39101 /* CoreAudio.framework in Frameworks */ = {isa = PBXBuildFile; fileRef = FD779EDD0E26BA1200F39101 /* CoreAudio.framework */; };
		FD77A0850E26BDB800F39101 /* AudioToolbox.framework in Frameworks */ = {isa = PBXBuildFile; fileRef = FD77A0840E26BDB800F39101 /* AudioToolbox.framework */; };
		FDB8BFC60E5A0F6A00980157 /* CoreGraphics.framework in Frameworks */ = {isa = PBXBuildFile; fileRef = FDB8BFC50E5A0F6A00980157 /* CoreGraphics.framework */; };
/* End PBXBuildFile section */

/* Begin PBXFileReference section */
		1D30AB110D05D00D00671497 /* Foundation.framework */ = {isa = PBXFileReference; lastKnownFileType = wrapper.framework; name = Foundation.framework; path = System/Library/Frameworks/Foundation.framework; sourceTree = SDKROOT; };
		1D6058910D05DD3D006BFB54 /* story-project.app */ = {isa = PBXFileReference; explicitFileType = wrapper.application; includeInIndex = 0; path = "story-project.app"; sourceTree = BUILT_PRODUCTS_DIR; };
		1DF5F4DF0D08C38300B7A737 /* UIKit.framework */ = {isa = PBXFileReference; lastKnownFileType = wrapper.framework; name = UIKit.framework; path = System/Library/Frameworks/UIKit.framework; sourceTree = SDKROOT; };
		28FD14FF0DC6FC520079059D /* OpenGLES.framework */ = {isa = PBXFileReference; lastKnownFileType = wrapper.framework; name = OpenGLES.framework; path = System/Library/Frameworks/OpenGLES.framework; sourceTree = SDKROOT; };
		28FD15070DC6FC5B0079059D /* QuartzCore.framework */ = {isa = PBXFileReference; lastKnownFileType = wrapper.framework; name = QuartzCore.framework; path = System/Library/Frameworks/QuartzCore.framework; sourceTree = SDKROOT; };
		8D1107310486CEB800E47090 /* Info.plist */ = {isa = PBXFileReference; fileEncoding = 4; lastKnownFileType = text.plist.xml; path = Info.plist; sourceTree = "<group>"; };
		F42169AE1D05593A00C50450 /* BerryGarden.png */ = {isa = PBXFileReference; lastKnownFileType = image.png; name = BerryGarden.png; path = ../../res/BerryGarden.png; sourceTree = "<group>"; };
		F42169AF1D05593A00C50450 /* bg-black.png */ = {isa = PBXFileReference; lastKnownFileType = image.png; name = "bg-black.png"; path = "../../res/bg-black.png"; sourceTree = "<group>"; };
		F42169B01D05593A00C50450 /* FreeSans.ttf */ = {isa = PBXFileReference; lastKnownFileType = file; name = FreeSans.ttf; path = ../../res/FreeSans.ttf; sourceTree = "<group>"; };
		F42169B11D05593A00C50450 /* grid-base.png */ = {isa = PBXFileReference; lastKnownFileType = image.png; name = "grid-base.png"; path = "../../res/grid-base.png"; sourceTree = "<group>"; };
		F42169B31D05593A00C50450 /* japanvillage.jpg */ = {isa = PBXFileReference; lastKnownFileType = image.jpeg; name = japanvillage.jpg; path = ../../res/japanvillage.jpg; sourceTree = "<group>"; };
		F42169B41D05593A00C50450 /* moderngirl02.png */ = {isa = PBXFileReference; lastKnownFileType = image.png; name = moderngirl02.png; path = ../../res/moderngirl02.png; sourceTree = "<group>"; };
		F42169B51D05593A00C50450 /* moderngirl02x2.png */ = {isa = PBXFileReference; lastKnownFileType = image.png; name = moderngirl02x2.png; path = ../../res/moderngirl02x2.png; sourceTree = "<group>"; };
		F42169B61D05593A00C50450 /* sample_scene.xml */ = {isa = PBXFileReference; fileEncoding = 4; lastKnownFileType = text.xml; name = sample_scene.xml; path = ../../res/sample_scene.xml; sourceTree = "<group>"; };
		F42169B71D05593A00C50450 /* sample_scene2.xml */ = {isa = PBXFileReference; fileEncoding = 4; lastKnownFileType = text.xml; name = sample_scene2.xml; path = ../../res/sample_scene2.xml; sourceTree = "<group>"; };
		F43DB9D91C78B41700BE5C9A /* CoreImage.framework */ = {isa = PBXFileReference; lastKnownFileType = wrapper.framework; name = CoreImage.framework; path = System/Library/Frameworks/CoreImage.framework; sourceTree = SDKROOT; };
		F43DB9DB1C78B44800BE5C9A /* ImageIO.framework */ = {isa = PBXFileReference; lastKnownFileType = wrapper.framework; name = ImageIO.framework; path = System/Library/Frameworks/ImageIO.framework; sourceTree = SDKROOT; };
		F43DB9DD1C78B51300BE5C9A /* AVKit.framework */ = {isa = PBXFileReference; lastKnownFileType = wrapper.framework; name = AVKit.framework; path = System/Library/Frameworks/AVKit.framework; sourceTree = SDKROOT; };
		F43DB9DF1C78B59400BE5C9A /* MobileCoreServices.framework */ = {isa = PBXFileReference; lastKnownFileType = wrapper.framework; name = MobileCoreServices.framework; path = System/Library/Frameworks/MobileCoreServices.framework; sourceTree = SDKROOT; };
		F43DB9E11C78B60300BE5C9A /* Launch Screen.storyboard */ = {isa = PBXFileReference; fileEncoding = 4; lastKnownFileType = file.storyboard; path = "Launch Screen.storyboard"; sourceTree = "<group>"; };
		F444ED661E6272D100C14B4E /* libg3logger.a */ = {isa = PBXFileReference; lastKnownFileType = archive.ar; name = libg3logger.a; path = ../../external/built/lib/ios/libg3logger.a; sourceTree = "<group>"; };
		F444ED671E6272D100C14B4E /* libgtest.a */ = {isa = PBXFileReference; lastKnownFileType = archive.ar; name = libgtest.a; path = ../../external/built/lib/ios/libgtest.a; sourceTree = "<group>"; };
		F444ED681E6272D100C14B4E /* libprotobuf.a */ = {isa = PBXFileReference; lastKnownFileType = archive.ar; name = libprotobuf.a; path = ../../external/built/lib/ios/libprotobuf.a; sourceTree = "<group>"; };
		F444ED691E6272D100C14B4E /* libpugixml.a */ = {isa = PBXFileReference; lastKnownFileType = archive.ar; name = libpugixml.a; path = ../../external/built/lib/ios/libpugixml.a; sourceTree = "<group>"; };
		F444ED6A1E6272D100C14B4E /* libSDL2_gfx.a */ = {isa = PBXFileReference; lastKnownFileType = archive.ar; name = libSDL2_gfx.a; path = ../../external/built/lib/ios/libSDL2_gfx.a; sourceTree = "<group>"; };
		F444ED6B1E6272D100C14B4E /* libSDL2_image.a */ = {isa = PBXFileReference; lastKnownFileType = archive.ar; name = libSDL2_image.a; path = ../../external/built/lib/ios/libSDL2_image.a; sourceTree = "<group>"; };
		F444ED6C1E6272D100C14B4E /* libSDL2_ttf.a */ = {isa = PBXFileReference; lastKnownFileType = archive.ar; name = libSDL2_ttf.a; path = ../../external/built/lib/ios/libSDL2_ttf.a; sourceTree = "<group>"; };
		F444ED6D1E6272D100C14B4E /* libSDL2.a */ = {isa = PBXFileReference; lastKnownFileType = archive.ar; name = libSDL2.a; path = ../../external/built/lib/ios/libSDL2.a; sourceTree = "<group>"; };
		F444ED6E1E6272D100C14B4E /* libzmq-static.a */ = {isa = PBXFileReference; lastKnownFileType = archive.ar; name = "libzmq-static.a"; path = "../../external/built/lib/ios/libzmq-static.a"; sourceTree = "<group>"; };
		F444ED8A1E62738500C14B4E /* src */ = {isa = PBXFileReference; lastKnownFileType = folder; name = src; path = "/Users/ariens/source/story-project/src"; sourceTree = "<absolute>"; };
		F444ED901E627A3200C14B4E /* CoreAudioKit.framework */ = {isa = PBXFileReference; lastKnownFileType = wrapper.framework; name = CoreAudioKit.framework; path = System/Library/Frameworks/CoreAudioKit.framework; sourceTree = SDKROOT; };
		F444ED921E627A6600C14B4E /* Metal.framework */ = {isa = PBXFileReference; lastKnownFileType = wrapper.framework; name = Metal.framework; path = System/Library/Frameworks/Metal.framework; sourceTree = SDKROOT; };
		F444ED941E627A7000C14B4E /* MetalKit.framework */ = {isa = PBXFileReference; lastKnownFileType = wrapper.framework; name = MetalKit.framework; path = System/Library/Frameworks/MetalKit.framework; sourceTree = SDKROOT; };
		F444ED9F1E6286C100C14B4E /* AVFoundation.framework */ = {isa = PBXFileReference; lastKnownFileType = wrapper.framework; name = AVFoundation.framework; path = System/Library/Frameworks/AVFoundation.framework; sourceTree = SDKROOT; };
		F4468A051D96392A003AB89B /* Images-2.xcassets */ = {isa = PBXFileReference; lastKnownFileType = folder.assetcatalog; name = "Images-2.xcassets"; path = "___PROJECTNAME___/Images-2.xcassets"; sourceTree = "<group>"; };
		F45B1CA91E62D8EB003C10E2 /* Ecore.hpp */ = {isa = PBXFileReference; fileEncoding = 4; lastKnownFileType = sourcecode.cpp.h; path = Ecore.hpp; sourceTree = "<group>"; };
		F45B1CAA1E62D8EB003C10E2 /* ESceneManager.hpp */ = {isa = PBXFileReference; fileEncoding = 4; lastKnownFileType = sourcecode.cpp.h; path = ESceneManager.hpp; sourceTree = "<group>"; };
		F45B1CAB1E62D8EB003C10E2 /* EScreenManager.hpp */ = {isa = PBXFileReference; fileEncoding = 4; lastKnownFileType = sourcecode.cpp.h; path = EScreenManager.hpp; sourceTree = "<group>"; };
		F45B1CAD1E62D8EB003C10E2 /* EDbgOverlayScene.hpp */ = {isa = PBXFileReference; fileEncoding = 4; lastKnownFileType = sourcecode.cpp.h; path = EDbgOverlayScene.hpp; sourceTree = "<group>"; };
		F45B1CAE1E62D8EB003C10E2 /* EImageResource.hpp */ = {isa = PBXFileReference; fileEncoding = 4; lastKnownFileType = sourcecode.cpp.h; path = EImageResource.hpp; sourceTree = "<group>"; };
		F45B1CAF1E62D8EB003C10E2 /* EResourceFactory.hpp */ = {isa = PBXFileReference; fileEncoding = 4; lastKnownFileType = sourcecode.cpp.h; path = EResourceFactory.hpp; sourceTree = "<group>"; };
		F45B1CB01E62D8EB003C10E2 /* EResourceLoaderInterface.hpp */ = {isa = PBXFileReference; fileEncoding = 4; lastKnownFileType = sourcecode.cpp.h; path = EResourceLoaderInterface.hpp; sourceTree = "<group>"; };
		F45B1CB11E62D8EB003C10E2 /* EResourceManager.hpp */ = {isa = PBXFileReference; fileEncoding = 4; lastKnownFileType = sourcecode.cpp.h; path = EResourceManager.hpp; sourceTree = "<group>"; };
		F45B1CB21E62D8EB003C10E2 /* ERPGScene.hpp */ = {isa = PBXFileReference; fileEncoding = 4; lastKnownFileType = sourcecode.cpp.h; path = ERPGScene.hpp; sourceTree = "<group>"; };
		F45B1CB31E62D8EB003C10E2 /* EScene.hpp */ = {isa = PBXFileReference; fileEncoding = 4; lastKnownFileType = sourcecode.cpp.h; path = EScene.hpp; sourceTree = "<group>"; };
		F45B1CB41E62D8EB003C10E2 /* ESceneDesc.hpp */ = {isa = PBXFileReference; fileEncoding = 4; lastKnownFileType = sourcecode.cpp.h; path = ESceneDesc.hpp; sourceTree = "<group>"; };
		F45B1CB51E62D8EB003C10E2 /* ESpriteType.hpp */ = {isa = PBXFileReference; fileEncoding = 4; lastKnownFileType = sourcecode.cpp.h; path = ESpriteType.hpp; sourceTree = "<group>"; };
		F45B1CB61E62D8EB003C10E2 /* EVisualNovelScene.hpp */ = {isa = PBXFileReference; fileEncoding = 4; lastKnownFileType = sourcecode.cpp.h; path = EVisualNovelScene.hpp; sourceTree = "<group>"; };
		F45B1CB71E62D8EB003C10E2 /* XMLResourceLoader.hpp */ = {isa = PBXFileReference; fileEncoding = 4; lastKnownFileType = sourcecode.cpp.h; path = XMLResourceLoader.hpp; sourceTree = "<group>"; };
		F45B1CB91E62D8EB003C10E2 /* SpLogHelper.hpp */ = {isa = PBXFileReference; fileEncoding = 4; lastKnownFileType = sourcecode.cpp.h; path = SpLogHelper.hpp; sourceTree = "<group>"; };
		F45B1CBB1E62D8EB003C10E2 /* EAccelAnimation.hpp */ = {isa = PBXFileReference; fileEncoding = 4; lastKnownFileType = sourcecode.cpp.h; path = EAccelAnimation.hpp; sourceTree = "<group>"; };
		F45B1CBC1E62D8EB003C10E2 /* EAnimation.hpp */ = {isa = PBXFileReference; fileEncoding = 4; lastKnownFileType = sourcecode.cpp.h; path = EAnimation.hpp; sourceTree = "<group>"; };
		F45B1CBD1E62D8EB003C10E2 /* EDrawable.hpp */ = {isa = PBXFileReference; fileEncoding = 4; lastKnownFileType = sourcecode.cpp.h; path = EDrawable.hpp; sourceTree = "<group>"; };
		F45B1CBE1E62D8EB003C10E2 /* EFigure.hpp */ = {isa = PBXFileReference; fileEncoding = 4; lastKnownFileType = sourcecode.cpp.h; path = EFigure.hpp; sourceTree = "<group>"; };
		F45B1CBF1E62D8EB003C10E2 /* EGridMapTexture.hpp */ = {isa = PBXFileReference; fileEncoding = 4; lastKnownFileType = sourcecode.cpp.h; path = EGridMapTexture.hpp; sourceTree = "<group>"; };
		F45B1CC01E62D8EB003C10E2 /* EGridMoveAnimation.hpp */ = {isa = PBXFileReference; fileEncoding = 4; lastKnownFileType = sourcecode.cpp.h; path = EGridMoveAnimation.hpp; sourceTree = "<group>"; };
		F45B1CC11E62D8EB003C10E2 /* EImageTexture.hpp */ = {isa = PBXFileReference; fileEncoding = 4; lastKnownFileType = sourcecode.cpp.h; path = EImageTexture.hpp; sourceTree = "<group>"; };
		F45B1CC21E62D8EB003C10E2 /* ESmoothStepAnimation.hpp */ = {isa = PBXFileReference; fileEncoding = 4; lastKnownFileType = sourcecode.cpp.h; path = ESmoothStepAnimation.hpp; sourceTree = "<group>"; };
		F45B1CC31E62D8EB003C10E2 /* ESprite.hpp */ = {isa = PBXFileReference; fileEncoding = 4; lastKnownFileType = sourcecode.cpp.h; path = ESprite.hpp; sourceTree = "<group>"; };
		F45B1CC41E62D8EB003C10E2 /* ETextTexture.hpp */ = {isa = PBXFileReference; fileEncoding = 4; lastKnownFileType = sourcecode.cpp.h; path = ETextTexture.hpp; sourceTree = "<group>"; };
		F45B1CC51E62D8EB003C10E2 /* GraphicObject.hpp */ = {isa = PBXFileReference; fileEncoding = 4; lastKnownFileType = sourcecode.cpp.h; path = GraphicObject.hpp; sourceTree = "<group>"; };
		F45B1CC71E62D8EB003C10E2 /* IPCHelper.hpp */ = {isa = PBXFileReference; fileEncoding = 4; lastKnownFileType = sourcecode.cpp.h; path = IPCHelper.hpp; sourceTree = "<group>"; };
		F45B1CC81E62D8EB003C10E2 /* JsonHelper.hpp */ = {isa = PBXFileReference; fileEncoding = 4; lastKnownFileType = sourcecode.cpp.h; path = JsonHelper.hpp; sourceTree = "<group>"; };
		F45B1CC91E62D8EB003C10E2 /* LogHelper.hpp */ = {isa = PBXFileReference; fileEncoding = 4; lastKnownFileType = sourcecode.cpp.h; path = LogHelper.hpp; sourceTree = "<group>"; };
		F45B1CCA1E62D8EB003C10E2 /* PythonScript.hpp */ = {isa = PBXFileReference; fileEncoding = 4; lastKnownFileType = sourcecode.cpp.h; path = PythonScript.hpp; sourceTree = "<group>"; };
		F45B1CCB1E62D8EB003C10E2 /* SDLWrap.hpp */ = {isa = PBXFileReference; fileEncoding = 4; lastKnownFileType = sourcecode.cpp.h; path = SDLWrap.hpp; sourceTree = "<group>"; };
		F45B1CCC1E62D8EB003C10E2 /* XmlHelper.hpp */ = {isa = PBXFileReference; fileEncoding = 4; lastKnownFileType = sourcecode.cpp.h; path = XmlHelper.hpp; sourceTree = "<group>"; };
		F486175F1D96C44F008641CB /* gom-sprite.png */ = {isa = PBXFileReference; lastKnownFileType = image.png; name = "gom-sprite.png"; path = "../../res/gom-sprite.png"; sourceTree = "<group>"; };
		F48617611D96C691008641CB /* JapaneseVillage.png */ = {isa = PBXFileReference; lastKnownFileType = image.png; name = JapaneseVillage.png; path = ../../res/JapaneseVillage.png; sourceTree = "<group>"; };
		F4A37F3E1D8D929400186118 /* f069.png */ = {isa = PBXFileReference; lastKnownFileType = image.png; name = f069.png; path = ../../res/f069.png; sourceTree = "<group>"; };
		F4A37F3F1D8D929400186118 /* f071.png */ = {isa = PBXFileReference; lastKnownFileType = image.png; name = f071.png; path = ../../res/f071.png; sourceTree = "<group>"; };
		F4A37F401D8D929400186118 /* gom-002.png */ = {isa = PBXFileReference; lastKnownFileType = image.png; name = "gom-002.png"; path = "../../res/gom-002.png"; sourceTree = "<group>"; };
		F4A37F411D8D929400186118 /* gom-003.png */ = {isa = PBXFileReference; lastKnownFileType = image.png; name = "gom-003.png"; path = "../../res/gom-003.png"; sourceTree = "<group>"; };
		F4A37F421D8D929400186118 /* gom-004.png */ = {isa = PBXFileReference; lastKnownFileType = image.png; name = "gom-004.png"; path = "../../res/gom-004.png"; sourceTree = "<group>"; };
		F4A37F431D8D929400186118 /* JewelSaviorFREE-readme.txt */ = {isa = PBXFileReference; fileEncoding = 4; lastKnownFileType = text; name = "JewelSaviorFREE-readme.txt"; path = "../../res/JewelSaviorFREE-readme.txt"; sourceTree = "<group>"; };
		F4A37F441D8D929400186118 /* NanumBarunpenR.ttf */ = {isa = PBXFileReference; lastKnownFileType = file; name = NanumBarunpenR.ttf; path = ../../res/NanumBarunpenR.ttf; sourceTree = "<group>"; };
		F4A37F451D8D929400186118 /* NanumGothic.ttf */ = {isa = PBXFileReference; lastKnownFileType = file; name = NanumGothic.ttf; path = ../../res/NanumGothic.ttf; sourceTree = "<group>"; };
		F4A37F471D8D929400186118 /* __init__.py */ = {isa = PBXFileReference; fileEncoding = 4; lastKnownFileType = text.script.python; path = __init__.py; sourceTree = "<group>"; };
		F4A37F481D8D929400186118 /* __init__.pyc */ = {isa = PBXFileReference; lastKnownFileType = file; path = __init__.pyc; sourceTree = "<group>"; };
		F4A37F491D8D929400186118 /* py_test.py */ = {isa = PBXFileReference; fileEncoding = 4; lastKnownFileType = text.script.python; path = py_test.py; sourceTree = "<group>"; };
		F4A37F551D8D94D800186118 /* jsoncpp.cpp */ = {isa = PBXFileReference; fileEncoding = 4; lastKnownFileType = sourcecode.cpp.cpp; name = jsoncpp.cpp; path = ../../external/sources/jsoncpp/dist/jsoncpp.cpp; sourceTree = "<group>"; };
		F4A37F571D8D94EB00186118 /* pugixml.cpp */ = {isa = PBXFileReference; fileEncoding = 4; lastKnownFileType = sourcecode.cpp.cpp; name = pugixml.cpp; path = ../../external/sources/pugixml/src/pugixml.cpp; sourceTree = "<group>"; };
		F4A37F591D8D94F900186118 /* ipc.pb.cc */ = {isa = PBXFileReference; fileEncoding = 4; lastKnownFileType = sourcecode.cpp.cpp; name = ipc.pb.cc; path = ../../scripting/ipc.pb.cc; sourceTree = "<group>"; };
		F4A444461E64693B001B1A83 /* Ecore.cpp */ = {isa = PBXFileReference; fileEncoding = 4; lastKnownFileType = sourcecode.cpp.cpp; path = Ecore.cpp; sourceTree = "<group>"; };
		F4A444471E64693B001B1A83 /* ESceneManager.cpp */ = {isa = PBXFileReference; fileEncoding = 4; lastKnownFileType = sourcecode.cpp.cpp; path = ESceneManager.cpp; sourceTree = "<group>"; };
		F4A444481E64693B001B1A83 /* EScreenManager.cpp */ = {isa = PBXFileReference; fileEncoding = 4; lastKnownFileType = sourcecode.cpp.cpp; path = EScreenManager.cpp; sourceTree = "<group>"; };
		F4A444491E64693B001B1A83 /* main.cpp */ = {isa = PBXFileReference; fileEncoding = 4; lastKnownFileType = sourcecode.cpp.cpp; path = main.cpp; sourceTree = "<group>"; };
		F4A4444B1E64693B001B1A83 /* EDbgOverlayScene.cpp */ = {isa = PBXFileReference; fileEncoding = 4; lastKnownFileType = sourcecode.cpp.cpp; path = EDbgOverlayScene.cpp; sourceTree = "<group>"; };
		F4A4444C1E64693B001B1A83 /* EImageResource.cpp */ = {isa = PBXFileReference; fileEncoding = 4; lastKnownFileType = sourcecode.cpp.cpp; path = EImageResource.cpp; sourceTree = "<group>"; };
		F4A4444D1E64693B001B1A83 /* EResourceFactory.cpp */ = {isa = PBXFileReference; fileEncoding = 4; lastKnownFileType = sourcecode.cpp.cpp; path = EResourceFactory.cpp; sourceTree = "<group>"; };
		F4A4444E1E64693B001B1A83 /* EResourceLoaderInterface.cpp */ = {isa = PBXFileReference; fileEncoding = 4; lastKnownFileType = sourcecode.cpp.cpp; path = EResourceLoaderInterface.cpp; sourceTree = "<group>"; };
		F4A4444F1E64693B001B1A83 /* EResourceManager.cpp */ = {isa = PBXFileReference; fileEncoding = 4; lastKnownFileType = sourcecode.cpp.cpp; path = EResourceManager.cpp; sourceTree = "<group>"; };
		F4A444501E64693B001B1A83 /* ERPGScene.cpp */ = {isa = PBXFileReference; fileEncoding = 4; lastKnownFileType = sourcecode.cpp.cpp; path = ERPGScene.cpp; sourceTree = "<group>"; };
		F4A444511E64693B001B1A83 /* EScene.cpp */ = {isa = PBXFileReference; fileEncoding = 4; lastKnownFileType = sourcecode.cpp.cpp; path = EScene.cpp; sourceTree = "<group>"; };
		F4A444521E64693B001B1A83 /* ESceneDesc.cpp */ = {isa = PBXFileReference; fileEncoding = 4; lastKnownFileType = sourcecode.cpp.cpp; path = ESceneDesc.cpp; sourceTree = "<group>"; };
		F4A444531E64693B001B1A83 /* ESpriteType.cpp */ = {isa = PBXFileReference; fileEncoding = 4; lastKnownFileType = sourcecode.cpp.cpp; path = ESpriteType.cpp; sourceTree = "<group>"; };
		F4A444541E64693B001B1A83 /* EVisualNovelScene.cpp */ = {isa = PBXFileReference; fileEncoding = 4; lastKnownFileType = sourcecode.cpp.cpp; path = EVisualNovelScene.cpp; sourceTree = "<group>"; };
		F4A444551E64693B001B1A83 /* XMLResourceLoader.cpp */ = {isa = PBXFileReference; fileEncoding = 4; lastKnownFileType = sourcecode.cpp.cpp; path = XMLResourceLoader.cpp; sourceTree = "<group>"; };
		F4A444571E64693B001B1A83 /* SpLogHelper.cpp */ = {isa = PBXFileReference; fileEncoding = 4; lastKnownFileType = sourcecode.cpp.cpp; path = SpLogHelper.cpp; sourceTree = "<group>"; };
		F4A444591E64693B001B1A83 /* EAccelAnimation.cpp */ = {isa = PBXFileReference; fileEncoding = 4; lastKnownFileType = sourcecode.cpp.cpp; path = EAccelAnimation.cpp; sourceTree = "<group>"; };
		F4A4445A1E64693B001B1A83 /* EAnimation.cpp */ = {isa = PBXFileReference; fileEncoding = 4; lastKnownFileType = sourcecode.cpp.cpp; path = EAnimation.cpp; sourceTree = "<group>"; };
		F4A4445B1E64693B001B1A83 /* EDrawable.cpp */ = {isa = PBXFileReference; fileEncoding = 4; lastKnownFileType = sourcecode.cpp.cpp; path = EDrawable.cpp; sourceTree = "<group>"; };
		F4A4445C1E64693B001B1A83 /* EFigure.cpp */ = {isa = PBXFileReference; fileEncoding = 4; lastKnownFileType = sourcecode.cpp.cpp; path = EFigure.cpp; sourceTree = "<group>"; };
		F4A4445D1E64693B001B1A83 /* EGridMapTexture.cpp */ = {isa = PBXFileReference; fileEncoding = 4; lastKnownFileType = sourcecode.cpp.cpp; path = EGridMapTexture.cpp; sourceTree = "<group>"; };
		F4A4445E1E64693B001B1A83 /* EGridMoveAnimation.cpp */ = {isa = PBXFileReference; fileEncoding = 4; lastKnownFileType = sourcecode.cpp.cpp; path = EGridMoveAnimation.cpp; sourceTree = "<group>"; };
		F4A4445F1E64693B001B1A83 /* EImageTexture.cpp */ = {isa = PBXFileReference; fileEncoding = 4; lastKnownFileType = sourcecode.cpp.cpp; path = EImageTexture.cpp; sourceTree = "<group>"; };
		F4A444601E64693B001B1A83 /* ESmoothRotateAnimation.cpp */ = {isa = PBXFileReference; fileEncoding = 4; lastKnownFileType = sourcecode.cpp.cpp; path = ESmoothRotateAnimation.cpp; sourceTree = "<group>"; };
		F4A444611E64693B001B1A83 /* ESmoothStepAnimation.cpp */ = {isa = PBXFileReference; fileEncoding = 4; lastKnownFileType = sourcecode.cpp.cpp; path = ESmoothStepAnimation.cpp; sourceTree = "<group>"; };
		F4A444621E64693B001B1A83 /* ESprite.cpp */ = {isa = PBXFileReference; fileEncoding = 4; lastKnownFileType = sourcecode.cpp.cpp; path = ESprite.cpp; sourceTree = "<group>"; };
		F4A444631E64693B001B1A83 /* ETextTexture.cpp */ = {isa = PBXFileReference; fileEncoding = 4; lastKnownFileType = sourcecode.cpp.cpp; path = ETextTexture.cpp; sourceTree = "<group>"; };
		F4A444641E64693B001B1A83 /* GraphicObject.cpp */ = {isa = PBXFileReference; fileEncoding = 4; lastKnownFileType = sourcecode.cpp.cpp; path = GraphicObject.cpp; sourceTree = "<group>"; };
		F4A444661E64693B001B1A83 /* IPCHelper.cpp */ = {isa = PBXFileReference; fileEncoding = 4; lastKnownFileType = sourcecode.cpp.cpp; path = IPCHelper.cpp; sourceTree = "<group>"; };
		F4A444671E64693B001B1A83 /* JsonHelper.cpp */ = {isa = PBXFileReference; fileEncoding = 4; lastKnownFileType = sourcecode.cpp.cpp; path = JsonHelper.cpp; sourceTree = "<group>"; };
		F4A444681E64693B001B1A83 /* LogHelper.cpp */ = {isa = PBXFileReference; fileEncoding = 4; lastKnownFileType = sourcecode.cpp.cpp; path = LogHelper.cpp; sourceTree = "<group>"; };
		F4A444691E64693B001B1A83 /* PythonScript.cpp */ = {isa = PBXFileReference; fileEncoding = 4; lastKnownFileType = sourcecode.cpp.cpp; path = PythonScript.cpp; sourceTree = "<group>"; };
		F4A4446A1E64693B001B1A83 /* SDLWrap.cpp */ = {isa = PBXFileReference; fileEncoding = 4; lastKnownFileType = sourcecode.cpp.cpp; path = SDLWrap.cpp; sourceTree = "<group>"; };
		F4A4446B1E64693B001B1A83 /* XmlHelper.cpp */ = {isa = PBXFileReference; fileEncoding = 4; lastKnownFileType = sourcecode.cpp.cpp; path = XmlHelper.cpp; sourceTree = "<group>"; };
		F4A4448E1E646949001B1A83 /* ESmoothRotateAnimation.hpp */ = {isa = PBXFileReference; fileEncoding = 4; lastKnownFileType = sourcecode.cpp.h; path = ESmoothRotateAnimation.hpp; sourceTree = "<group>"; };
		FA8B4B96196703B400F8EB7C /* CoreMotion.framework */ = {isa = PBXFileReference; lastKnownFileType = wrapper.framework; name = CoreMotion.framework; path = System/Library/Frameworks/CoreMotion.framework; sourceTree = SDKROOT; };
		FAE0E9641BAF967F0098DFA4 /* GameController.framework */ = {isa = PBXFileReference; lastKnownFileType = wrapper.framework; name = GameController.framework; path = System/Library/Frameworks/GameController.framework; sourceTree = SDKROOT; };
		FD779EDD0E26BA1200F39101 /* CoreAudio.framework */ = {isa = PBXFileReference; lastKnownFileType = wrapper.framework; name = CoreAudio.framework; path = System/Library/Frameworks/CoreAudio.framework; sourceTree = SDKROOT; };
		FD77A0840E26BDB800F39101 /* AudioToolbox.framework */ = {isa = PBXFileReference; lastKnownFileType = wrapper.framework; name = AudioToolbox.framework; path = System/Library/Frameworks/AudioToolbox.framework; sourceTree = SDKROOT; };
		FDB8BFC50E5A0F6A00980157 /* CoreGraphics.framework */ = {isa = PBXFileReference; lastKnownFileType = wrapper.framework; name = CoreGraphics.framework; path = System/Library/Frameworks/CoreGraphics.framework; sourceTree = SDKROOT; };
/* End PBXFileReference section */

/* Begin PBXFrameworksBuildPhase section */
		1D60588F0D05DD3D006BFB54 /* Frameworks */ = {
			isa = PBXFrameworksBuildPhase;
			buildActionMask = 2147483647;
			files = (
				F45B1D361E62E1AA003C10E2 /* libzmq-static.a in Frameworks */,
				F45B1D341E62DBEF003C10E2 /* libSDL2.a in Frameworks */,
				F444ED961E6286B700C14B4E /* libg3logger.a in Frameworks */,
				F444ED971E6286B700C14B4E /* libgtest.a in Frameworks */,
				F444ED981E6286B700C14B4E /* libprotobuf.a in Frameworks */,
				F444ED991E6286B700C14B4E /* libpugixml.a in Frameworks */,
				F444ED9A1E6286B700C14B4E /* libSDL2_gfx.a in Frameworks */,
				F444ED9B1E6286B700C14B4E /* libSDL2_image.a in Frameworks */,
				F444ED9C1E6286B700C14B4E /* libSDL2_ttf.a in Frameworks */,
				F444EDA01E6286C100C14B4E /* AVFoundation.framework in Frameworks */,
				FAE0E9651BAF967F0098DFA4 /* GameController.framework in Frameworks */,
				FA8B4B97196703B400F8EB7C /* CoreMotion.framework in Frameworks */,
				FD779EDE0E26BA1200F39101 /* CoreAudio.framework in Frameworks */,
				FD77A0850E26BDB800F39101 /* AudioToolbox.framework in Frameworks */,
				1D60589F0D05DD5A006BFB54 /* Foundation.framework in Frameworks */,
				1DF5F4E00D08C38300B7A737 /* UIKit.framework in Frameworks */,
				FDB8BFC60E5A0F6A00980157 /* CoreGraphics.framework in Frameworks */,
				28FD15000DC6FC520079059D /* OpenGLES.framework in Frameworks */,
				28FD15080DC6FC5B0079059D /* QuartzCore.framework in Frameworks */,
				F43DB9DC1C78B44800BE5C9A /* ImageIO.framework in Frameworks */,
				F45B1D351E62DC4E003C10E2 /* MobileCoreServices.framework in Frameworks */,
			);
			runOnlyForDeploymentPostprocessing = 0;
		};
/* End PBXFrameworksBuildPhase section */

/* Begin PBXGroup section */
		19C28FACFE9D520D11CA2CBB /* Products */ = {
			isa = PBXGroup;
			children = (
				1D6058910D05DD3D006BFB54 /* story-project.app */,
			);
			name = Products;
			sourceTree = "<group>";
		};
		29B97314FDCFA39411CA2CEA /* CustomTemplate */ = {
			isa = PBXGroup;
			children = (
				F45B1CED1E62D8F8003C10E2 /* src */,
				F45B1CA81E62D8EB003C10E2 /* include */,
				F4A37F591D8D94F900186118 /* ipc.pb.cc */,
				F4A37F571D8D94EB00186118 /* pugixml.cpp */,
				F4A37F551D8D94D800186118 /* jsoncpp.cpp */,
				29B97317FDCFA39411CA2CEA /* Resources */,
				29B97323FDCFA39411CA2CEA /* Frameworks */,
				19C28FACFE9D520D11CA2CBB /* Products */,
			);
			name = CustomTemplate;
			sourceTree = "<group>";
		};
		29B97317FDCFA39411CA2CEA /* Resources */ = {
			isa = PBXGroup;
			children = (
				F48617611D96C691008641CB /* JapaneseVillage.png */,
				F486175F1D96C44F008641CB /* gom-sprite.png */,
				F4468A051D96392A003AB89B /* Images-2.xcassets */,
				F4A37F3E1D8D929400186118 /* f069.png */,
				F4A37F3F1D8D929400186118 /* f071.png */,
				F4A37F401D8D929400186118 /* gom-002.png */,
				F4A37F411D8D929400186118 /* gom-003.png */,
				F4A37F421D8D929400186118 /* gom-004.png */,
				F4A37F431D8D929400186118 /* JewelSaviorFREE-readme.txt */,
				F4A37F441D8D929400186118 /* NanumBarunpenR.ttf */,
				F4A37F451D8D929400186118 /* NanumGothic.ttf */,
				F4A37F461D8D929400186118 /* scripts */,
				F42169AE1D05593A00C50450 /* BerryGarden.png */,
				F42169AF1D05593A00C50450 /* bg-black.png */,
				F42169B01D05593A00C50450 /* FreeSans.ttf */,
				F42169B11D05593A00C50450 /* grid-base.png */,
				F42169B31D05593A00C50450 /* japanvillage.jpg */,
				F42169B41D05593A00C50450 /* moderngirl02.png */,
				F42169B51D05593A00C50450 /* moderngirl02x2.png */,
				F42169B61D05593A00C50450 /* sample_scene.xml */,
				F42169B71D05593A00C50450 /* sample_scene2.xml */,
				F43DB9E11C78B60300BE5C9A /* Launch Screen.storyboard */,
				8D1107310486CEB800E47090 /* Info.plist */,
			);
			name = Resources;
			sourceTree = "<group>";
		};
		29B97323FDCFA39411CA2CEA /* Frameworks */ = {
			isa = PBXGroup;
			children = (
				F444ED9F1E6286C100C14B4E /* AVFoundation.framework */,
				F444ED941E627A7000C14B4E /* MetalKit.framework */,
				F444ED921E627A6600C14B4E /* Metal.framework */,
				F444ED901E627A3200C14B4E /* CoreAudioKit.framework */,
				F444ED661E6272D100C14B4E /* libg3logger.a */,
				F444ED671E6272D100C14B4E /* libgtest.a */,
				F444ED681E6272D100C14B4E /* libprotobuf.a */,
				F444ED691E6272D100C14B4E /* libpugixml.a */,
				F444ED6A1E6272D100C14B4E /* libSDL2_gfx.a */,
				F444ED6B1E6272D100C14B4E /* libSDL2_image.a */,
				F444ED6C1E6272D100C14B4E /* libSDL2_ttf.a */,
				F444ED6D1E6272D100C14B4E /* libSDL2.a */,
				F444ED6E1E6272D100C14B4E /* libzmq-static.a */,
				F43DB9DF1C78B59400BE5C9A /* MobileCoreServices.framework */,
				F43DB9DD1C78B51300BE5C9A /* AVKit.framework */,
				F43DB9DB1C78B44800BE5C9A /* ImageIO.framework */,
				F43DB9D91C78B41700BE5C9A /* CoreImage.framework */,
				FAE0E9641BAF967F0098DFA4 /* GameController.framework */,
				FA8B4B96196703B400F8EB7C /* CoreMotion.framework */,
				FDB8BFC50E5A0F6A00980157 /* CoreGraphics.framework */,
				FD77A0840E26BDB800F39101 /* AudioToolbox.framework */,
				FD779EDD0E26BA1200F39101 /* CoreAudio.framework */,
				28FD15070DC6FC5B0079059D /* QuartzCore.framework */,
				28FD14FF0DC6FC520079059D /* OpenGLES.framework */,
				1DF5F4DF0D08C38300B7A737 /* UIKit.framework */,
				1D30AB110D05D00D00671497 /* Foundation.framework */,
			);
			name = Frameworks;
			sourceTree = "<group>";
		};
		F45B1CA81E62D8EB003C10E2 /* include */ = {
			isa = PBXGroup;
			children = (
				F45B1CA91E62D8EB003C10E2 /* Ecore.hpp */,
				F45B1CAA1E62D8EB003C10E2 /* ESceneManager.hpp */,
				F45B1CAB1E62D8EB003C10E2 /* EScreenManager.hpp */,
				F45B1CAC1E62D8EB003C10E2 /* resource */,
				F45B1CB81E62D8EB003C10E2 /* scripting */,
				F45B1CBA1E62D8EB003C10E2 /* texture */,
				F45B1CC61E62D8EB003C10E2 /* util */,
			);
			name = include;
			path = ../../include;
			sourceTree = "<group>";
		};
		F45B1CAC1E62D8EB003C10E2 /* resource */ = {
			isa = PBXGroup;
			children = (
				F45B1CAD1E62D8EB003C10E2 /* EDbgOverlayScene.hpp */,
				F45B1CAE1E62D8EB003C10E2 /* EImageResource.hpp */,
				F45B1CAF1E62D8EB003C10E2 /* EResourceFactory.hpp */,
				F45B1CB01E62D8EB003C10E2 /* EResourceLoaderInterface.hpp */,
				F45B1CB11E62D8EB003C10E2 /* EResourceManager.hpp */,
				F45B1CB21E62D8EB003C10E2 /* ERPGScene.hpp */,
				F45B1CB31E62D8EB003C10E2 /* EScene.hpp */,
				F45B1CB41E62D8EB003C10E2 /* ESceneDesc.hpp */,
				F45B1CB51E62D8EB003C10E2 /* ESpriteType.hpp */,
				F45B1CB61E62D8EB003C10E2 /* EVisualNovelScene.hpp */,
				F45B1CB71E62D8EB003C10E2 /* XMLResourceLoader.hpp */,
			);
			path = resource;
			sourceTree = "<group>";
		};
		F45B1CB81E62D8EB003C10E2 /* scripting */ = {
			isa = PBXGroup;
			children = (
				F45B1CB91E62D8EB003C10E2 /* SpLogHelper.hpp */,
			);
			path = scripting;
			sourceTree = "<group>";
		};
		F45B1CBA1E62D8EB003C10E2 /* texture */ = {
			isa = PBXGroup;
			children = (
				F4A4448E1E646949001B1A83 /* ESmoothRotateAnimation.hpp */,
				F45B1CBB1E62D8EB003C10E2 /* EAccelAnimation.hpp */,
				F45B1CBC1E62D8EB003C10E2 /* EAnimation.hpp */,
				F45B1CBD1E62D8EB003C10E2 /* EDrawable.hpp */,
				F45B1CBE1E62D8EB003C10E2 /* EFigure.hpp */,
				F45B1CBF1E62D8EB003C10E2 /* EGridMapTexture.hpp */,
				F45B1CC01E62D8EB003C10E2 /* EGridMoveAnimation.hpp */,
				F45B1CC11E62D8EB003C10E2 /* EImageTexture.hpp */,
				F45B1CC21E62D8EB003C10E2 /* ESmoothStepAnimation.hpp */,
				F45B1CC31E62D8EB003C10E2 /* ESprite.hpp */,
				F45B1CC41E62D8EB003C10E2 /* ETextTexture.hpp */,
				F45B1CC51E62D8EB003C10E2 /* GraphicObject.hpp */,
			);
			path = texture;
			sourceTree = "<group>";
		};
		F45B1CC61E62D8EB003C10E2 /* util */ = {
			isa = PBXGroup;
			children = (
				F45B1CC71E62D8EB003C10E2 /* IPCHelper.hpp */,
				F45B1CC81E62D8EB003C10E2 /* JsonHelper.hpp */,
				F45B1CC91E62D8EB003C10E2 /* LogHelper.hpp */,
				F45B1CCA1E62D8EB003C10E2 /* PythonScript.hpp */,
				F45B1CCB1E62D8EB003C10E2 /* SDLWrap.hpp */,
				F45B1CCC1E62D8EB003C10E2 /* XmlHelper.hpp */,
			);
			path = util;
			sourceTree = "<group>";
		};
		F45B1CED1E62D8F8003C10E2 /* src */ = {
			isa = PBXGroup;
			children = (
				F4A444461E64693B001B1A83 /* Ecore.cpp */,
				F4A444471E64693B001B1A83 /* ESceneManager.cpp */,
				F4A444481E64693B001B1A83 /* EScreenManager.cpp */,
				F4A444491E64693B001B1A83 /* main.cpp */,
				F4A4444A1E64693B001B1A83 /* resource */,
				F4A444561E64693B001B1A83 /* scripting */,
				F4A444581E64693B001B1A83 /* texture */,
				F4A444651E64693B001B1A83 /* util */,
			);
			name = src;
			path = ../../src;
			sourceTree = "<group>";
		};
		F4A37F461D8D929400186118 /* scripts */ = {
			isa = PBXGroup;
			children = (
				F4A37F471D8D929400186118 /* __init__.py */,
				F4A37F481D8D929400186118 /* __init__.pyc */,
				F4A37F491D8D929400186118 /* py_test.py */,
			);
			name = scripts;
			path = ../../res/scripts;
			sourceTree = "<group>";
		};
		F4A4444A1E64693B001B1A83 /* resource */ = {
			isa = PBXGroup;
			children = (
				F4A4444B1E64693B001B1A83 /* EDbgOverlayScene.cpp */,
				F4A4444C1E64693B001B1A83 /* EImageResource.cpp */,
				F4A4444D1E64693B001B1A83 /* EResourceFactory.cpp */,
				F4A4444E1E64693B001B1A83 /* EResourceLoaderInterface.cpp */,
				F4A4444F1E64693B001B1A83 /* EResourceManager.cpp */,
				F4A444501E64693B001B1A83 /* ERPGScene.cpp */,
				F4A444511E64693B001B1A83 /* EScene.cpp */,
				F4A444521E64693B001B1A83 /* ESceneDesc.cpp */,
				F4A444531E64693B001B1A83 /* ESpriteType.cpp */,
				F4A444541E64693B001B1A83 /* EVisualNovelScene.cpp */,
				F4A444551E64693B001B1A83 /* XMLResourceLoader.cpp */,
			);
			path = resource;
			sourceTree = "<group>";
		};
		F4A444561E64693B001B1A83 /* scripting */ = {
			isa = PBXGroup;
			children = (
				F4A444571E64693B001B1A83 /* SpLogHelper.cpp */,
			);
			path = scripting;
			sourceTree = "<group>";
		};
		F4A444581E64693B001B1A83 /* texture */ = {
			isa = PBXGroup;
			children = (
				F4A444591E64693B001B1A83 /* EAccelAnimation.cpp */,
				F4A4445A1E64693B001B1A83 /* EAnimation.cpp */,
				F4A4445B1E64693B001B1A83 /* EDrawable.cpp */,
				F4A4445C1E64693B001B1A83 /* EFigure.cpp */,
				F4A4445D1E64693B001B1A83 /* EGridMapTexture.cpp */,
				F4A4445E1E64693B001B1A83 /* EGridMoveAnimation.cpp */,
				F4A4445F1E64693B001B1A83 /* EImageTexture.cpp */,
				F4A444601E64693B001B1A83 /* ESmoothRotateAnimation.cpp */,
				F4A444611E64693B001B1A83 /* ESmoothStepAnimation.cpp */,
				F4A444621E64693B001B1A83 /* ESprite.cpp */,
				F4A444631E64693B001B1A83 /* ETextTexture.cpp */,
				F4A444641E64693B001B1A83 /* GraphicObject.cpp */,
			);
			path = texture;
			sourceTree = "<group>";
		};
		F4A444651E64693B001B1A83 /* util */ = {
			isa = PBXGroup;
			children = (
				F4A444661E64693B001B1A83 /* IPCHelper.cpp */,
				F4A444671E64693B001B1A83 /* JsonHelper.cpp */,
				F4A444681E64693B001B1A83 /* LogHelper.cpp */,
				F4A444691E64693B001B1A83 /* PythonScript.cpp */,
				F4A4446A1E64693B001B1A83 /* SDLWrap.cpp */,
				F4A4446B1E64693B001B1A83 /* XmlHelper.cpp */,
			);
			path = util;
			sourceTree = "<group>";
		};
/* End PBXGroup section */

/* Begin PBXHeadersBuildPhase section */
		F43DB9AF1C78B01400BE5C9A /* Headers */ = {
			isa = PBXHeadersBuildPhase;
			buildActionMask = 2147483647;
			files = (
				F45B1CE21E62D8EB003C10E2 /* EImageTexture.hpp in Headers */,
				F45B1CDE1E62D8EB003C10E2 /* EDrawable.hpp in Headers */,
				F45B1CD91E62D8EB003C10E2 /* EVisualNovelScene.hpp in Headers */,
				F45B1CD31E62D8EB003C10E2 /* EResourceLoaderInterface.hpp in Headers */,
				F4A4448F1E646949001B1A83 /* ESmoothRotateAnimation.hpp in Headers */,
				F45B1CE51E62D8EB003C10E2 /* ETextTexture.hpp in Headers */,
				F45B1CD61E62D8EB003C10E2 /* EScene.hpp in Headers */,
				F45B1CD11E62D8EB003C10E2 /* EImageResource.hpp in Headers */,
				F45B1CEA1E62D8EB003C10E2 /* PythonScript.hpp in Headers */,
				F45B1CD81E62D8EB003C10E2 /* ESpriteType.hpp in Headers */,
				F45B1CE31E62D8EB003C10E2 /* ESmoothStepAnimation.hpp in Headers */,
				F45B1CD41E62D8EB003C10E2 /* EResourceManager.hpp in Headers */,
				F45B1CE81E62D8EB003C10E2 /* JsonHelper.hpp in Headers */,
				F45B1CE61E62D8EB003C10E2 /* GraphicObject.hpp in Headers */,
				F45B1CE01E62D8EB003C10E2 /* EGridMapTexture.hpp in Headers */,
				F45B1CDD1E62D8EB003C10E2 /* EAnimation.hpp in Headers */,
				F45B1CDC1E62D8EB003C10E2 /* EAccelAnimation.hpp in Headers */,
				F45B1CD01E62D8EB003C10E2 /* EDbgOverlayScene.hpp in Headers */,
				F45B1CE41E62D8EB003C10E2 /* ESprite.hpp in Headers */,
				F45B1CDA1E62D8EB003C10E2 /* XMLResourceLoader.hpp in Headers */,
				F45B1CCD1E62D8EB003C10E2 /* Ecore.hpp in Headers */,
				F45B1CEC1E62D8EB003C10E2 /* XmlHelper.hpp in Headers */,
				F45B1CDF1E62D8EB003C10E2 /* EFigure.hpp in Headers */,
				F45B1CD51E62D8EB003C10E2 /* ERPGScene.hpp in Headers */,
				F45B1CD71E62D8EB003C10E2 /* ESceneDesc.hpp in Headers */,
				F45B1CE71E62D8EB003C10E2 /* IPCHelper.hpp in Headers */,
				F45B1CD21E62D8EB003C10E2 /* EResourceFactory.hpp in Headers */,
				F45B1CCE1E62D8EB003C10E2 /* ESceneManager.hpp in Headers */,
				F45B1CEB1E62D8EB003C10E2 /* SDLWrap.hpp in Headers */,
				F45B1CDB1E62D8EB003C10E2 /* SpLogHelper.hpp in Headers */,
				F45B1CCF1E62D8EB003C10E2 /* EScreenManager.hpp in Headers */,
				F45B1CE91E62D8EB003C10E2 /* LogHelper.hpp in Headers */,
				F45B1CE11E62D8EB003C10E2 /* EGridMoveAnimation.hpp in Headers */,
			);
			runOnlyForDeploymentPostprocessing = 0;
		};
/* End PBXHeadersBuildPhase section */

/* Begin PBXNativeTarget section */
		1D6058900D05DD3D006BFB54 /* Story project */ = {
			isa = PBXNativeTarget;
			buildConfigurationList = 1D6058960D05DD3E006BFB54 /* Build configuration list for PBXNativeTarget "Story project" */;
			buildPhases = (
				1D60588D0D05DD3D006BFB54 /* Resources */,
				F43DB9AF1C78B01400BE5C9A /* Headers */,
				1D60588E0D05DD3D006BFB54 /* Sources */,
				1D60588F0D05DD3D006BFB54 /* Frameworks */,
			);
			buildRules = (
			);
			dependencies = (
			);
			name = "Story project";
			productName = "___PROJECTNAME___";
			productReference = 1D6058910D05DD3D006BFB54 /* story-project.app */;
			productType = "com.apple.product-type.application";
		};
/* End PBXNativeTarget section */

/* Begin PBXProject section */
		29B97313FDCFA39411CA2CEA /* Project object */ = {
			isa = PBXProject;
			attributes = {
				LastUpgradeCheck = 0510;
				TargetAttributes = {
					1D6058900D05DD3D006BFB54 = {
						DevelopmentTeam = WE4KGJQLAQ;
					};
				};
			};
			buildConfigurationList = C01FCF4E08A954540054247B /* Build configuration list for PBXProject "story-project" */;
			compatibilityVersion = "Xcode 3.2";
			developmentRegion = English;
			hasScannedForEncodings = 1;
			knownRegions = (
				English,
				Japanese,
				French,
				German,
			);
			mainGroup = 29B97314FDCFA39411CA2CEA /* CustomTemplate */;
			projectDirPath = "";
			projectRoot = "";
			targets = (
				1D6058900D05DD3D006BFB54 /* Story project */,
			);
		};
/* End PBXProject section */

/* Begin PBXResourcesBuildPhase section */
		1D60588D0D05DD3D006BFB54 /* Resources */ = {
			isa = PBXResourcesBuildPhase;
			buildActionMask = 2147483647;
			files = (
				F4A37F4C1D8D929400186118 /* gom-002.png in Resources */,
				F42169BD1D05593A00C50450 /* japanvillage.jpg in Resources */,
				F4A37F4E1D8D929400186118 /* gom-004.png in Resources */,
				F444ED8B1E62738500C14B4E /* src in Resources */,
				F42169B81D05593A00C50450 /* BerryGarden.png in Resources */,
				F4A37F511D8D929400186118 /* NanumGothic.ttf in Resources */,
				F4A37F501D8D929400186118 /* NanumBarunpenR.ttf in Resources */,
				F42169B91D05593A00C50450 /* bg-black.png in Resources */,
				F48617601D96C44F008641CB /* gom-sprite.png in Resources */,
				F42169C11D05593A00C50450 /* sample_scene2.xml in Resources */,
				F4A37F541D8D929400186118 /* py_test.py in Resources */,
				F43DB9E21C78B60300BE5C9A /* Launch Screen.storyboard in Resources */,
				F42169C01D05593A00C50450 /* sample_scene.xml in Resources */,
				F42169BF1D05593A00C50450 /* moderngirl02x2.png in Resources */,
				F4A37F4A1D8D929400186118 /* f069.png in Resources */,
				F42169BE1D05593A00C50450 /* moderngirl02.png in Resources */,
				F4A37F4B1D8D929400186118 /* f071.png in Resources */,
				F42169BA1D05593A00C50450 /* FreeSans.ttf in Resources */,
				F48617621D96C691008641CB /* JapaneseVillage.png in Resources */,
				F4468A061D96392A003AB89B /* Images-2.xcassets in Resources */,
				F4A37F4D1D8D929400186118 /* gom-003.png in Resources */,
				F42169BB1D05593A00C50450 /* grid-base.png in Resources */,
				F4A37F531D8D929400186118 /* __init__.pyc in Resources */,
				F4A37F521D8D929400186118 /* __init__.py in Resources */,
				F4A37F4F1D8D929400186118 /* JewelSaviorFREE-readme.txt in Resources */,
			);
			runOnlyForDeploymentPostprocessing = 0;
		};
/* End PBXResourcesBuildPhase section */

/* Begin PBXSourcesBuildPhase section */
		1D60588E0D05DD3D006BFB54 /* Sources */ = {
			isa = PBXSourcesBuildPhase;
			buildActionMask = 2147483647;
			files = (
				F4A444771E64693B001B1A83 /* ESceneDesc.cpp in Sources */,
				F4A4446C1E64693B001B1A83 /* Ecore.cpp in Sources */,
				F4A4446E1E64693B001B1A83 /* EScreenManager.cpp in Sources */,
				F4A444711E64693B001B1A83 /* EImageResource.cpp in Sources */,
				F4A444861E64693B001B1A83 /* ETextTexture.cpp in Sources */,
				F4A444871E64693B001B1A83 /* GraphicObject.cpp in Sources */,
				F4A444851E64693B001B1A83 /* ESprite.cpp in Sources */,
				F4A4447A1E64693B001B1A83 /* XMLResourceLoader.cpp in Sources */,
				F4A4447C1E64693B001B1A83 /* EAccelAnimation.cpp in Sources */,
				F4A444831E64693B001B1A83 /* ESmoothRotateAnimation.cpp in Sources */,
				F4A37F581D8D94EB00186118 /* pugixml.cpp in Sources */,
				F4A444891E64693B001B1A83 /* JsonHelper.cpp in Sources */,
				F4A4448D1E64693B001B1A83 /* XmlHelper.cpp in Sources */,
				F4A37F5A1D8D94F900186118 /* ipc.pb.cc in Sources */,
				F4A4446F1E64693B001B1A83 /* main.cpp in Sources */,
				F4A444751E64693B001B1A83 /* ERPGScene.cpp in Sources */,
				F4A444731E64693B001B1A83 /* EResourceLoaderInterface.cpp in Sources */,
				F4A4447D1E64693B001B1A83 /* EAnimation.cpp in Sources */,
				F4A37F561D8D94D800186118 /* jsoncpp.cpp in Sources */,
				F4A444821E64693B001B1A83 /* EImageTexture.cpp in Sources */,
				F4A4447E1E64693B001B1A83 /* EDrawable.cpp in Sources */,
				F4A444801E64693B001B1A83 /* EGridMapTexture.cpp in Sources */,
				F4A4446D1E64693B001B1A83 /* ESceneManager.cpp in Sources */,
				F4A4447F1E64693B001B1A83 /* EFigure.cpp in Sources */,
				F4A444761E64693B001B1A83 /* EScene.cpp in Sources */,
				F4A444841E64693B001B1A83 /* ESmoothStepAnimation.cpp in Sources */,
				F4A4448C1E64693B001B1A83 /* SDLWrap.cpp in Sources */,
				F4A444741E64693B001B1A83 /* EResourceManager.cpp in Sources */,
				F4A444721E64693B001B1A83 /* EResourceFactory.cpp in Sources */,
				F4A444881E64693B001B1A83 /* IPCHelper.cpp in Sources */,
				F4A4448A1E64693B001B1A83 /* LogHelper.cpp in Sources */,
				F4A444791E64693B001B1A83 /* EVisualNovelScene.cpp in Sources */,
				F4A444781E64693B001B1A83 /* ESpriteType.cpp in Sources */,
				F4A4447B1E64693B001B1A83 /* SpLogHelper.cpp in Sources */,
				F4A4448B1E64693B001B1A83 /* PythonScript.cpp in Sources */,
				F4A444811E64693B001B1A83 /* EGridMoveAnimation.cpp in Sources */,
				F4A444701E64693B001B1A83 /* EDbgOverlayScene.cpp in Sources */,
			);
			runOnlyForDeploymentPostprocessing = 0;
		};
/* End PBXSourcesBuildPhase section */

/* Begin XCBuildConfiguration section */
		1D6058940D05DD3E006BFB54 /* Debug */ = {
			isa = XCBuildConfiguration;
			buildSettings = {
				ALWAYS_SEARCH_USER_PATHS = NO;
				ASSETCATALOG_COMPILER_APPICON_NAME = AppIcon;
				ASSETCATALOG_COMPILER_LAUNCHIMAGE_NAME = "Brand Assets";
				CODE_SIGN_IDENTITY = "iPhone Developer";
				COPY_PHASE_STRIP = NO;
				DEVELOPMENT_TEAM = WE4KGJQLAQ;
				GCC_DYNAMIC_NO_PIC = NO;
				GCC_OPTIMIZATION_LEVEL = 0;
				GCC_PRECOMPILE_PREFIX_HEADER = YES;
				GCC_PREFIX_HEADER = "";
				GCC_PREPROCESSOR_DEFINITIONS = PLATFORM_IOS;
				HEADER_SEARCH_PATHS = (
					"$(PROJECT_DIR)/../../external/built/include",
					"$(PROJECT_DIR)/../../external/built/include/SDL2",
					"$(PROJECT_DIR)/../../external/sources/pugixml/src",
					"$(PROJECT_DIR)/../../external/sources/jsoncpp/dist",
					"$(PROJECT_DIR)/../../external/sources/protobuf/src",
					"$(PROJECT_DIR)/../../external/sources/cppzmq",
					"$(PROJECT_DIR)/../../external/sources/zeromq/include",
					"$(PROJECT_DIR)/../../external/sources/g3log/src",
				);
				INFOPLIST_FILE = Info.plist;
				IPHONEOS_DEPLOYMENT_TARGET = 8.0;
				LIBRARY_SEARCH_PATHS = (
					"$(inherited)",
					"$(PROJECT_DIR)/../../external/built/lib/ios",
				);
				OTHER_CPLUSPLUSFLAGS = "$(OTHER_CFLAGS)";
				PRODUCT_BUNDLE_IDENTIFIER = com.ariens.sdl;
				PRODUCT_NAME = "story-project";
				TARGETED_DEVICE_FAMILY = "1,2";
				USER_HEADER_SEARCH_PATHS = "../../include $(PROJECT_DIR)/../../external/built/include $(PROJECT_DIR)/../../external/sources/jsoncpp/include";
				VALID_ARCHS = "arm64 armv7";
			};
			name = Debug;
		};
		1D6058950D05DD3E006BFB54 /* Release */ = {
			isa = XCBuildConfiguration;
			buildSettings = {
				ALWAYS_SEARCH_USER_PATHS = NO;
				ASSETCATALOG_COMPILER_APPICON_NAME = AppIcon;
				ASSETCATALOG_COMPILER_LAUNCHIMAGE_NAME = "Brand Assets";
				CODE_SIGN_IDENTITY = "iPhone Developer";
				COPY_PHASE_STRIP = YES;
				DEVELOPMENT_TEAM = WE4KGJQLAQ;
				GCC_PRECOMPILE_PREFIX_HEADER = YES;
				GCC_PREFIX_HEADER = "";
				GCC_PREPROCESSOR_DEFINITIONS = PLATFORM_IOS;
				HEADER_SEARCH_PATHS = (
					"$(PROJECT_DIR)/../../external/built/include",
					"$(PROJECT_DIR)/../../external/built/include/SDL2",
					"$(PROJECT_DIR)/../../external/sources/pugixml/src",
					"$(PROJECT_DIR)/../../external/sources/jsoncpp/dist",
					"$(PROJECT_DIR)/../../external/sources/protobuf/src",
					"$(PROJECT_DIR)/../../external/sources/cppzmq",
					"$(PROJECT_DIR)/../../external/sources/zeromq/include",
					"$(PROJECT_DIR)/../../external/sources/g3log/src",
				);
				INFOPLIST_FILE = Info.plist;
				IPHONEOS_DEPLOYMENT_TARGET = 8.0;
				LIBRARY_SEARCH_PATHS = (
					"$(inherited)",
					"$(PROJECT_DIR)/../../external/built/lib/ios",
				);
				OTHER_CPLUSPLUSFLAGS = "$(OTHER_CFLAGS)";
				PRODUCT_BUNDLE_IDENTIFIER = com.ariens.sdl;
				PRODUCT_NAME = "story-project";
				TARGETED_DEVICE_FAMILY = "1,2";
				USER_HEADER_SEARCH_PATHS = "../../include $(PROJECT_DIR)/../../external/built/include $(PROJECT_DIR)/../../external/sources/jsoncpp/include";
				VALID_ARCHS = "arm64 armv7";
			};
			name = Release;
		};
		C01FCF4F08A954540054247B /* Debug */ = {
			isa = XCBuildConfiguration;
			buildSettings = {
				CLANG_CXX_LANGUAGE_STANDARD = "c++0x";
				CLANG_CXX_LIBRARY = "libc++";
				"CODE_SIGN_IDENTITY[sdk=iphoneos*]" = "iPhone Developer";
				GCC_C_LANGUAGE_STANDARD = c11;
				GCC_WARN_ABOUT_RETURN_TYPE = YES;
				GCC_WARN_UNUSED_VARIABLE = YES;
				ONLY_ACTIVE_ARCH = YES;
				OTHER_CFLAGS = "";
				PREBINDING = NO;
				SDKROOT = iphoneos;
				TARGETED_DEVICE_FAMILY = "1,2";
			};
			name = Debug;
		};
		C01FCF5008A954540054247B /* Release */ = {
			isa = XCBuildConfiguration;
			buildSettings = {
				CLANG_CXX_LANGUAGE_STANDARD = "c++0x";
				CLANG_CXX_LIBRARY = "libc++";
				"CODE_SIGN_IDENTITY[sdk=iphoneos*]" = "iPhone Developer";
				GCC_C_LANGUAGE_STANDARD = c11;
				GCC_WARN_ABOUT_RETURN_TYPE = YES;
				GCC_WARN_UNUSED_VARIABLE = YES;
				OTHER_CFLAGS = "";
				PREBINDING = NO;
				SDKROOT = iphoneos;
				TARGETED_DEVICE_FAMILY = "1,2";
			};
			name = Release;
		};
/* End XCBuildConfiguration section */

/* Begin XCConfigurationList section */
		1D6058960D05DD3E006BFB54 /* Build configuration list for PBXNativeTarget "Story project" */ = {
			isa = XCConfigurationList;
			buildConfigurations = (
				1D6058940D05DD3E006BFB54 /* Debug */,
				1D6058950D05DD3E006BFB54 /* Release */,
			);
			defaultConfigurationIsVisible = 0;
			defaultConfigurationName = Release;
		};
		C01FCF4E08A954540054247B /* Build configuration list for PBXProject "story-project" */ = {
			isa = XCConfigurationList;
			buildConfigurations = (
				C01FCF4F08A954540054247B /* Debug */,
				C01FCF5008A954540054247B /* Release */,
			);
			defaultConfigurationIsVisible = 0;
			defaultConfigurationName = Release;
		};
/* End XCConfigurationList section */
	};
	rootObject = 29B97313FDCFA39411CA2CEA /* Project object */;
}
