// !$*UTF8*$!
{
	archiveVersion = 1;
	classes = {
	};
	objectVersion = 46;
	objects = {

/* Begin PBXBuildFile section */
		1D60589F0D05DD5A006BFB54 /* Foundation.framework in Frameworks */ = {isa = PBXBuildFile; fileRef = 1D30AB110D05D00D00671497 /* Foundation.framework */; };
		1DF5F4E00D08C38300B7A737 /* UIKit.framework in Frameworks */ = {isa = PBXBuildFile; fileRef = 1DF5F4DF0D08C38300B7A737 /* UIKit.framework */; };
		28FD15000DC6FC520079059D /* OpenGLES.framework in Frameworks */ = {isa = PBXBuildFile; fileRef = 28FD14FF0DC6FC520079059D /* OpenGLES.framework */; };
		28FD15080DC6FC5B0079059D /* QuartzCore.framework in Frameworks */ = {isa = PBXBuildFile; fileRef = 28FD15070DC6FC5B0079059D /* QuartzCore.framework */; };
		F415DE8E23D1D53A00069B27 /* Python.framework in Frameworks */ = {isa = PBXBuildFile; fileRef = F42C2ED623C8AA5500256624 /* Python.framework */; };
		F415DE8F23D1D53A00069B27 /* Python.framework in Embed Frameworks */ = {isa = PBXBuildFile; fileRef = F42C2ED623C8AA5500256624 /* Python.framework */; settings = {ATTRIBUTES = (CodeSignOnCopy, RemoveHeadersOnCopy, ); }; };
		F415DE9323D1D53A00069B27 /* XZ.framework in Frameworks */ = {isa = PBXBuildFile; fileRef = F415DE9023D1D53A00069B27 /* XZ.framework */; };
		F415DE9423D1D53A00069B27 /* XZ.framework in Embed Frameworks */ = {isa = PBXBuildFile; fileRef = F415DE9023D1D53A00069B27 /* XZ.framework */; settings = {ATTRIBUTES = (CodeSignOnCopy, RemoveHeadersOnCopy, ); }; };
		F415DE9523D1D53A00069B27 /* OpenSSL.framework in Frameworks */ = {isa = PBXBuildFile; fileRef = F415DE9123D1D53A00069B27 /* OpenSSL.framework */; };
		F415DE9623D1D53A00069B27 /* OpenSSL.framework in Embed Frameworks */ = {isa = PBXBuildFile; fileRef = F415DE9123D1D53A00069B27 /* OpenSSL.framework */; settings = {ATTRIBUTES = (CodeSignOnCopy, RemoveHeadersOnCopy, ); }; };
		F415DE9723D1D53A00069B27 /* BZip2.framework in Frameworks */ = {isa = PBXBuildFile; fileRef = F415DE9223D1D53A00069B27 /* BZip2.framework */; };
		F415DE9823D1D53A00069B27 /* BZip2.framework in Embed Frameworks */ = {isa = PBXBuildFile; fileRef = F415DE9223D1D53A00069B27 /* BZip2.framework */; settings = {ATTRIBUTES = (CodeSignOnCopy, RemoveHeadersOnCopy, ); }; };
		F415DE9A23D1DAEE00069B27 /* python37.zip in Resources */ = {isa = PBXBuildFile; fileRef = F415DE9923D1DAEE00069B27 /* python37.zip */; };
		F41BCEA723C96EE80078DD3F /* gtest.framework in Frameworks */ = {isa = PBXBuildFile; fileRef = F41BCEA323C96EE70078DD3F /* gtest.framework */; };
		F41BCEA823C96EE80078DD3F /* gtest.framework in Embed Frameworks */ = {isa = PBXBuildFile; fileRef = F41BCEA323C96EE70078DD3F /* gtest.framework */; settings = {ATTRIBUTES = (CodeSignOnCopy, RemoveHeadersOnCopy, ); }; };
		F41BCEA923C96EE80078DD3F /* protobuf.framework in Frameworks */ = {isa = PBXBuildFile; fileRef = F41BCEA423C96EE70078DD3F /* protobuf.framework */; };
		F41BCEAA23C96EE80078DD3F /* protobuf.framework in Embed Frameworks */ = {isa = PBXBuildFile; fileRef = F41BCEA423C96EE70078DD3F /* protobuf.framework */; settings = {ATTRIBUTES = (CodeSignOnCopy, RemoveHeadersOnCopy, ); }; };
		F41BCEAB23C96EE80078DD3F /* pugixml.framework in Frameworks */ = {isa = PBXBuildFile; fileRef = F41BCEA523C96EE70078DD3F /* pugixml.framework */; };
		F41BCEAC23C96EE80078DD3F /* pugixml.framework in Embed Frameworks */ = {isa = PBXBuildFile; fileRef = F41BCEA523C96EE70078DD3F /* pugixml.framework */; settings = {ATTRIBUTES = (CodeSignOnCopy, RemoveHeadersOnCopy, ); }; };
		F41BCEAD23C96EE80078DD3F /* zeromq.framework in Frameworks */ = {isa = PBXBuildFile; fileRef = F41BCEA623C96EE70078DD3F /* zeromq.framework */; };
		F41BCEAE23C96EE80078DD3F /* zeromq.framework in Embed Frameworks */ = {isa = PBXBuildFile; fileRef = F41BCEA623C96EE70078DD3F /* zeromq.framework */; settings = {ATTRIBUTES = (CodeSignOnCopy, RemoveHeadersOnCopy, ); }; };
		F41E06CF23D0989900CD7954 /* Metal.framework in Frameworks */ = {isa = PBXBuildFile; fileRef = F444ED921E627A6600C14B4E /* Metal.framework */; };
		F42169B81D05593A00C50450 /* BerryGarden.png in Resources */ = {isa = PBXBuildFile; fileRef = F42169AE1D05593A00C50450 /* BerryGarden.png */; };
		F42169B91D05593A00C50450 /* bg-black.png in Resources */ = {isa = PBXBuildFile; fileRef = F42169AF1D05593A00C50450 /* bg-black.png */; };
		F42169BA1D05593A00C50450 /* FreeSans.ttf in Resources */ = {isa = PBXBuildFile; fileRef = F42169B01D05593A00C50450 /* FreeSans.ttf */; };
		F42169BB1D05593A00C50450 /* grid-base.png in Resources */ = {isa = PBXBuildFile; fileRef = F42169B11D05593A00C50450 /* grid-base.png */; };
		F42169BD1D05593A00C50450 /* japanvillage.jpg in Resources */ = {isa = PBXBuildFile; fileRef = F42169B31D05593A00C50450 /* japanvillage.jpg */; };
		F42169BE1D05593A00C50450 /* moderngirl02.png in Resources */ = {isa = PBXBuildFile; fileRef = F42169B41D05593A00C50450 /* moderngirl02.png */; };
		F42169BF1D05593A00C50450 /* moderngirl02x2.png in Resources */ = {isa = PBXBuildFile; fileRef = F42169B51D05593A00C50450 /* moderngirl02x2.png */; };
		F42169C01D05593A00C50450 /* sample_scene.xml in Resources */ = {isa = PBXBuildFile; fileRef = F42169B61D05593A00C50450 /* sample_scene.xml */; };
		F42169C11D05593A00C50450 /* sample_scene2.xml in Resources */ = {isa = PBXBuildFile; fileRef = F42169B71D05593A00C50450 /* sample_scene2.xml */; };
		F42AFD2823C45CDF00AC0221 /* jsoncpp.cpp in Sources */ = {isa = PBXBuildFile; fileRef = F42AFD2723C45CDF00AC0221 /* jsoncpp.cpp */; };
		F42AFD2A23C45D0000AC0221 /* pugixml.cpp in Sources */ = {isa = PBXBuildFile; fileRef = F42AFD2923C45D0000AC0221 /* pugixml.cpp */; };
		F42C2EDF23C8AFC500256624 /* SDL2_ttf.framework in Embed Frameworks */ = {isa = PBXBuildFile; fileRef = F42C2ED323C8AA3700256624 /* SDL2_ttf.framework */; settings = {ATTRIBUTES = (CodeSignOnCopy, RemoveHeadersOnCopy, ); }; };
		F42C2EE123C8AFC600256624 /* SDL2_image.framework in Embed Frameworks */ = {isa = PBXBuildFile; fileRef = F42C2ED023C8AA2800256624 /* SDL2_image.framework */; settings = {ATTRIBUTES = (CodeSignOnCopy, RemoveHeadersOnCopy, ); }; };
		F42C2EE823C8BC4900256624 /* SDL2.framework in Frameworks */ = {isa = PBXBuildFile; fileRef = F42C2ECC23C8AA1000256624 /* SDL2.framework */; };
		F42C2EE923C8BC8300256624 /* SDL2_image.framework in Frameworks */ = {isa = PBXBuildFile; fileRef = F42C2ED023C8AA2800256624 /* SDL2_image.framework */; };
		F42C2EEA23C8BC8300256624 /* SDL2_ttf.framework in Frameworks */ = {isa = PBXBuildFile; fileRef = F42C2ED323C8AA3700256624 /* SDL2_ttf.framework */; };
		F43DB9DC1C78B44800BE5C9A /* ImageIO.framework in Frameworks */ = {isa = PBXBuildFile; fileRef = F43DB9DB1C78B44800BE5C9A /* ImageIO.framework */; };
		F43DB9E21C78B60300BE5C9A /* Launch Screen.storyboard in Resources */ = {isa = PBXBuildFile; fileRef = F43DB9E11C78B60300BE5C9A /* Launch Screen.storyboard */; };
		F444EDA01E6286C100C14B4E /* AVFoundation.framework in Frameworks */ = {isa = PBXBuildFile; fileRef = F444ED9F1E6286C100C14B4E /* AVFoundation.framework */; };
		F4468A061D96392A003AB89B /* Images-2.xcassets in Resources */ = {isa = PBXBuildFile; fileRef = F4468A051D96392A003AB89B /* Images-2.xcassets */; };
		F45B1D351E62DC4E003C10E2 /* MobileCoreServices.framework in Frameworks */ = {isa = PBXBuildFile; fileRef = F43DB9DF1C78B59400BE5C9A /* MobileCoreServices.framework */; };
		F46CE4701FC5C97000ABAB5C /* LostGarden_Grid_BasicTile.png in Resources */ = {isa = PBXBuildFile; fileRef = F46CE46F1FC5C96F00ABAB5C /* LostGarden_Grid_BasicTile.png */; };
		F46CE4721FC5C97F00ABAB5C /* LostGarden_License.txt in Resources */ = {isa = PBXBuildFile; fileRef = F46CE4711FC5C97F00ABAB5C /* LostGarden_License.txt */; };
		F46D5D2B1F0FB97B00E5373E /* libsqlite3.tbd in Frameworks */ = {isa = PBXBuildFile; fileRef = F46D5D2A1F0FB97B00E5373E /* libsqlite3.tbd */; };
		F46D5D2D1F0FB9C400E5373E /* libz.tbd in Frameworks */ = {isa = PBXBuildFile; fileRef = F46D5D2C1F0FB9C400E5373E /* libz.tbd */; };
		F46D67371F0FD4AF00E5373E /* ipc.pb.h in Headers */ = {isa = PBXBuildFile; fileRef = F46D672D1F0FD4AF00E5373E /* ipc.pb.h */; };
		F46D67381F0FD4AF00E5373E /* ipc.proto in Resources */ = {isa = PBXBuildFile; fileRef = F46D672E1F0FD4AF00E5373E /* ipc.proto */; };
		F46D673D1F0FD4AF00E5373E /* SpLogHelper_wrap.h in Headers */ = {isa = PBXBuildFile; fileRef = F46D67331F0FD4AF00E5373E /* SpLogHelper_wrap.h */; };
		F48617601D96C44F008641CB /* gom-sprite.png in Resources */ = {isa = PBXBuildFile; fileRef = F486175F1D96C44F008641CB /* gom-sprite.png */; };
		F48617621D96C691008641CB /* JapaneseVillage.png in Resources */ = {isa = PBXBuildFile; fileRef = F48617611D96C691008641CB /* JapaneseVillage.png */; };
		F4A37F4A1D8D929400186118 /* f069.png in Resources */ = {isa = PBXBuildFile; fileRef = F4A37F3E1D8D929400186118 /* f069.png */; };
		F4A37F4B1D8D929400186118 /* f071.png in Resources */ = {isa = PBXBuildFile; fileRef = F4A37F3F1D8D929400186118 /* f071.png */; };
		F4A37F4C1D8D929400186118 /* gom-002.png in Resources */ = {isa = PBXBuildFile; fileRef = F4A37F401D8D929400186118 /* gom-002.png */; };
		F4A37F4D1D8D929400186118 /* gom-003.png in Resources */ = {isa = PBXBuildFile; fileRef = F4A37F411D8D929400186118 /* gom-003.png */; };
		F4A37F4E1D8D929400186118 /* gom-004.png in Resources */ = {isa = PBXBuildFile; fileRef = F4A37F421D8D929400186118 /* gom-004.png */; };
		F4A37F4F1D8D929400186118 /* JewelSaviorFREE-readme.txt in Resources */ = {isa = PBXBuildFile; fileRef = F4A37F431D8D929400186118 /* JewelSaviorFREE-readme.txt */; };
		F4A37F501D8D929400186118 /* NanumBarunpenR.ttf in Resources */ = {isa = PBXBuildFile; fileRef = F4A37F441D8D929400186118 /* NanumBarunpenR.ttf */; };
		F4A37F511D8D929400186118 /* NanumGothic.ttf in Resources */ = {isa = PBXBuildFile; fileRef = F4A37F451D8D929400186118 /* NanumGothic.ttf */; };
		F4A37F5A1D8D94F900186118 /* ipc.pb.cc in Sources */ = {isa = PBXBuildFile; fileRef = F4A37F591D8D94F900186118 /* ipc.pb.cc */; };
		F4B4F9F11EF5031800B28C48 /* Ecore.cpp in Sources */ = {isa = PBXBuildFile; fileRef = F4B4F9C61EF5031800B28C48 /* Ecore.cpp */; };
		F4B4F9F21EF5031800B28C48 /* ESceneManager.cpp in Sources */ = {isa = PBXBuildFile; fileRef = F4B4F9C71EF5031800B28C48 /* ESceneManager.cpp */; };
		F4B4F9F31EF5031800B28C48 /* EScreenManager.cpp in Sources */ = {isa = PBXBuildFile; fileRef = F4B4F9C81EF5031800B28C48 /* EScreenManager.cpp */; };
		F4B4F9F41EF5031800B28C48 /* main.cpp in Sources */ = {isa = PBXBuildFile; fileRef = F4B4F9C91EF5031800B28C48 /* main.cpp */; };
		F4B4F9F51EF5031800B28C48 /* EAccelAnimation.cpp in Sources */ = {isa = PBXBuildFile; fileRef = F4B4F9CC1EF5031800B28C48 /* EAccelAnimation.cpp */; };
		F4B4F9F61EF5031800B28C48 /* EAnimation.cpp in Sources */ = {isa = PBXBuildFile; fileRef = F4B4F9CD1EF5031800B28C48 /* EAnimation.cpp */; };
		F4B4F9F71EF5031800B28C48 /* EGridMoveAnimation.cpp in Sources */ = {isa = PBXBuildFile; fileRef = F4B4F9CE1EF5031800B28C48 /* EGridMoveAnimation.cpp */; };
		F4B4F9F81EF5031800B28C48 /* ERotateAndMoveAnimation.cpp in Sources */ = {isa = PBXBuildFile; fileRef = F4B4F9CF1EF5031800B28C48 /* ERotateAndMoveAnimation.cpp */; };
		F4B4F9F91EF5031800B28C48 /* ESmoothRotateAnimation.cpp in Sources */ = {isa = PBXBuildFile; fileRef = F4B4F9D01EF5031800B28C48 /* ESmoothRotateAnimation.cpp */; };
		F4B4F9FA1EF5031800B28C48 /* ESmoothStepAnimation.cpp in Sources */ = {isa = PBXBuildFile; fileRef = F4B4F9D11EF5031800B28C48 /* ESmoothStepAnimation.cpp */; };
		F4B4F9FB1EF5031800B28C48 /* GraphicObject.cpp in Sources */ = {isa = PBXBuildFile; fileRef = F4B4F9D21EF5031800B28C48 /* GraphicObject.cpp */; };
		F4B4F9FC1EF5031800B28C48 /* EImageResource.cpp in Sources */ = {isa = PBXBuildFile; fileRef = F4B4F9D41EF5031800B28C48 /* EImageResource.cpp */; };
		F4B4F9FD1EF5031800B28C48 /* EResourceFactory.cpp in Sources */ = {isa = PBXBuildFile; fileRef = F4B4F9D51EF5031800B28C48 /* EResourceFactory.cpp */; };
		F4B4F9FE1EF5031800B28C48 /* EResourceLoaderInterface.cpp in Sources */ = {isa = PBXBuildFile; fileRef = F4B4F9D61EF5031800B28C48 /* EResourceLoaderInterface.cpp */; };
		F4B4F9FF1EF5031800B28C48 /* EResourceManager.cpp in Sources */ = {isa = PBXBuildFile; fileRef = F4B4F9D71EF5031800B28C48 /* EResourceManager.cpp */; };
		F4B4FA001EF5031800B28C48 /* ESpriteType.cpp in Sources */ = {isa = PBXBuildFile; fileRef = F4B4F9D81EF5031800B28C48 /* ESpriteType.cpp */; };
		F4B4FA011EF5031800B28C48 /* XMLResourceLoader.cpp in Sources */ = {isa = PBXBuildFile; fileRef = F4B4F9D91EF5031800B28C48 /* XMLResourceLoader.cpp */; };
		F4B4FA021EF5031800B28C48 /* EDbgOverlayScene.cpp in Sources */ = {isa = PBXBuildFile; fileRef = F4B4F9DB1EF5031800B28C48 /* EDbgOverlayScene.cpp */; };
		F4B4FA031EF5031800B28C48 /* ERPGScene.cpp in Sources */ = {isa = PBXBuildFile; fileRef = F4B4F9DC1EF5031800B28C48 /* ERPGScene.cpp */; };
		F4B4FA041EF5031800B28C48 /* EScene.cpp in Sources */ = {isa = PBXBuildFile; fileRef = F4B4F9DD1EF5031800B28C48 /* EScene.cpp */; };
		F4B4FA051EF5031800B28C48 /* ESceneDesc.cpp in Sources */ = {isa = PBXBuildFile; fileRef = F4B4F9DE1EF5031800B28C48 /* ESceneDesc.cpp */; };
		F4B4FA061EF5031800B28C48 /* ETitleScene.cpp in Sources */ = {isa = PBXBuildFile; fileRef = F4B4F9DF1EF5031800B28C48 /* ETitleScene.cpp */; };
		F4B4FA071EF5031800B28C48 /* EVisualNovelScene.cpp in Sources */ = {isa = PBXBuildFile; fileRef = F4B4F9E01EF5031800B28C48 /* EVisualNovelScene.cpp */; };
		F4B4FA091EF5031800B28C48 /* EDrawable.cpp in Sources */ = {isa = PBXBuildFile; fileRef = F4B4F9E41EF5031800B28C48 /* EDrawable.cpp */; };
		F4B4FA0A1EF5031800B28C48 /* EFigure.cpp in Sources */ = {isa = PBXBuildFile; fileRef = F4B4F9E51EF5031800B28C48 /* EFigure.cpp */; };
		F4B4FA0B1EF5031800B28C48 /* EGridMapTexture.cpp in Sources */ = {isa = PBXBuildFile; fileRef = F4B4F9E61EF5031800B28C48 /* EGridMapTexture.cpp */; };
		F4B4FA0C1EF5031800B28C48 /* EImageTexture.cpp in Sources */ = {isa = PBXBuildFile; fileRef = F4B4F9E71EF5031800B28C48 /* EImageTexture.cpp */; };
		F4B4FA0D1EF5031800B28C48 /* ESprite.cpp in Sources */ = {isa = PBXBuildFile; fileRef = F4B4F9E81EF5031800B28C48 /* ESprite.cpp */; };
		F4B4FA0E1EF5031800B28C48 /* ETextTexture.cpp in Sources */ = {isa = PBXBuildFile; fileRef = F4B4F9E91EF5031800B28C48 /* ETextTexture.cpp */; };
		F4B4FA0F1EF5031800B28C48 /* IPCHelper.cpp in Sources */ = {isa = PBXBuildFile; fileRef = F4B4F9EB1EF5031800B28C48 /* IPCHelper.cpp */; };
		F4B4FA101EF5031800B28C48 /* JsonHelper.cpp in Sources */ = {isa = PBXBuildFile; fileRef = F4B4F9EC1EF5031800B28C48 /* JsonHelper.cpp */; };
		F4B4FA111EF5031800B28C48 /* LogHelper.cpp in Sources */ = {isa = PBXBuildFile; fileRef = F4B4F9ED1EF5031800B28C48 /* LogHelper.cpp */; };
		F4B4FA121EF5031800B28C48 /* PythonScript.cpp in Sources */ = {isa = PBXBuildFile; fileRef = F4B4F9EE1EF5031800B28C48 /* PythonScript.cpp */; };
		F4B4FA131EF5031800B28C48 /* SDLWrap.cpp in Sources */ = {isa = PBXBuildFile; fileRef = F4B4F9EF1EF5031800B28C48 /* SDLWrap.cpp */; };
		F4B4FA141EF5031800B28C48 /* XmlHelper.cpp in Sources */ = {isa = PBXBuildFile; fileRef = F4B4F9F01EF5031800B28C48 /* XmlHelper.cpp */; };
		F4B4FA411EF5032700B28C48 /* Ecore.hpp in Headers */ = {isa = PBXBuildFile; fileRef = F4B4FA161EF5032700B28C48 /* Ecore.hpp */; };
		F4B4FA421EF5032700B28C48 /* ESceneManager.hpp in Headers */ = {isa = PBXBuildFile; fileRef = F4B4FA171EF5032700B28C48 /* ESceneManager.hpp */; };
		F4B4FA431EF5032700B28C48 /* EScreenManager.hpp in Headers */ = {isa = PBXBuildFile; fileRef = F4B4FA181EF5032700B28C48 /* EScreenManager.hpp */; };
		F4B4FA441EF5032700B28C48 /* EAccelAnimation.hpp in Headers */ = {isa = PBXBuildFile; fileRef = F4B4FA1B1EF5032700B28C48 /* EAccelAnimation.hpp */; };
		F4B4FA451EF5032700B28C48 /* EAnimation.hpp in Headers */ = {isa = PBXBuildFile; fileRef = F4B4FA1C1EF5032700B28C48 /* EAnimation.hpp */; };
		F4B4FA461EF5032700B28C48 /* EGridMoveAnimation.hpp in Headers */ = {isa = PBXBuildFile; fileRef = F4B4FA1D1EF5032700B28C48 /* EGridMoveAnimation.hpp */; };
		F4B4FA471EF5032700B28C48 /* ERotateAndMoveAnimation.hpp in Headers */ = {isa = PBXBuildFile; fileRef = F4B4FA1E1EF5032700B28C48 /* ERotateAndMoveAnimation.hpp */; };
		F4B4FA481EF5032700B28C48 /* ESmoothRotateAnimation.hpp in Headers */ = {isa = PBXBuildFile; fileRef = F4B4FA1F1EF5032700B28C48 /* ESmoothRotateAnimation.hpp */; };
		F4B4FA491EF5032700B28C48 /* ESmoothStepAnimation.hpp in Headers */ = {isa = PBXBuildFile; fileRef = F4B4FA201EF5032700B28C48 /* ESmoothStepAnimation.hpp */; };
		F4B4FA4A1EF5032700B28C48 /* GObjectGroup.hpp in Headers */ = {isa = PBXBuildFile; fileRef = F4B4FA211EF5032700B28C48 /* GObjectGroup.hpp */; };
		F4B4FA4B1EF5032700B28C48 /* GraphicObject.hpp in Headers */ = {isa = PBXBuildFile; fileRef = F4B4FA221EF5032700B28C48 /* GraphicObject.hpp */; };
		F4B4FA4C1EF5032700B28C48 /* EImageResource.hpp in Headers */ = {isa = PBXBuildFile; fileRef = F4B4FA241EF5032700B28C48 /* EImageResource.hpp */; };
		F4B4FA4D1EF5032700B28C48 /* EResourceFactory.hpp in Headers */ = {isa = PBXBuildFile; fileRef = F4B4FA251EF5032700B28C48 /* EResourceFactory.hpp */; };
		F4B4FA4E1EF5032700B28C48 /* EResourceLoaderInterface.hpp in Headers */ = {isa = PBXBuildFile; fileRef = F4B4FA261EF5032700B28C48 /* EResourceLoaderInterface.hpp */; };
		F4B4FA4F1EF5032700B28C48 /* EResourceManager.hpp in Headers */ = {isa = PBXBuildFile; fileRef = F4B4FA271EF5032700B28C48 /* EResourceManager.hpp */; };
		F4B4FA501EF5032700B28C48 /* ESpriteType.hpp in Headers */ = {isa = PBXBuildFile; fileRef = F4B4FA281EF5032700B28C48 /* ESpriteType.hpp */; };
		F4B4FA511EF5032700B28C48 /* XMLResourceLoader.hpp in Headers */ = {isa = PBXBuildFile; fileRef = F4B4FA291EF5032700B28C48 /* XMLResourceLoader.hpp */; };
		F4B4FA521EF5032700B28C48 /* EDbgOverlayScene.hpp in Headers */ = {isa = PBXBuildFile; fileRef = F4B4FA2B1EF5032700B28C48 /* EDbgOverlayScene.hpp */; };
		F4B4FA531EF5032700B28C48 /* ERPGScene.hpp in Headers */ = {isa = PBXBuildFile; fileRef = F4B4FA2C1EF5032700B28C48 /* ERPGScene.hpp */; };
		F4B4FA541EF5032700B28C48 /* EScene.hpp in Headers */ = {isa = PBXBuildFile; fileRef = F4B4FA2D1EF5032700B28C48 /* EScene.hpp */; };
		F4B4FA551EF5032700B28C48 /* ESceneDesc.hpp in Headers */ = {isa = PBXBuildFile; fileRef = F4B4FA2E1EF5032700B28C48 /* ESceneDesc.hpp */; };
		F4B4FA561EF5032700B28C48 /* ETitleScene.hpp in Headers */ = {isa = PBXBuildFile; fileRef = F4B4FA2F1EF5032700B28C48 /* ETitleScene.hpp */; };
		F4B4FA571EF5032700B28C48 /* EVisualNovelScene.hpp in Headers */ = {isa = PBXBuildFile; fileRef = F4B4FA301EF5032700B28C48 /* EVisualNovelScene.hpp */; };
		F4B4FA581EF5032700B28C48 /* SpLogHelper.hpp in Headers */ = {isa = PBXBuildFile; fileRef = F4B4FA321EF5032700B28C48 /* SpLogHelper.hpp */; };
		F4B4FA591EF5032700B28C48 /* EDrawable.hpp in Headers */ = {isa = PBXBuildFile; fileRef = F4B4FA341EF5032700B28C48 /* EDrawable.hpp */; };
		F4B4FA5A1EF5032700B28C48 /* EFigure.hpp in Headers */ = {isa = PBXBuildFile; fileRef = F4B4FA351EF5032700B28C48 /* EFigure.hpp */; };
		F4B4FA5B1EF5032700B28C48 /* EGridMapTexture.hpp in Headers */ = {isa = PBXBuildFile; fileRef = F4B4FA361EF5032700B28C48 /* EGridMapTexture.hpp */; };
		F4B4FA5C1EF5032700B28C48 /* EImageTexture.hpp in Headers */ = {isa = PBXBuildFile; fileRef = F4B4FA371EF5032700B28C48 /* EImageTexture.hpp */; };
		F4B4FA5D1EF5032700B28C48 /* ESprite.hpp in Headers */ = {isa = PBXBuildFile; fileRef = F4B4FA381EF5032700B28C48 /* ESprite.hpp */; };
		F4B4FA5E1EF5032700B28C48 /* ETextTexture.hpp in Headers */ = {isa = PBXBuildFile; fileRef = F4B4FA391EF5032700B28C48 /* ETextTexture.hpp */; };
		F4B4FA5F1EF5032700B28C48 /* IPCHelper.hpp in Headers */ = {isa = PBXBuildFile; fileRef = F4B4FA3B1EF5032700B28C48 /* IPCHelper.hpp */; };
		F4B4FA601EF5032700B28C48 /* JsonHelper.hpp in Headers */ = {isa = PBXBuildFile; fileRef = F4B4FA3C1EF5032700B28C48 /* JsonHelper.hpp */; };
		F4B4FA611EF5032700B28C48 /* LogHelper.hpp in Headers */ = {isa = PBXBuildFile; fileRef = F4B4FA3D1EF5032700B28C48 /* LogHelper.hpp */; };
		F4B4FA621EF5032700B28C48 /* PythonScript.hpp in Headers */ = {isa = PBXBuildFile; fileRef = F4B4FA3E1EF5032700B28C48 /* PythonScript.hpp */; };
		F4B4FA631EF5032700B28C48 /* SDLWrap.hpp in Headers */ = {isa = PBXBuildFile; fileRef = F4B4FA3F1EF5032700B28C48 /* SDLWrap.hpp */; };
		F4B4FA641EF5032700B28C48 /* XmlHelper.hpp in Headers */ = {isa = PBXBuildFile; fileRef = F4B4FA401EF5032700B28C48 /* XmlHelper.hpp */; };
		F4C63AB91E66EF1A00A552C0 /* ic_circle.png in Resources */ = {isa = PBXBuildFile; fileRef = F4C63AB51E66EF1A00A552C0 /* ic_circle.png */; };
		F4C63ABA1E66EF1A00A552C0 /* ic_cross.png in Resources */ = {isa = PBXBuildFile; fileRef = F4C63AB61E66EF1A00A552C0 /* ic_cross.png */; };
		F4C63ABB1E66EF1A00A552C0 /* ic_rect.png in Resources */ = {isa = PBXBuildFile; fileRef = F4C63AB71E66EF1A00A552C0 /* ic_rect.png */; };
		F4C63ABC1E66EF1A00A552C0 /* ic_triangle.png in Resources */ = {isa = PBXBuildFile; fileRef = F4C63AB81E66EF1A00A552C0 /* ic_triangle.png */; };
		FA8B4B97196703B400F8EB7C /* CoreMotion.framework in Frameworks */ = {isa = PBXBuildFile; fileRef = FA8B4B96196703B400F8EB7C /* CoreMotion.framework */; };
		FAE0E9651BAF967F0098DFA4 /* GameController.framework in Frameworks */ = {isa = PBXBuildFile; fileRef = FAE0E9641BAF967F0098DFA4 /* GameController.framework */; };
		FD779EDE0E26BA1200F39101 /* CoreAudio.framework in Frameworks */ = {isa = PBXBuildFile; fileRef = FD779EDD0E26BA1200F39101 /* CoreAudio.framework */; };
		FD77A0850E26BDB800F39101 /* AudioToolbox.framework in Frameworks */ = {isa = PBXBuildFile; fileRef = FD77A0840E26BDB800F39101 /* AudioToolbox.framework */; };
		FDB8BFC60E5A0F6A00980157 /* CoreGraphics.framework in Frameworks */ = {isa = PBXBuildFile; fileRef = FDB8BFC50E5A0F6A00980157 /* CoreGraphics.framework */; };
/* End PBXBuildFile section */

/* Begin PBXCopyFilesBuildPhase section */
		F42C2ECF23C8AA1000256624 /* Embed Frameworks */ = {
			isa = PBXCopyFilesBuildPhase;
			buildActionMask = 8;
			dstPath = "";
			dstSubfolderSpec = 10;
			files = (
				F415DE8F23D1D53A00069B27 /* Python.framework in Embed Frameworks */,
				F42C2EDF23C8AFC500256624 /* SDL2_ttf.framework in Embed Frameworks */,
				F415DE9423D1D53A00069B27 /* XZ.framework in Embed Frameworks */,
				F41BCEAE23C96EE80078DD3F /* zeromq.framework in Embed Frameworks */,
				F415DE9823D1D53A00069B27 /* BZip2.framework in Embed Frameworks */,
				F41BCEAA23C96EE80078DD3F /* protobuf.framework in Embed Frameworks */,
				F41BCEA823C96EE80078DD3F /* gtest.framework in Embed Frameworks */,
				F415DE9623D1D53A00069B27 /* OpenSSL.framework in Embed Frameworks */,
				F42C2EE123C8AFC600256624 /* SDL2_image.framework in Embed Frameworks */,
				F41BCEAC23C96EE80078DD3F /* pugixml.framework in Embed Frameworks */,
			);
			name = "Embed Frameworks";
			runOnlyForDeploymentPostprocessing = 1;
		};
/* End PBXCopyFilesBuildPhase section */

/* Begin PBXFileReference section */
		1D30AB110D05D00D00671497 /* Foundation.framework */ = {isa = PBXFileReference; lastKnownFileType = wrapper.framework; name = Foundation.framework; path = System/Library/Frameworks/Foundation.framework; sourceTree = SDKROOT; };
		1D6058910D05DD3D006BFB54 /* story-project.app */ = {isa = PBXFileReference; explicitFileType = wrapper.application; includeInIndex = 0; path = "story-project.app"; sourceTree = BUILT_PRODUCTS_DIR; };
		1DF5F4DF0D08C38300B7A737 /* UIKit.framework */ = {isa = PBXFileReference; lastKnownFileType = wrapper.framework; name = UIKit.framework; path = System/Library/Frameworks/UIKit.framework; sourceTree = SDKROOT; };
		28FD14FF0DC6FC520079059D /* OpenGLES.framework */ = {isa = PBXFileReference; lastKnownFileType = wrapper.framework; name = OpenGLES.framework; path = System/Library/Frameworks/OpenGLES.framework; sourceTree = SDKROOT; };
		28FD15070DC6FC5B0079059D /* QuartzCore.framework */ = {isa = PBXFileReference; lastKnownFileType = wrapper.framework; name = QuartzCore.framework; path = System/Library/Frameworks/QuartzCore.framework; sourceTree = SDKROOT; };
		8D1107310486CEB800E47090 /* Info.plist */ = {isa = PBXFileReference; fileEncoding = 4; lastKnownFileType = text.plist.xml; path = Info.plist; sourceTree = "<group>"; };
		F415DE9023D1D53A00069B27 /* XZ.framework */ = {isa = PBXFileReference; lastKnownFileType = wrapper.framework; name = XZ.framework; path = ../../external/build/target/iOS/release/frameworks/XZ.framework; sourceTree = "<group>"; };
		F415DE9123D1D53A00069B27 /* OpenSSL.framework */ = {isa = PBXFileReference; lastKnownFileType = wrapper.framework; name = OpenSSL.framework; path = ../../external/build/target/iOS/release/frameworks/OpenSSL.framework; sourceTree = "<group>"; };
		F415DE9223D1D53A00069B27 /* BZip2.framework */ = {isa = PBXFileReference; lastKnownFileType = wrapper.framework; name = BZip2.framework; path = ../../external/build/target/iOS/release/frameworks/BZip2.framework; sourceTree = "<group>"; };
		F415DE9923D1DAEE00069B27 /* python37.zip */ = {isa = PBXFileReference; lastKnownFileType = archive.zip; name = python37.zip; path = ../../external/build/target/iOS/release/frameworks/Python.framework/Resources/lib/python37.zip; sourceTree = "<group>"; };
		F41BCEA323C96EE70078DD3F /* gtest.framework */ = {isa = PBXFileReference; lastKnownFileType = wrapper.framework; name = gtest.framework; path = ../../external/build/target/iOS/release/frameworks/gtest.framework; sourceTree = "<group>"; };
		F41BCEA423C96EE70078DD3F /* protobuf.framework */ = {isa = PBXFileReference; lastKnownFileType = wrapper.framework; name = protobuf.framework; path = ../../external/build/target/iOS/release/frameworks/protobuf.framework; sourceTree = "<group>"; };
		F41BCEA523C96EE70078DD3F /* pugixml.framework */ = {isa = PBXFileReference; lastKnownFileType = wrapper.framework; name = pugixml.framework; path = ../../external/build/target/iOS/release/frameworks/pugixml.framework; sourceTree = "<group>"; };
		F41BCEA623C96EE70078DD3F /* zeromq.framework */ = {isa = PBXFileReference; lastKnownFileType = wrapper.framework; name = zeromq.framework; path = ../../external/build/target/iOS/release/frameworks/zeromq.framework; sourceTree = "<group>"; };
		F41E06C223D0879700CD7954 /* libPython.a */ = {isa = PBXFileReference; lastKnownFileType = archive.ar; name = libPython.a; path = ../../external/build/target/iOS/release/frameworks/Python.framework/Python/libPython.a; sourceTree = "<group>"; };
		F41E06C923D08FE400CD7954 /* libbzip2.a */ = {isa = PBXFileReference; lastKnownFileType = archive.ar; name = libbzip2.a; path = ../../external/build/target/iOS/release/frameworks/Python.framework/BZip2/libbzip2.a; sourceTree = "<group>"; };
		F41E06CA23D08FE400CD7954 /* libOpenSSL.a */ = {isa = PBXFileReference; lastKnownFileType = archive.ar; name = libOpenSSL.a; path = ../../external/build/target/iOS/release/frameworks/Python.framework/OpenSSL/libOpenSSL.a; sourceTree = "<group>"; };
		F41E06CB23D08FE400CD7954 /* libxz.a */ = {isa = PBXFileReference; lastKnownFileType = archive.ar; name = libxz.a; path = ../../external/build/target/iOS/release/frameworks/Python.framework/XZ/libxz.a; sourceTree = "<group>"; };
		F42169AE1D05593A00C50450 /* BerryGarden.png */ = {isa = PBXFileReference; lastKnownFileType = image.png; name = BerryGarden.png; path = ../../res/BerryGarden.png; sourceTree = "<group>"; };
		F42169AF1D05593A00C50450 /* bg-black.png */ = {isa = PBXFileReference; lastKnownFileType = image.png; name = "bg-black.png"; path = "../../res/bg-black.png"; sourceTree = "<group>"; };
		F42169B01D05593A00C50450 /* FreeSans.ttf */ = {isa = PBXFileReference; lastKnownFileType = file; name = FreeSans.ttf; path = ../../res/FreeSans.ttf; sourceTree = "<group>"; };
		F42169B11D05593A00C50450 /* grid-base.png */ = {isa = PBXFileReference; lastKnownFileType = image.png; name = "grid-base.png"; path = "../../res/grid-base.png"; sourceTree = "<group>"; };
		F42169B31D05593A00C50450 /* japanvillage.jpg */ = {isa = PBXFileReference; lastKnownFileType = image.jpeg; name = japanvillage.jpg; path = ../../res/japanvillage.jpg; sourceTree = "<group>"; };
		F42169B41D05593A00C50450 /* moderngirl02.png */ = {isa = PBXFileReference; lastKnownFileType = image.png; name = moderngirl02.png; path = ../../res/moderngirl02.png; sourceTree = "<group>"; };
		F42169B51D05593A00C50450 /* moderngirl02x2.png */ = {isa = PBXFileReference; lastKnownFileType = image.png; name = moderngirl02x2.png; path = ../../res/moderngirl02x2.png; sourceTree = "<group>"; };
		F42169B61D05593A00C50450 /* sample_scene.xml */ = {isa = PBXFileReference; fileEncoding = 4; lastKnownFileType = text.xml; name = sample_scene.xml; path = ../../res/sample_scene.xml; sourceTree = "<group>"; };
		F42169B71D05593A00C50450 /* sample_scene2.xml */ = {isa = PBXFileReference; fileEncoding = 4; lastKnownFileType = text.xml; name = sample_scene2.xml; path = ../../res/sample_scene2.xml; sourceTree = "<group>"; };
		F42AFD2723C45CDF00AC0221 /* jsoncpp.cpp */ = {isa = PBXFileReference; lastKnownFileType = sourcecode.cpp.cpp; name = jsoncpp.cpp; path = ../../external/build/source/iOS/jsoncpp/dist/jsoncpp.cpp; sourceTree = "<group>"; };
		F42AFD2923C45D0000AC0221 /* pugixml.cpp */ = {isa = PBXFileReference; lastKnownFileType = sourcecode.cpp.cpp; name = pugixml.cpp; path = ../../external/build/source/iOS/pugixml/src/pugixml.cpp; sourceTree = "<group>"; };
		F42C2ECC23C8AA1000256624 /* SDL2.framework */ = {isa = PBXFileReference; lastKnownFileType = wrapper.framework; name = SDL2.framework; path = ../../external/build/target/iOS/release/frameworks/SDL2.framework; sourceTree = "<group>"; };
		F42C2ED023C8AA2800256624 /* SDL2_image.framework */ = {isa = PBXFileReference; lastKnownFileType = wrapper.framework; name = SDL2_image.framework; path = ../../external/build/target/iOS/release/frameworks/SDL2_image.framework; sourceTree = "<group>"; };
		F42C2ED323C8AA3700256624 /* SDL2_ttf.framework */ = {isa = PBXFileReference; lastKnownFileType = wrapper.framework; name = SDL2_ttf.framework; path = ../../external/build/target/iOS/release/frameworks/SDL2_ttf.framework; sourceTree = "<group>"; };
		F42C2ED623C8AA5500256624 /* Python.framework */ = {isa = PBXFileReference; lastKnownFileType = wrapper.framework; name = Python.framework; path = ../../external/build/target/iOS/release/frameworks/Python.framework; sourceTree = "<group>"; };
		F42C2EE523C8BA6300256624 /* SDL2.framework */ = {isa = PBXFileReference; lastKnownFileType = wrapper.framework; name = SDL2.framework; path = ../../external/build/target/iOS/release/SDL2.framework; sourceTree = "<group>"; };
		F42C2EEB23C8BD9400256624 /* LogHelper.hpp */ = {isa = PBXFileReference; lastKnownFileType = sourcecode.cpp.h; name = LogHelper.hpp; path = ../../include/util/LogHelper.hpp; sourceTree = "<group>"; };
		F43DB9D91C78B41700BE5C9A /* CoreImage.framework */ = {isa = PBXFileReference; lastKnownFileType = wrapper.framework; name = CoreImage.framework; path = System/Library/Frameworks/CoreImage.framework; sourceTree = SDKROOT; };
		F43DB9DB1C78B44800BE5C9A /* ImageIO.framework */ = {isa = PBXFileReference; lastKnownFileType = wrapper.framework; name = ImageIO.framework; path = System/Library/Frameworks/ImageIO.framework; sourceTree = SDKROOT; };
		F43DB9DD1C78B51300BE5C9A /* AVKit.framework */ = {isa = PBXFileReference; lastKnownFileType = wrapper.framework; name = AVKit.framework; path = System/Library/Frameworks/AVKit.framework; sourceTree = SDKROOT; };
		F43DB9DF1C78B59400BE5C9A /* MobileCoreServices.framework */ = {isa = PBXFileReference; lastKnownFileType = wrapper.framework; name = MobileCoreServices.framework; path = System/Library/Frameworks/MobileCoreServices.framework; sourceTree = SDKROOT; };
		F43DB9E11C78B60300BE5C9A /* Launch Screen.storyboard */ = {isa = PBXFileReference; fileEncoding = 4; lastKnownFileType = file.storyboard; path = "Launch Screen.storyboard"; sourceTree = "<group>"; };
		F444ED661E6272D100C14B4E /* libg3logger.a */ = {isa = PBXFileReference; lastKnownFileType = archive.ar; name = libg3logger.a; path = ../../external/built/lib/ios/libg3logger.a; sourceTree = "<group>"; };
		F444ED671E6272D100C14B4E /* libgtest.a */ = {isa = PBXFileReference; lastKnownFileType = archive.ar; name = libgtest.a; path = ../../external/built/lib/ios/libgtest.a; sourceTree = "<group>"; };
		F444ED681E6272D100C14B4E /* libprotobuf.a */ = {isa = PBXFileReference; lastKnownFileType = archive.ar; name = libprotobuf.a; path = ../../external/built/lib/ios/libprotobuf.a; sourceTree = "<group>"; };
		F444ED691E6272D100C14B4E /* libpugixml.a */ = {isa = PBXFileReference; lastKnownFileType = archive.ar; name = libpugixml.a; path = ../../external/built/lib/ios/libpugixml.a; sourceTree = "<group>"; };
		F444ED6A1E6272D100C14B4E /* libSDL2_gfx.a */ = {isa = PBXFileReference; lastKnownFileType = archive.ar; name = libSDL2_gfx.a; path = ../../external/built/lib/ios/libSDL2_gfx.a; sourceTree = "<group>"; };
		F444ED6B1E6272D100C14B4E /* libSDL2_image.a */ = {isa = PBXFileReference; lastKnownFileType = archive.ar; name = libSDL2_image.a; path = ../../external/built/lib/ios/libSDL2_image.a; sourceTree = "<group>"; };
		F444ED6C1E6272D100C14B4E /* libSDL2_ttf.a */ = {isa = PBXFileReference; lastKnownFileType = archive.ar; name = libSDL2_ttf.a; path = ../../external/built/lib/ios/libSDL2_ttf.a; sourceTree = "<group>"; };
		F444ED6D1E6272D100C14B4E /* libSDL2.a */ = {isa = PBXFileReference; lastKnownFileType = archive.ar; name = libSDL2.a; path = ../../external/built/lib/ios/libSDL2.a; sourceTree = "<group>"; };
		F444ED6E1E6272D100C14B4E /* libzmq-static.a */ = {isa = PBXFileReference; lastKnownFileType = archive.ar; name = "libzmq-static.a"; path = "../../external/built/lib/ios/libzmq-static.a"; sourceTree = "<group>"; };
		F444ED901E627A3200C14B4E /* CoreAudioKit.framework */ = {isa = PBXFileReference; lastKnownFileType = wrapper.framework; name = CoreAudioKit.framework; path = System/Library/Frameworks/CoreAudioKit.framework; sourceTree = SDKROOT; };
		F444ED921E627A6600C14B4E /* Metal.framework */ = {isa = PBXFileReference; lastKnownFileType = wrapper.framework; name = Metal.framework; path = System/Library/Frameworks/Metal.framework; sourceTree = SDKROOT; };
		F444ED941E627A7000C14B4E /* MetalKit.framework */ = {isa = PBXFileReference; lastKnownFileType = wrapper.framework; name = MetalKit.framework; path = System/Library/Frameworks/MetalKit.framework; sourceTree = SDKROOT; };
		F444ED9F1E6286C100C14B4E /* AVFoundation.framework */ = {isa = PBXFileReference; lastKnownFileType = wrapper.framework; name = AVFoundation.framework; path = System/Library/Frameworks/AVFoundation.framework; sourceTree = SDKROOT; };
		F4468A051D96392A003AB89B /* Images-2.xcassets */ = {isa = PBXFileReference; lastKnownFileType = folder.assetcatalog; name = "Images-2.xcassets"; path = "___PROJECTNAME___/Images-2.xcassets"; sourceTree = "<group>"; };
		F467A7291F12623F00A70827 /* boost.framework */ = {isa = PBXFileReference; lastKnownFileType = wrapper.framework; name = boost.framework; path = ../../external/built/frameworks/boost.framework; sourceTree = "<group>"; };
		F46CE46F1FC5C96F00ABAB5C /* LostGarden_Grid_BasicTile.png */ = {isa = PBXFileReference; lastKnownFileType = image.png; name = LostGarden_Grid_BasicTile.png; path = ../../res/LostGarden_Grid_BasicTile.png; sourceTree = "<group>"; };
		F46CE4711FC5C97F00ABAB5C /* LostGarden_License.txt */ = {isa = PBXFileReference; fileEncoding = 4; lastKnownFileType = text; name = LostGarden_License.txt; path = ../../res/LostGarden_License.txt; sourceTree = "<group>"; };
		F46D5D221F0FB6AB00E5373E /* BZip2.framework */ = {isa = PBXFileReference; lastKnownFileType = wrapper.framework; name = BZip2.framework; path = ../../external/built/frameworks/BZip2.framework; sourceTree = "<group>"; };
		F46D5D231F0FB6AB00E5373E /* OpenSSL.framework */ = {isa = PBXFileReference; lastKnownFileType = wrapper.framework; name = OpenSSL.framework; path = ../../external/built/frameworks/OpenSSL.framework; sourceTree = "<group>"; };
		F46D5D241F0FB6AB00E5373E /* Python.framework */ = {isa = PBXFileReference; lastKnownFileType = wrapper.framework; name = Python.framework; path = ../../external/built/frameworks/Python.framework; sourceTree = "<group>"; };
		F46D5D251F0FB6AB00E5373E /* XZ.framework */ = {isa = PBXFileReference; lastKnownFileType = wrapper.framework; name = XZ.framework; path = ../../external/built/frameworks/XZ.framework; sourceTree = "<group>"; };
		F46D5D2A1F0FB97B00E5373E /* libsqlite3.tbd */ = {isa = PBXFileReference; lastKnownFileType = "sourcecode.text-based-dylib-definition"; name = libsqlite3.tbd; path = usr/lib/libsqlite3.tbd; sourceTree = SDKROOT; };
		F46D5D2C1F0FB9C400E5373E /* libz.tbd */ = {isa = PBXFileReference; lastKnownFileType = "sourcecode.text-based-dylib-definition"; name = libz.tbd; path = usr/lib/libz.tbd; sourceTree = SDKROOT; };
		F46D672B1F0FD4AF00E5373E /* story.cpython-36.pyc */ = {isa = PBXFileReference; lastKnownFileType = file; path = "story.cpython-36.pyc"; sourceTree = "<group>"; };
		F46D672C1F0FD4AF00E5373E /* ipc.pb.cc */ = {isa = PBXFileReference; fileEncoding = 4; lastKnownFileType = sourcecode.cpp.cpp; path = ipc.pb.cc; sourceTree = "<group>"; };
		F46D672D1F0FD4AF00E5373E /* ipc.pb.h */ = {isa = PBXFileReference; fileEncoding = 4; lastKnownFileType = sourcecode.c.h; path = ipc.pb.h; sourceTree = "<group>"; };
		F46D672E1F0FD4AF00E5373E /* ipc.proto */ = {isa = PBXFileReference; fileEncoding = 4; lastKnownFileType = text; path = ipc.proto; sourceTree = "<group>"; };
		F46D672F1F0FD4AF00E5373E /* ipc_pb2.py */ = {isa = PBXFileReference; fileEncoding = 4; lastKnownFileType = text.script.python; path = ipc_pb2.py; sourceTree = "<group>"; };
		F46D67301F0FD4AF00E5373E /* readme_swig.txt */ = {isa = PBXFileReference; fileEncoding = 4; lastKnownFileType = text; path = readme_swig.txt; sourceTree = "<group>"; };
		F46D67311F0FD4AF00E5373E /* SpLogHelper.i */ = {isa = PBXFileReference; fileEncoding = 4; lastKnownFileType = sourcecode.c.c.preprocessed; path = SpLogHelper.i; sourceTree = "<group>"; };
		F46D67321F0FD4AF00E5373E /* SpLogHelper_wrap.cxx */ = {isa = PBXFileReference; fileEncoding = 4; lastKnownFileType = sourcecode.cpp.cpp; path = SpLogHelper_wrap.cxx; sourceTree = "<group>"; };
		F46D67331F0FD4AF00E5373E /* SpLogHelper_wrap.h */ = {isa = PBXFileReference; fileEncoding = 4; lastKnownFileType = sourcecode.c.h; path = SpLogHelper_wrap.h; sourceTree = "<group>"; };
		F46D67341F0FD4AF00E5373E /* story.py */ = {isa = PBXFileReference; fileEncoding = 4; lastKnownFileType = text.script.python; path = story.py; sourceTree = "<group>"; };
		F486175F1D96C44F008641CB /* gom-sprite.png */ = {isa = PBXFileReference; lastKnownFileType = image.png; name = "gom-sprite.png"; path = "../../res/gom-sprite.png"; sourceTree = "<group>"; };
		F48617611D96C691008641CB /* JapaneseVillage.png */ = {isa = PBXFileReference; lastKnownFileType = image.png; name = JapaneseVillage.png; path = ../../res/JapaneseVillage.png; sourceTree = "<group>"; };
		F49371DF1F107428003DC4CD /* python36.zip */ = {isa = PBXFileReference; lastKnownFileType = archive.zip; name = python36.zip; path = ../../res/python36.zip; sourceTree = "<group>"; };
		F49371ED1F1076EF003DC4CD /* python */ = {isa = PBXFileReference; lastKnownFileType = folder; name = python; path = ../../res/python; sourceTree = "<group>"; };
		F4A37F3E1D8D929400186118 /* f069.png */ = {isa = PBXFileReference; lastKnownFileType = image.png; name = f069.png; path = ../../res/f069.png; sourceTree = "<group>"; };
		F4A37F3F1D8D929400186118 /* f071.png */ = {isa = PBXFileReference; lastKnownFileType = image.png; name = f071.png; path = ../../res/f071.png; sourceTree = "<group>"; };
		F4A37F401D8D929400186118 /* gom-002.png */ = {isa = PBXFileReference; lastKnownFileType = image.png; name = "gom-002.png"; path = "../../res/gom-002.png"; sourceTree = "<group>"; };
		F4A37F411D8D929400186118 /* gom-003.png */ = {isa = PBXFileReference; lastKnownFileType = image.png; name = "gom-003.png"; path = "../../res/gom-003.png"; sourceTree = "<group>"; };
		F4A37F421D8D929400186118 /* gom-004.png */ = {isa = PBXFileReference; lastKnownFileType = image.png; name = "gom-004.png"; path = "../../res/gom-004.png"; sourceTree = "<group>"; };
		F4A37F431D8D929400186118 /* JewelSaviorFREE-readme.txt */ = {isa = PBXFileReference; fileEncoding = 4; lastKnownFileType = text; name = "JewelSaviorFREE-readme.txt"; path = "../../res/JewelSaviorFREE-readme.txt"; sourceTree = "<group>"; };
		F4A37F441D8D929400186118 /* NanumBarunpenR.ttf */ = {isa = PBXFileReference; lastKnownFileType = file; name = NanumBarunpenR.ttf; path = ../../res/NanumBarunpenR.ttf; sourceTree = "<group>"; };
		F4A37F451D8D929400186118 /* NanumGothic.ttf */ = {isa = PBXFileReference; lastKnownFileType = file; name = NanumGothic.ttf; path = ../../res/NanumGothic.ttf; sourceTree = "<group>"; };
		F4A37F471D8D929400186118 /* __init__.py */ = {isa = PBXFileReference; fileEncoding = 4; lastKnownFileType = text.script.python; path = __init__.py; sourceTree = "<group>"; };
		F4A37F481D8D929400186118 /* __init__.pyc */ = {isa = PBXFileReference; lastKnownFileType = file; path = __init__.pyc; sourceTree = "<group>"; };
		F4A37F491D8D929400186118 /* py_test.py */ = {isa = PBXFileReference; fileEncoding = 4; lastKnownFileType = text.script.python; path = py_test.py; sourceTree = "<group>"; };
		F4A37F551D8D94D800186118 /* jsoncpp.cpp */ = {isa = PBXFileReference; fileEncoding = 4; lastKnownFileType = sourcecode.cpp.cpp; name = jsoncpp.cpp; path = ../../external/sources/jsoncpp/dist/jsoncpp.cpp; sourceTree = "<group>"; };
		F4A37F571D8D94EB00186118 /* pugixml.cpp */ = {isa = PBXFileReference; fileEncoding = 4; lastKnownFileType = sourcecode.cpp.cpp; name = pugixml.cpp; path = ../../external/sources/pugixml/src/pugixml.cpp; sourceTree = "<group>"; };
		F4A37F591D8D94F900186118 /* ipc.pb.cc */ = {isa = PBXFileReference; fileEncoding = 4; lastKnownFileType = sourcecode.cpp.cpp; name = ipc.pb.cc; path = ../../scripting/ipc.pb.cc; sourceTree = "<group>"; };
		F4B4F9C61EF5031800B28C48 /* Ecore.cpp */ = {isa = PBXFileReference; fileEncoding = 4; lastKnownFileType = sourcecode.cpp.cpp; path = Ecore.cpp; sourceTree = "<group>"; };
		F4B4F9C71EF5031800B28C48 /* ESceneManager.cpp */ = {isa = PBXFileReference; fileEncoding = 4; lastKnownFileType = sourcecode.cpp.cpp; path = ESceneManager.cpp; sourceTree = "<group>"; };
		F4B4F9C81EF5031800B28C48 /* EScreenManager.cpp */ = {isa = PBXFileReference; fileEncoding = 4; lastKnownFileType = sourcecode.cpp.cpp; path = EScreenManager.cpp; sourceTree = "<group>"; };
		F4B4F9C91EF5031800B28C48 /* main.cpp */ = {isa = PBXFileReference; fileEncoding = 4; lastKnownFileType = sourcecode.cpp.cpp; path = main.cpp; sourceTree = "<group>"; };
		F4B4F9CC1EF5031800B28C48 /* EAccelAnimation.cpp */ = {isa = PBXFileReference; fileEncoding = 4; lastKnownFileType = sourcecode.cpp.cpp; path = EAccelAnimation.cpp; sourceTree = "<group>"; };
		F4B4F9CD1EF5031800B28C48 /* EAnimation.cpp */ = {isa = PBXFileReference; fileEncoding = 4; lastKnownFileType = sourcecode.cpp.cpp; path = EAnimation.cpp; sourceTree = "<group>"; };
		F4B4F9CE1EF5031800B28C48 /* EGridMoveAnimation.cpp */ = {isa = PBXFileReference; fileEncoding = 4; lastKnownFileType = sourcecode.cpp.cpp; path = EGridMoveAnimation.cpp; sourceTree = "<group>"; };
		F4B4F9CF1EF5031800B28C48 /* ERotateAndMoveAnimation.cpp */ = {isa = PBXFileReference; fileEncoding = 4; lastKnownFileType = sourcecode.cpp.cpp; path = ERotateAndMoveAnimation.cpp; sourceTree = "<group>"; };
		F4B4F9D01EF5031800B28C48 /* ESmoothRotateAnimation.cpp */ = {isa = PBXFileReference; fileEncoding = 4; lastKnownFileType = sourcecode.cpp.cpp; path = ESmoothRotateAnimation.cpp; sourceTree = "<group>"; };
		F4B4F9D11EF5031800B28C48 /* ESmoothStepAnimation.cpp */ = {isa = PBXFileReference; fileEncoding = 4; lastKnownFileType = sourcecode.cpp.cpp; path = ESmoothStepAnimation.cpp; sourceTree = "<group>"; };
		F4B4F9D21EF5031800B28C48 /* GraphicObject.cpp */ = {isa = PBXFileReference; fileEncoding = 4; lastKnownFileType = sourcecode.cpp.cpp; path = GraphicObject.cpp; sourceTree = "<group>"; };
		F4B4F9D41EF5031800B28C48 /* EImageResource.cpp */ = {isa = PBXFileReference; fileEncoding = 4; lastKnownFileType = sourcecode.cpp.cpp; path = EImageResource.cpp; sourceTree = "<group>"; };
		F4B4F9D51EF5031800B28C48 /* EResourceFactory.cpp */ = {isa = PBXFileReference; fileEncoding = 4; lastKnownFileType = sourcecode.cpp.cpp; path = EResourceFactory.cpp; sourceTree = "<group>"; };
		F4B4F9D61EF5031800B28C48 /* EResourceLoaderInterface.cpp */ = {isa = PBXFileReference; fileEncoding = 4; lastKnownFileType = sourcecode.cpp.cpp; path = EResourceLoaderInterface.cpp; sourceTree = "<group>"; };
		F4B4F9D71EF5031800B28C48 /* EResourceManager.cpp */ = {isa = PBXFileReference; fileEncoding = 4; lastKnownFileType = sourcecode.cpp.cpp; path = EResourceManager.cpp; sourceTree = "<group>"; };
		F4B4F9D81EF5031800B28C48 /* ESpriteType.cpp */ = {isa = PBXFileReference; fileEncoding = 4; lastKnownFileType = sourcecode.cpp.cpp; path = ESpriteType.cpp; sourceTree = "<group>"; };
		F4B4F9D91EF5031800B28C48 /* XMLResourceLoader.cpp */ = {isa = PBXFileReference; fileEncoding = 4; lastKnownFileType = sourcecode.cpp.cpp; path = XMLResourceLoader.cpp; sourceTree = "<group>"; };
		F4B4F9DB1EF5031800B28C48 /* EDbgOverlayScene.cpp */ = {isa = PBXFileReference; fileEncoding = 4; lastKnownFileType = sourcecode.cpp.cpp; path = EDbgOverlayScene.cpp; sourceTree = "<group>"; };
		F4B4F9DC1EF5031800B28C48 /* ERPGScene.cpp */ = {isa = PBXFileReference; fileEncoding = 4; lastKnownFileType = sourcecode.cpp.cpp; path = ERPGScene.cpp; sourceTree = "<group>"; };
		F4B4F9DD1EF5031800B28C48 /* EScene.cpp */ = {isa = PBXFileReference; fileEncoding = 4; lastKnownFileType = sourcecode.cpp.cpp; path = EScene.cpp; sourceTree = "<group>"; };
		F4B4F9DE1EF5031800B28C48 /* ESceneDesc.cpp */ = {isa = PBXFileReference; fileEncoding = 4; lastKnownFileType = sourcecode.cpp.cpp; path = ESceneDesc.cpp; sourceTree = "<group>"; };
		F4B4F9DF1EF5031800B28C48 /* ETitleScene.cpp */ = {isa = PBXFileReference; fileEncoding = 4; lastKnownFileType = sourcecode.cpp.cpp; path = ETitleScene.cpp; sourceTree = "<group>"; };
		F4B4F9E01EF5031800B28C48 /* EVisualNovelScene.cpp */ = {isa = PBXFileReference; fileEncoding = 4; lastKnownFileType = sourcecode.cpp.cpp; path = EVisualNovelScene.cpp; sourceTree = "<group>"; };
		F4B4F9E21EF5031800B28C48 /* SpLogHelper.cpp */ = {isa = PBXFileReference; fileEncoding = 4; lastKnownFileType = sourcecode.cpp.cpp; path = SpLogHelper.cpp; sourceTree = "<group>"; };
		F4B4F9E41EF5031800B28C48 /* EDrawable.cpp */ = {isa = PBXFileReference; fileEncoding = 4; lastKnownFileType = sourcecode.cpp.cpp; path = EDrawable.cpp; sourceTree = "<group>"; };
		F4B4F9E51EF5031800B28C48 /* EFigure.cpp */ = {isa = PBXFileReference; fileEncoding = 4; lastKnownFileType = sourcecode.cpp.cpp; path = EFigure.cpp; sourceTree = "<group>"; };
		F4B4F9E61EF5031800B28C48 /* EGridMapTexture.cpp */ = {isa = PBXFileReference; fileEncoding = 4; lastKnownFileType = sourcecode.cpp.cpp; path = EGridMapTexture.cpp; sourceTree = "<group>"; };
		F4B4F9E71EF5031800B28C48 /* EImageTexture.cpp */ = {isa = PBXFileReference; fileEncoding = 4; lastKnownFileType = sourcecode.cpp.cpp; path = EImageTexture.cpp; sourceTree = "<group>"; };
		F4B4F9E81EF5031800B28C48 /* ESprite.cpp */ = {isa = PBXFileReference; fileEncoding = 4; lastKnownFileType = sourcecode.cpp.cpp; path = ESprite.cpp; sourceTree = "<group>"; };
		F4B4F9E91EF5031800B28C48 /* ETextTexture.cpp */ = {isa = PBXFileReference; fileEncoding = 4; lastKnownFileType = sourcecode.cpp.cpp; path = ETextTexture.cpp; sourceTree = "<group>"; };
		F4B4F9EB1EF5031800B28C48 /* IPCHelper.cpp */ = {isa = PBXFileReference; fileEncoding = 4; lastKnownFileType = sourcecode.cpp.cpp; path = IPCHelper.cpp; sourceTree = "<group>"; };
		F4B4F9EC1EF5031800B28C48 /* JsonHelper.cpp */ = {isa = PBXFileReference; fileEncoding = 4; lastKnownFileType = sourcecode.cpp.cpp; path = JsonHelper.cpp; sourceTree = "<group>"; };
		F4B4F9ED1EF5031800B28C48 /* LogHelper.cpp */ = {isa = PBXFileReference; fileEncoding = 4; lastKnownFileType = sourcecode.cpp.cpp; path = LogHelper.cpp; sourceTree = "<group>"; };
		F4B4F9EE1EF5031800B28C48 /* PythonScript.cpp */ = {isa = PBXFileReference; fileEncoding = 4; lastKnownFileType = sourcecode.cpp.cpp; path = PythonScript.cpp; sourceTree = "<group>"; };
		F4B4F9EF1EF5031800B28C48 /* SDLWrap.cpp */ = {isa = PBXFileReference; fileEncoding = 4; lastKnownFileType = sourcecode.cpp.cpp; path = SDLWrap.cpp; sourceTree = "<group>"; };
		F4B4F9F01EF5031800B28C48 /* XmlHelper.cpp */ = {isa = PBXFileReference; fileEncoding = 4; lastKnownFileType = sourcecode.cpp.cpp; path = XmlHelper.cpp; sourceTree = "<group>"; };
		F4B4FA161EF5032700B28C48 /* Ecore.hpp */ = {isa = PBXFileReference; fileEncoding = 4; lastKnownFileType = sourcecode.cpp.h; path = Ecore.hpp; sourceTree = "<group>"; };
		F4B4FA171EF5032700B28C48 /* ESceneManager.hpp */ = {isa = PBXFileReference; fileEncoding = 4; lastKnownFileType = sourcecode.cpp.h; path = ESceneManager.hpp; sourceTree = "<group>"; };
		F4B4FA181EF5032700B28C48 /* EScreenManager.hpp */ = {isa = PBXFileReference; fileEncoding = 4; lastKnownFileType = sourcecode.cpp.h; path = EScreenManager.hpp; sourceTree = "<group>"; };
		F4B4FA1B1EF5032700B28C48 /* EAccelAnimation.hpp */ = {isa = PBXFileReference; fileEncoding = 4; lastKnownFileType = sourcecode.cpp.h; path = EAccelAnimation.hpp; sourceTree = "<group>"; };
		F4B4FA1C1EF5032700B28C48 /* EAnimation.hpp */ = {isa = PBXFileReference; fileEncoding = 4; lastKnownFileType = sourcecode.cpp.h; path = EAnimation.hpp; sourceTree = "<group>"; };
		F4B4FA1D1EF5032700B28C48 /* EGridMoveAnimation.hpp */ = {isa = PBXFileReference; fileEncoding = 4; lastKnownFileType = sourcecode.cpp.h; path = EGridMoveAnimation.hpp; sourceTree = "<group>"; };
		F4B4FA1E1EF5032700B28C48 /* ERotateAndMoveAnimation.hpp */ = {isa = PBXFileReference; fileEncoding = 4; lastKnownFileType = sourcecode.cpp.h; path = ERotateAndMoveAnimation.hpp; sourceTree = "<group>"; };
		F4B4FA1F1EF5032700B28C48 /* ESmoothRotateAnimation.hpp */ = {isa = PBXFileReference; fileEncoding = 4; lastKnownFileType = sourcecode.cpp.h; path = ESmoothRotateAnimation.hpp; sourceTree = "<group>"; };
		F4B4FA201EF5032700B28C48 /* ESmoothStepAnimation.hpp */ = {isa = PBXFileReference; fileEncoding = 4; lastKnownFileType = sourcecode.cpp.h; path = ESmoothStepAnimation.hpp; sourceTree = "<group>"; };
		F4B4FA211EF5032700B28C48 /* GObjectGroup.hpp */ = {isa = PBXFileReference; fileEncoding = 4; lastKnownFileType = sourcecode.cpp.h; path = GObjectGroup.hpp; sourceTree = "<group>"; };
		F4B4FA221EF5032700B28C48 /* GraphicObject.hpp */ = {isa = PBXFileReference; fileEncoding = 4; lastKnownFileType = sourcecode.cpp.h; path = GraphicObject.hpp; sourceTree = "<group>"; };
		F4B4FA241EF5032700B28C48 /* EImageResource.hpp */ = {isa = PBXFileReference; fileEncoding = 4; lastKnownFileType = sourcecode.cpp.h; path = EImageResource.hpp; sourceTree = "<group>"; };
		F4B4FA251EF5032700B28C48 /* EResourceFactory.hpp */ = {isa = PBXFileReference; fileEncoding = 4; lastKnownFileType = sourcecode.cpp.h; path = EResourceFactory.hpp; sourceTree = "<group>"; };
		F4B4FA261EF5032700B28C48 /* EResourceLoaderInterface.hpp */ = {isa = PBXFileReference; fileEncoding = 4; lastKnownFileType = sourcecode.cpp.h; path = EResourceLoaderInterface.hpp; sourceTree = "<group>"; };
		F4B4FA271EF5032700B28C48 /* EResourceManager.hpp */ = {isa = PBXFileReference; fileEncoding = 4; lastKnownFileType = sourcecode.cpp.h; path = EResourceManager.hpp; sourceTree = "<group>"; };
		F4B4FA281EF5032700B28C48 /* ESpriteType.hpp */ = {isa = PBXFileReference; fileEncoding = 4; lastKnownFileType = sourcecode.cpp.h; path = ESpriteType.hpp; sourceTree = "<group>"; };
		F4B4FA291EF5032700B28C48 /* XMLResourceLoader.hpp */ = {isa = PBXFileReference; fileEncoding = 4; lastKnownFileType = sourcecode.cpp.h; path = XMLResourceLoader.hpp; sourceTree = "<group>"; };
		F4B4FA2B1EF5032700B28C48 /* EDbgOverlayScene.hpp */ = {isa = PBXFileReference; fileEncoding = 4; lastKnownFileType = sourcecode.cpp.h; path = EDbgOverlayScene.hpp; sourceTree = "<group>"; };
		F4B4FA2C1EF5032700B28C48 /* ERPGScene.hpp */ = {isa = PBXFileReference; fileEncoding = 4; lastKnownFileType = sourcecode.cpp.h; path = ERPGScene.hpp; sourceTree = "<group>"; };
		F4B4FA2D1EF5032700B28C48 /* EScene.hpp */ = {isa = PBXFileReference; fileEncoding = 4; lastKnownFileType = sourcecode.cpp.h; path = EScene.hpp; sourceTree = "<group>"; };
		F4B4FA2E1EF5032700B28C48 /* ESceneDesc.hpp */ = {isa = PBXFileReference; fileEncoding = 4; lastKnownFileType = sourcecode.cpp.h; path = ESceneDesc.hpp; sourceTree = "<group>"; };
		F4B4FA2F1EF5032700B28C48 /* ETitleScene.hpp */ = {isa = PBXFileReference; fileEncoding = 4; lastKnownFileType = sourcecode.cpp.h; path = ETitleScene.hpp; sourceTree = "<group>"; };
		F4B4FA301EF5032700B28C48 /* EVisualNovelScene.hpp */ = {isa = PBXFileReference; fileEncoding = 4; lastKnownFileType = sourcecode.cpp.h; path = EVisualNovelScene.hpp; sourceTree = "<group>"; };
		F4B4FA321EF5032700B28C48 /* SpLogHelper.hpp */ = {isa = PBXFileReference; fileEncoding = 4; lastKnownFileType = sourcecode.cpp.h; path = SpLogHelper.hpp; sourceTree = "<group>"; };
		F4B4FA341EF5032700B28C48 /* EDrawable.hpp */ = {isa = PBXFileReference; fileEncoding = 4; lastKnownFileType = sourcecode.cpp.h; path = EDrawable.hpp; sourceTree = "<group>"; };
		F4B4FA351EF5032700B28C48 /* EFigure.hpp */ = {isa = PBXFileReference; fileEncoding = 4; lastKnownFileType = sourcecode.cpp.h; path = EFigure.hpp; sourceTree = "<group>"; };
		F4B4FA361EF5032700B28C48 /* EGridMapTexture.hpp */ = {isa = PBXFileReference; fileEncoding = 4; lastKnownFileType = sourcecode.cpp.h; path = EGridMapTexture.hpp; sourceTree = "<group>"; };
		F4B4FA371EF5032700B28C48 /* EImageTexture.hpp */ = {isa = PBXFileReference; fileEncoding = 4; lastKnownFileType = sourcecode.cpp.h; path = EImageTexture.hpp; sourceTree = "<group>"; };
		F4B4FA381EF5032700B28C48 /* ESprite.hpp */ = {isa = PBXFileReference; fileEncoding = 4; lastKnownFileType = sourcecode.cpp.h; path = ESprite.hpp; sourceTree = "<group>"; };
		F4B4FA391EF5032700B28C48 /* ETextTexture.hpp */ = {isa = PBXFileReference; fileEncoding = 4; lastKnownFileType = sourcecode.cpp.h; path = ETextTexture.hpp; sourceTree = "<group>"; };
		F4B4FA3B1EF5032700B28C48 /* IPCHelper.hpp */ = {isa = PBXFileReference; fileEncoding = 4; lastKnownFileType = sourcecode.cpp.h; path = IPCHelper.hpp; sourceTree = "<group>"; };
		F4B4FA3C1EF5032700B28C48 /* JsonHelper.hpp */ = {isa = PBXFileReference; fileEncoding = 4; lastKnownFileType = sourcecode.cpp.h; path = JsonHelper.hpp; sourceTree = "<group>"; };
		F4B4FA3D1EF5032700B28C48 /* LogHelper.hpp */ = {isa = PBXFileReference; fileEncoding = 4; lastKnownFileType = sourcecode.cpp.h; path = LogHelper.hpp; sourceTree = "<group>"; };
		F4B4FA3E1EF5032700B28C48 /* PythonScript.hpp */ = {isa = PBXFileReference; fileEncoding = 4; lastKnownFileType = sourcecode.cpp.h; path = PythonScript.hpp; sourceTree = "<group>"; };
		F4B4FA3F1EF5032700B28C48 /* SDLWrap.hpp */ = {isa = PBXFileReference; fileEncoding = 4; lastKnownFileType = sourcecode.cpp.h; path = SDLWrap.hpp; sourceTree = "<group>"; };
		F4B4FA401EF5032700B28C48 /* XmlHelper.hpp */ = {isa = PBXFileReference; fileEncoding = 4; lastKnownFileType = sourcecode.cpp.h; path = XmlHelper.hpp; sourceTree = "<group>"; };
		F4C63AB51E66EF1A00A552C0 /* ic_circle.png */ = {isa = PBXFileReference; lastKnownFileType = image.png; name = ic_circle.png; path = ../../res/ic_circle.png; sourceTree = "<group>"; };
		F4C63AB61E66EF1A00A552C0 /* ic_cross.png */ = {isa = PBXFileReference; lastKnownFileType = image.png; name = ic_cross.png; path = ../../res/ic_cross.png; sourceTree = "<group>"; };
		F4C63AB71E66EF1A00A552C0 /* ic_rect.png */ = {isa = PBXFileReference; lastKnownFileType = image.png; name = ic_rect.png; path = ../../res/ic_rect.png; sourceTree = "<group>"; };
		F4C63AB81E66EF1A00A552C0 /* ic_triangle.png */ = {isa = PBXFileReference; lastKnownFileType = image.png; name = ic_triangle.png; path = ../../res/ic_triangle.png; sourceTree = "<group>"; };
		FA8B4B96196703B400F8EB7C /* CoreMotion.framework */ = {isa = PBXFileReference; lastKnownFileType = wrapper.framework; name = CoreMotion.framework; path = System/Library/Frameworks/CoreMotion.framework; sourceTree = SDKROOT; };
		FAE0E9641BAF967F0098DFA4 /* GameController.framework */ = {isa = PBXFileReference; lastKnownFileType = wrapper.framework; name = GameController.framework; path = System/Library/Frameworks/GameController.framework; sourceTree = SDKROOT; };
		FD779EDD0E26BA1200F39101 /* CoreAudio.framework */ = {isa = PBXFileReference; lastKnownFileType = wrapper.framework; name = CoreAudio.framework; path = System/Library/Frameworks/CoreAudio.framework; sourceTree = SDKROOT; };
		FD77A0840E26BDB800F39101 /* AudioToolbox.framework */ = {isa = PBXFileReference; lastKnownFileType = wrapper.framework; name = AudioToolbox.framework; path = System/Library/Frameworks/AudioToolbox.framework; sourceTree = SDKROOT; };
		FDB8BFC50E5A0F6A00980157 /* CoreGraphics.framework */ = {isa = PBXFileReference; lastKnownFileType = wrapper.framework; name = CoreGraphics.framework; path = System/Library/Frameworks/CoreGraphics.framework; sourceTree = SDKROOT; };
/* End PBXFileReference section */

/* Begin PBXFrameworksBuildPhase section */
		1D60588F0D05DD3D006BFB54 /* Frameworks */ = {
			isa = PBXFrameworksBuildPhase;
			buildActionMask = 2147483647;
			files = (
				F42C2EE823C8BC4900256624 /* SDL2.framework in Frameworks */,
				F42C2EE923C8BC8300256624 /* SDL2_image.framework in Frameworks */,
				F41BCEAD23C96EE80078DD3F /* zeromq.framework in Frameworks */,
				F42C2EEA23C8BC8300256624 /* SDL2_ttf.framework in Frameworks */,
				F415DE9523D1D53A00069B27 /* OpenSSL.framework in Frameworks */,
				F46D5D2D1F0FB9C400E5373E /* libz.tbd in Frameworks */,
				F46D5D2B1F0FB97B00E5373E /* libsqlite3.tbd in Frameworks */,
				F41BCEA923C96EE80078DD3F /* protobuf.framework in Frameworks */,
				F41BCEA723C96EE80078DD3F /* gtest.framework in Frameworks */,
				F444EDA01E6286C100C14B4E /* AVFoundation.framework in Frameworks */,
				F41BCEAB23C96EE80078DD3F /* pugixml.framework in Frameworks */,
				F415DE9323D1D53A00069B27 /* XZ.framework in Frameworks */,
				FAE0E9651BAF967F0098DFA4 /* GameController.framework in Frameworks */,
				FA8B4B97196703B400F8EB7C /* CoreMotion.framework in Frameworks */,
				F415DE9723D1D53A00069B27 /* BZip2.framework in Frameworks */,
				FD779EDE0E26BA1200F39101 /* CoreAudio.framework in Frameworks */,
				FD77A0850E26BDB800F39101 /* AudioToolbox.framework in Frameworks */,
				F41E06CF23D0989900CD7954 /* Metal.framework in Frameworks */,
				1D60589F0D05DD5A006BFB54 /* Foundation.framework in Frameworks */,
				F415DE8E23D1D53A00069B27 /* Python.framework in Frameworks */,
				1DF5F4E00D08C38300B7A737 /* UIKit.framework in Frameworks */,
				FDB8BFC60E5A0F6A00980157 /* CoreGraphics.framework in Frameworks */,
				28FD15000DC6FC520079059D /* OpenGLES.framework in Frameworks */,
				28FD15080DC6FC5B0079059D /* QuartzCore.framework in Frameworks */,
				F43DB9DC1C78B44800BE5C9A /* ImageIO.framework in Frameworks */,
				F45B1D351E62DC4E003C10E2 /* MobileCoreServices.framework in Frameworks */,
			);
			runOnlyForDeploymentPostprocessing = 0;
		};
/* End PBXFrameworksBuildPhase section */

/* Begin PBXGroup section */
		19C28FACFE9D520D11CA2CBB /* Products */ = {
			isa = PBXGroup;
			children = (
				1D6058910D05DD3D006BFB54 /* story-project.app */,
			);
			name = Products;
			sourceTree = "<group>";
		};
		29B97314FDCFA39411CA2CEA /* CustomTemplate */ = {
			isa = PBXGroup;
			children = (
				F42C2EEB23C8BD9400256624 /* LogHelper.hpp */,
				F42AFD2923C45D0000AC0221 /* pugixml.cpp */,
				F42AFD2723C45CDF00AC0221 /* jsoncpp.cpp */,
				F49371ED1F1076EF003DC4CD /* python */,
				F49371DF1F107428003DC4CD /* python36.zip */,
				F4B4FA151EF5032700B28C48 /* include */,
				F4B4F9C51EF5031800B28C48 /* src */,
				F4A37F591D8D94F900186118 /* ipc.pb.cc */,
				F4A37F571D8D94EB00186118 /* pugixml.cpp */,
				F4A37F551D8D94D800186118 /* jsoncpp.cpp */,
				F46D67291F0FD4AF00E5373E /* scripting */,
				29B97317FDCFA39411CA2CEA /* Resources */,
				29B97323FDCFA39411CA2CEA /* Frameworks */,
				19C28FACFE9D520D11CA2CBB /* Products */,
			);
			name = CustomTemplate;
			sourceTree = "<group>";
		};
		29B97317FDCFA39411CA2CEA /* Resources */ = {
			isa = PBXGroup;
			children = (
				F415DE9923D1DAEE00069B27 /* python37.zip */,
				F46CE4711FC5C97F00ABAB5C /* LostGarden_License.txt */,
				F46CE46F1FC5C96F00ABAB5C /* LostGarden_Grid_BasicTile.png */,
				F4C63AB51E66EF1A00A552C0 /* ic_circle.png */,
				F4C63AB61E66EF1A00A552C0 /* ic_cross.png */,
				F4C63AB71E66EF1A00A552C0 /* ic_rect.png */,
				F4C63AB81E66EF1A00A552C0 /* ic_triangle.png */,
				F48617611D96C691008641CB /* JapaneseVillage.png */,
				F486175F1D96C44F008641CB /* gom-sprite.png */,
				F4468A051D96392A003AB89B /* Images-2.xcassets */,
				F4A37F3E1D8D929400186118 /* f069.png */,
				F4A37F3F1D8D929400186118 /* f071.png */,
				F4A37F401D8D929400186118 /* gom-002.png */,
				F4A37F411D8D929400186118 /* gom-003.png */,
				F4A37F421D8D929400186118 /* gom-004.png */,
				F4A37F431D8D929400186118 /* JewelSaviorFREE-readme.txt */,
				F4A37F441D8D929400186118 /* NanumBarunpenR.ttf */,
				F4A37F451D8D929400186118 /* NanumGothic.ttf */,
				F4A37F461D8D929400186118 /* scripts */,
				F42169AE1D05593A00C50450 /* BerryGarden.png */,
				F42169AF1D05593A00C50450 /* bg-black.png */,
				F42169B01D05593A00C50450 /* FreeSans.ttf */,
				F42169B11D05593A00C50450 /* grid-base.png */,
				F42169B31D05593A00C50450 /* japanvillage.jpg */,
				F42169B41D05593A00C50450 /* moderngirl02.png */,
				F42169B51D05593A00C50450 /* moderngirl02x2.png */,
				F42169B61D05593A00C50450 /* sample_scene.xml */,
				F42169B71D05593A00C50450 /* sample_scene2.xml */,
				F43DB9E11C78B60300BE5C9A /* Launch Screen.storyboard */,
				8D1107310486CEB800E47090 /* Info.plist */,
			);
			name = Resources;
			sourceTree = "<group>";
		};
		29B97323FDCFA39411CA2CEA /* Frameworks */ = {
			isa = PBXGroup;
			children = (
				F415DE9223D1D53A00069B27 /* BZip2.framework */,
				F415DE9123D1D53A00069B27 /* OpenSSL.framework */,
				F415DE9023D1D53A00069B27 /* XZ.framework */,
				F41E06C923D08FE400CD7954 /* libbzip2.a */,
				F41E06CA23D08FE400CD7954 /* libOpenSSL.a */,
				F41E06CB23D08FE400CD7954 /* libxz.a */,
				F41E06C223D0879700CD7954 /* libPython.a */,
				F41BCEA323C96EE70078DD3F /* gtest.framework */,
				F41BCEA423C96EE70078DD3F /* protobuf.framework */,
				F41BCEA523C96EE70078DD3F /* pugixml.framework */,
				F41BCEA623C96EE70078DD3F /* zeromq.framework */,
				F42C2EE523C8BA6300256624 /* SDL2.framework */,
				F42C2ED623C8AA5500256624 /* Python.framework */,
				F42C2ED323C8AA3700256624 /* SDL2_ttf.framework */,
				F42C2ED023C8AA2800256624 /* SDL2_image.framework */,
				F42C2ECC23C8AA1000256624 /* SDL2.framework */,
				F467A7291F12623F00A70827 /* boost.framework */,
				F46D5D2C1F0FB9C400E5373E /* libz.tbd */,
				F46D5D2A1F0FB97B00E5373E /* libsqlite3.tbd */,
				F46D5D221F0FB6AB00E5373E /* BZip2.framework */,
				F46D5D231F0FB6AB00E5373E /* OpenSSL.framework */,
				F46D5D241F0FB6AB00E5373E /* Python.framework */,
				F46D5D251F0FB6AB00E5373E /* XZ.framework */,
				F444ED9F1E6286C100C14B4E /* AVFoundation.framework */,
				F444ED941E627A7000C14B4E /* MetalKit.framework */,
				F444ED921E627A6600C14B4E /* Metal.framework */,
				F444ED901E627A3200C14B4E /* CoreAudioKit.framework */,
				F444ED661E6272D100C14B4E /* libg3logger.a */,
				F444ED671E6272D100C14B4E /* libgtest.a */,
				F444ED681E6272D100C14B4E /* libprotobuf.a */,
				F444ED691E6272D100C14B4E /* libpugixml.a */,
				F444ED6A1E6272D100C14B4E /* libSDL2_gfx.a */,
				F444ED6B1E6272D100C14B4E /* libSDL2_image.a */,
				F444ED6C1E6272D100C14B4E /* libSDL2_ttf.a */,
				F444ED6D1E6272D100C14B4E /* libSDL2.a */,
				F444ED6E1E6272D100C14B4E /* libzmq-static.a */,
				F43DB9DF1C78B59400BE5C9A /* MobileCoreServices.framework */,
				F43DB9DD1C78B51300BE5C9A /* AVKit.framework */,
				F43DB9DB1C78B44800BE5C9A /* ImageIO.framework */,
				F43DB9D91C78B41700BE5C9A /* CoreImage.framework */,
				FAE0E9641BAF967F0098DFA4 /* GameController.framework */,
				FA8B4B96196703B400F8EB7C /* CoreMotion.framework */,
				FDB8BFC50E5A0F6A00980157 /* CoreGraphics.framework */,
				FD77A0840E26BDB800F39101 /* AudioToolbox.framework */,
				FD779EDD0E26BA1200F39101 /* CoreAudio.framework */,
				28FD15070DC6FC5B0079059D /* QuartzCore.framework */,
				28FD14FF0DC6FC520079059D /* OpenGLES.framework */,
				1DF5F4DF0D08C38300B7A737 /* UIKit.framework */,
				1D30AB110D05D00D00671497 /* Foundation.framework */,
			);
			name = Frameworks;
			sourceTree = "<group>";
		};
		F46D67291F0FD4AF00E5373E /* scripting */ = {
			isa = PBXGroup;
			children = (
				F46D672A1F0FD4AF00E5373E /* __pycache__ */,
				F46D672C1F0FD4AF00E5373E /* ipc.pb.cc */,
				F46D672D1F0FD4AF00E5373E /* ipc.pb.h */,
				F46D672E1F0FD4AF00E5373E /* ipc.proto */,
				F46D672F1F0FD4AF00E5373E /* ipc_pb2.py */,
				F46D67301F0FD4AF00E5373E /* readme_swig.txt */,
				F46D67311F0FD4AF00E5373E /* SpLogHelper.i */,
				F46D67321F0FD4AF00E5373E /* SpLogHelper_wrap.cxx */,
				F46D67331F0FD4AF00E5373E /* SpLogHelper_wrap.h */,
				F46D67341F0FD4AF00E5373E /* story.py */,
			);
			name = scripting;
			path = ../../scripting;
			sourceTree = "<group>";
		};
		F46D672A1F0FD4AF00E5373E /* __pycache__ */ = {
			isa = PBXGroup;
			children = (
				F46D672B1F0FD4AF00E5373E /* story.cpython-36.pyc */,
			);
			path = __pycache__;
			sourceTree = "<group>";
		};
		F4A37F461D8D929400186118 /* scripts */ = {
			isa = PBXGroup;
			children = (
				F4A37F471D8D929400186118 /* __init__.py */,
				F4A37F481D8D929400186118 /* __init__.pyc */,
				F4A37F491D8D929400186118 /* py_test.py */,
			);
			name = scripts;
			path = ../../res/scripts;
			sourceTree = "<group>";
		};
		F4B4F9C51EF5031800B28C48 /* src */ = {
			isa = PBXGroup;
			children = (
				F4B4F9C61EF5031800B28C48 /* Ecore.cpp */,
				F4B4F9C71EF5031800B28C48 /* ESceneManager.cpp */,
				F4B4F9C81EF5031800B28C48 /* EScreenManager.cpp */,
				F4B4F9C91EF5031800B28C48 /* main.cpp */,
				F4B4F9CA1EF5031800B28C48 /* object */,
				F4B4F9D31EF5031800B28C48 /* resource */,
				F4B4F9DA1EF5031800B28C48 /* scene */,
				F4B4F9E11EF5031800B28C48 /* scripting */,
				F4B4F9E31EF5031800B28C48 /* texture */,
				F4B4F9EA1EF5031800B28C48 /* util */,
			);
			name = src;
			path = ../../src;
			sourceTree = "<group>";
		};
		F4B4F9CA1EF5031800B28C48 /* object */ = {
			isa = PBXGroup;
			children = (
				F4B4F9CB1EF5031800B28C48 /* animation */,
				F4B4F9D21EF5031800B28C48 /* GraphicObject.cpp */,
			);
			path = object;
			sourceTree = "<group>";
		};
		F4B4F9CB1EF5031800B28C48 /* animation */ = {
			isa = PBXGroup;
			children = (
				F4B4F9CC1EF5031800B28C48 /* EAccelAnimation.cpp */,
				F4B4F9CD1EF5031800B28C48 /* EAnimation.cpp */,
				F4B4F9CE1EF5031800B28C48 /* EGridMoveAnimation.cpp */,
				F4B4F9CF1EF5031800B28C48 /* ERotateAndMoveAnimation.cpp */,
				F4B4F9D01EF5031800B28C48 /* ESmoothRotateAnimation.cpp */,
				F4B4F9D11EF5031800B28C48 /* ESmoothStepAnimation.cpp */,
			);
			path = animation;
			sourceTree = "<group>";
		};
		F4B4F9D31EF5031800B28C48 /* resource */ = {
			isa = PBXGroup;
			children = (
				F4B4F9D41EF5031800B28C48 /* EImageResource.cpp */,
				F4B4F9D51EF5031800B28C48 /* EResourceFactory.cpp */,
				F4B4F9D61EF5031800B28C48 /* EResourceLoaderInterface.cpp */,
				F4B4F9D71EF5031800B28C48 /* EResourceManager.cpp */,
				F4B4F9D81EF5031800B28C48 /* ESpriteType.cpp */,
				F4B4F9D91EF5031800B28C48 /* XMLResourceLoader.cpp */,
			);
			path = resource;
			sourceTree = "<group>";
		};
		F4B4F9DA1EF5031800B28C48 /* scene */ = {
			isa = PBXGroup;
			children = (
				F4B4F9DB1EF5031800B28C48 /* EDbgOverlayScene.cpp */,
				F4B4F9DC1EF5031800B28C48 /* ERPGScene.cpp */,
				F4B4F9DD1EF5031800B28C48 /* EScene.cpp */,
				F4B4F9DE1EF5031800B28C48 /* ESceneDesc.cpp */,
				F4B4F9DF1EF5031800B28C48 /* ETitleScene.cpp */,
				F4B4F9E01EF5031800B28C48 /* EVisualNovelScene.cpp */,
			);
			path = scene;
			sourceTree = "<group>";
		};
		F4B4F9E11EF5031800B28C48 /* scripting */ = {
			isa = PBXGroup;
			children = (
				F4B4F9E21EF5031800B28C48 /* SpLogHelper.cpp */,
			);
			path = scripting;
			sourceTree = "<group>";
		};
		F4B4F9E31EF5031800B28C48 /* texture */ = {
			isa = PBXGroup;
			children = (
				F4B4F9E41EF5031800B28C48 /* EDrawable.cpp */,
				F4B4F9E51EF5031800B28C48 /* EFigure.cpp */,
				F4B4F9E61EF5031800B28C48 /* EGridMapTexture.cpp */,
				F4B4F9E71EF5031800B28C48 /* EImageTexture.cpp */,
				F4B4F9E81EF5031800B28C48 /* ESprite.cpp */,
				F4B4F9E91EF5031800B28C48 /* ETextTexture.cpp */,
			);
			path = texture;
			sourceTree = "<group>";
		};
		F4B4F9EA1EF5031800B28C48 /* util */ = {
			isa = PBXGroup;
			children = (
				F4B4F9EB1EF5031800B28C48 /* IPCHelper.cpp */,
				F4B4F9EC1EF5031800B28C48 /* JsonHelper.cpp */,
				F4B4F9ED1EF5031800B28C48 /* LogHelper.cpp */,
				F4B4F9EE1EF5031800B28C48 /* PythonScript.cpp */,
				F4B4F9EF1EF5031800B28C48 /* SDLWrap.cpp */,
				F4B4F9F01EF5031800B28C48 /* XmlHelper.cpp */,
			);
			path = util;
			sourceTree = "<group>";
		};
		F4B4FA151EF5032700B28C48 /* include */ = {
			isa = PBXGroup;
			children = (
				F4B4FA161EF5032700B28C48 /* Ecore.hpp */,
				F4B4FA171EF5032700B28C48 /* ESceneManager.hpp */,
				F4B4FA181EF5032700B28C48 /* EScreenManager.hpp */,
				F4B4FA191EF5032700B28C48 /* object */,
				F4B4FA231EF5032700B28C48 /* resource */,
				F4B4FA2A1EF5032700B28C48 /* scene */,
				F4B4FA311EF5032700B28C48 /* scripting */,
				F4B4FA331EF5032700B28C48 /* texture */,
				F4B4FA3A1EF5032700B28C48 /* util */,
			);
			name = include;
			path = ../../include;
			sourceTree = "<group>";
		};
		F4B4FA191EF5032700B28C48 /* object */ = {
			isa = PBXGroup;
			children = (
				F4B4FA1A1EF5032700B28C48 /* animation */,
				F4B4FA211EF5032700B28C48 /* GObjectGroup.hpp */,
				F4B4FA221EF5032700B28C48 /* GraphicObject.hpp */,
			);
			path = object;
			sourceTree = "<group>";
		};
		F4B4FA1A1EF5032700B28C48 /* animation */ = {
			isa = PBXGroup;
			children = (
				F4B4FA1B1EF5032700B28C48 /* EAccelAnimation.hpp */,
				F4B4FA1C1EF5032700B28C48 /* EAnimation.hpp */,
				F4B4FA1D1EF5032700B28C48 /* EGridMoveAnimation.hpp */,
				F4B4FA1E1EF5032700B28C48 /* ERotateAndMoveAnimation.hpp */,
				F4B4FA1F1EF5032700B28C48 /* ESmoothRotateAnimation.hpp */,
				F4B4FA201EF5032700B28C48 /* ESmoothStepAnimation.hpp */,
			);
			path = animation;
			sourceTree = "<group>";
		};
		F4B4FA231EF5032700B28C48 /* resource */ = {
			isa = PBXGroup;
			children = (
				F4B4FA241EF5032700B28C48 /* EImageResource.hpp */,
				F4B4FA251EF5032700B28C48 /* EResourceFactory.hpp */,
				F4B4FA261EF5032700B28C48 /* EResourceLoaderInterface.hpp */,
				F4B4FA271EF5032700B28C48 /* EResourceManager.hpp */,
				F4B4FA281EF5032700B28C48 /* ESpriteType.hpp */,
				F4B4FA291EF5032700B28C48 /* XMLResourceLoader.hpp */,
			);
			path = resource;
			sourceTree = "<group>";
		};
		F4B4FA2A1EF5032700B28C48 /* scene */ = {
			isa = PBXGroup;
			children = (
				F4B4FA2B1EF5032700B28C48 /* EDbgOverlayScene.hpp */,
				F4B4FA2C1EF5032700B28C48 /* ERPGScene.hpp */,
				F4B4FA2D1EF5032700B28C48 /* EScene.hpp */,
				F4B4FA2E1EF5032700B28C48 /* ESceneDesc.hpp */,
				F4B4FA2F1EF5032700B28C48 /* ETitleScene.hpp */,
				F4B4FA301EF5032700B28C48 /* EVisualNovelScene.hpp */,
			);
			path = scene;
			sourceTree = "<group>";
		};
		F4B4FA311EF5032700B28C48 /* scripting */ = {
			isa = PBXGroup;
			children = (
				F4B4FA321EF5032700B28C48 /* SpLogHelper.hpp */,
			);
			path = scripting;
			sourceTree = "<group>";
		};
		F4B4FA331EF5032700B28C48 /* texture */ = {
			isa = PBXGroup;
			children = (
				F4B4FA341EF5032700B28C48 /* EDrawable.hpp */,
				F4B4FA351EF5032700B28C48 /* EFigure.hpp */,
				F4B4FA361EF5032700B28C48 /* EGridMapTexture.hpp */,
				F4B4FA371EF5032700B28C48 /* EImageTexture.hpp */,
				F4B4FA381EF5032700B28C48 /* ESprite.hpp */,
				F4B4FA391EF5032700B28C48 /* ETextTexture.hpp */,
			);
			path = texture;
			sourceTree = "<group>";
		};
		F4B4FA3A1EF5032700B28C48 /* util */ = {
			isa = PBXGroup;
			children = (
				F4B4FA3B1EF5032700B28C48 /* IPCHelper.hpp */,
				F4B4FA3C1EF5032700B28C48 /* JsonHelper.hpp */,
				F4B4FA3D1EF5032700B28C48 /* LogHelper.hpp */,
				F4B4FA3E1EF5032700B28C48 /* PythonScript.hpp */,
				F4B4FA3F1EF5032700B28C48 /* SDLWrap.hpp */,
				F4B4FA401EF5032700B28C48 /* XmlHelper.hpp */,
			);
			path = util;
			sourceTree = "<group>";
		};
/* End PBXGroup section */

/* Begin PBXHeadersBuildPhase section */
		F43DB9AF1C78B01400BE5C9A /* Headers */ = {
			isa = PBXHeadersBuildPhase;
			buildActionMask = 2147483647;
			files = (
				F4B4FA611EF5032700B28C48 /* LogHelper.hpp in Headers */,
				F4B4FA4C1EF5032700B28C48 /* EImageResource.hpp in Headers */,
				F4B4FA5F1EF5032700B28C48 /* IPCHelper.hpp in Headers */,
				F4B4FA491EF5032700B28C48 /* ESmoothStepAnimation.hpp in Headers */,
				F4B4FA4A1EF5032700B28C48 /* GObjectGroup.hpp in Headers */,
				F4B4FA501EF5032700B28C48 /* ESpriteType.hpp in Headers */,
				F4B4FA451EF5032700B28C48 /* EAnimation.hpp in Headers */,
				F4B4FA411EF5032700B28C48 /* Ecore.hpp in Headers */,
				F4B4FA521EF5032700B28C48 /* EDbgOverlayScene.hpp in Headers */,
				F4B4FA621EF5032700B28C48 /* PythonScript.hpp in Headers */,
				F4B4FA461EF5032700B28C48 /* EGridMoveAnimation.hpp in Headers */,
				F4B4FA5B1EF5032700B28C48 /* EGridMapTexture.hpp in Headers */,
				F4B4FA421EF5032700B28C48 /* ESceneManager.hpp in Headers */,
				F4B4FA4F1EF5032700B28C48 /* EResourceManager.hpp in Headers */,
				F4B4FA5A1EF5032700B28C48 /* EFigure.hpp in Headers */,
				F4B4FA5C1EF5032700B28C48 /* EImageTexture.hpp in Headers */,
				F4B4FA581EF5032700B28C48 /* SpLogHelper.hpp in Headers */,
				F4B4FA511EF5032700B28C48 /* XMLResourceLoader.hpp in Headers */,
				F4B4FA541EF5032700B28C48 /* EScene.hpp in Headers */,
				F4B4FA5D1EF5032700B28C48 /* ESprite.hpp in Headers */,
				F4B4FA4E1EF5032700B28C48 /* EResourceLoaderInterface.hpp in Headers */,
				F46D67371F0FD4AF00E5373E /* ipc.pb.h in Headers */,
				F4B4FA471EF5032700B28C48 /* ERotateAndMoveAnimation.hpp in Headers */,
				F4B4FA4D1EF5032700B28C48 /* EResourceFactory.hpp in Headers */,
				F4B4FA4B1EF5032700B28C48 /* GraphicObject.hpp in Headers */,
				F4B4FA641EF5032700B28C48 /* XmlHelper.hpp in Headers */,
				F4B4FA551EF5032700B28C48 /* ESceneDesc.hpp in Headers */,
				F4B4FA441EF5032700B28C48 /* EAccelAnimation.hpp in Headers */,
				F46D673D1F0FD4AF00E5373E /* SpLogHelper_wrap.h in Headers */,
				F4B4FA481EF5032700B28C48 /* ESmoothRotateAnimation.hpp in Headers */,
				F4B4FA431EF5032700B28C48 /* EScreenManager.hpp in Headers */,
				F4B4FA571EF5032700B28C48 /* EVisualNovelScene.hpp in Headers */,
				F4B4FA561EF5032700B28C48 /* ETitleScene.hpp in Headers */,
				F4B4FA591EF5032700B28C48 /* EDrawable.hpp in Headers */,
				F4B4FA531EF5032700B28C48 /* ERPGScene.hpp in Headers */,
				F4B4FA631EF5032700B28C48 /* SDLWrap.hpp in Headers */,
				F4B4FA601EF5032700B28C48 /* JsonHelper.hpp in Headers */,
				F4B4FA5E1EF5032700B28C48 /* ETextTexture.hpp in Headers */,
			);
			runOnlyForDeploymentPostprocessing = 0;
		};
/* End PBXHeadersBuildPhase section */

/* Begin PBXNativeTarget section */
		1D6058900D05DD3D006BFB54 /* Story project */ = {
			isa = PBXNativeTarget;
			buildConfigurationList = 1D6058960D05DD3E006BFB54 /* Build configuration list for PBXNativeTarget "Story project" */;
			buildPhases = (
				1D60588D0D05DD3D006BFB54 /* Resources */,
				F43DB9AF1C78B01400BE5C9A /* Headers */,
				1D60588E0D05DD3D006BFB54 /* Sources */,
				1D60588F0D05DD3D006BFB54 /* Frameworks */,
				F4DD91251E9E6F6900C0E58E /* ShellScript */,
				F42C2ECF23C8AA1000256624 /* Embed Frameworks */,
			);
			buildRules = (
			);
			dependencies = (
			);
			name = "Story project";
			productName = "___PROJECTNAME___";
			productReference = 1D6058910D05DD3D006BFB54 /* story-project.app */;
			productType = "com.apple.product-type.application";
		};
/* End PBXNativeTarget section */

/* Begin PBXProject section */
		29B97313FDCFA39411CA2CEA /* Project object */ = {
			isa = PBXProject;
			attributes = {
				LastUpgradeCheck = 1130;
				ORGANIZATIONNAME = "";
				TargetAttributes = {
					1D6058900D05DD3D006BFB54 = {
						DevelopmentTeam = WE4KGJQLAQ;
					};
				};
			};
			buildConfigurationList = C01FCF4E08A954540054247B /* Build configuration list for PBXProject "Story Project" */;
			compatibilityVersion = "Xcode 3.2";
			developmentRegion = en;
			hasScannedForEncodings = 1;
			knownRegions = (
				en,
				Base,
			);
			mainGroup = 29B97314FDCFA39411CA2CEA /* CustomTemplate */;
			projectDirPath = "";
			projectRoot = "";
			targets = (
				1D6058900D05DD3D006BFB54 /* Story project */,
			);
		};
/* End PBXProject section */

/* Begin PBXResourcesBuildPhase section */
		1D60588D0D05DD3D006BFB54 /* Resources */ = {
			isa = PBXResourcesBuildPhase;
			buildActionMask = 2147483647;
			files = (
				F4A37F4C1D8D929400186118 /* gom-002.png in Resources */,
				F42169BD1D05593A00C50450 /* japanvillage.jpg in Resources */,
				F4C63ABC1E66EF1A00A552C0 /* ic_triangle.png in Resources */,
				F4A37F4E1D8D929400186118 /* gom-004.png in Resources */,
				F42169B81D05593A00C50450 /* BerryGarden.png in Resources */,
				F46CE4701FC5C97000ABAB5C /* LostGarden_Grid_BasicTile.png in Resources */,
				F46D67381F0FD4AF00E5373E /* ipc.proto in Resources */,
				F4A37F511D8D929400186118 /* NanumGothic.ttf in Resources */,
				F4A37F501D8D929400186118 /* NanumBarunpenR.ttf in Resources */,
				F4C63ABB1E66EF1A00A552C0 /* ic_rect.png in Resources */,
				F42169B91D05593A00C50450 /* bg-black.png in Resources */,
				F46CE4721FC5C97F00ABAB5C /* LostGarden_License.txt in Resources */,
				F48617601D96C44F008641CB /* gom-sprite.png in Resources */,
				F42169C11D05593A00C50450 /* sample_scene2.xml in Resources */,
				F4C63AB91E66EF1A00A552C0 /* ic_circle.png in Resources */,
				F43DB9E21C78B60300BE5C9A /* Launch Screen.storyboard in Resources */,
				F42169C01D05593A00C50450 /* sample_scene.xml in Resources */,
				F42169BF1D05593A00C50450 /* moderngirl02x2.png in Resources */,
				F4A37F4A1D8D929400186118 /* f069.png in Resources */,
				F42169BE1D05593A00C50450 /* moderngirl02.png in Resources */,
				F415DE9A23D1DAEE00069B27 /* python37.zip in Resources */,
				F4C63ABA1E66EF1A00A552C0 /* ic_cross.png in Resources */,
				F4A37F4B1D8D929400186118 /* f071.png in Resources */,
				F42169BA1D05593A00C50450 /* FreeSans.ttf in Resources */,
				F48617621D96C691008641CB /* JapaneseVillage.png in Resources */,
				F4468A061D96392A003AB89B /* Images-2.xcassets in Resources */,
				F4A37F4D1D8D929400186118 /* gom-003.png in Resources */,
				F42169BB1D05593A00C50450 /* grid-base.png in Resources */,
				F4A37F4F1D8D929400186118 /* JewelSaviorFREE-readme.txt in Resources */,
			);
			runOnlyForDeploymentPostprocessing = 0;
		};
/* End PBXResourcesBuildPhase section */

/* Begin PBXShellScriptBuildPhase section */
		F4DD91251E9E6F6900C0E58E /* ShellScript */ = {
			isa = PBXShellScriptBuildPhase;
			buildActionMask = 2147483647;
			files = (
			);
			inputPaths = (
			);
			outputPaths = (
			);
			runOnlyForDeploymentPostprocessing = 0;
			shellPath = /bin/sh;
			shellScript = "CURRENT=`pwd`\necho \"PWD : $CURRENT\"\n#unzip -u $CURRENT/../../external/built/frameworks/Python.framework/Resources/lib/python36.zip -d $CURRENT/../../res/python\ncp -f $CURRENT/../../external/built/frameworks/Python.framework/Resources/lib/python36.zip $CURRENT/../../res/python36.zip\n\nmkdir -p $CURRENT/../../res/python\ncp -f $CURRENT/../../scripting/*.py $CURRENT/../../res/python\n";
		};
/* End PBXShellScriptBuildPhase section */

/* Begin PBXSourcesBuildPhase section */
		1D60588E0D05DD3D006BFB54 /* Sources */ = {
			isa = PBXSourcesBuildPhase;
			buildActionMask = 2147483647;
			files = (
				F42AFD2A23C45D0000AC0221 /* pugixml.cpp in Sources */,
				F42AFD2823C45CDF00AC0221 /* jsoncpp.cpp in Sources */,
				F4B4FA041EF5031800B28C48 /* EScene.cpp in Sources */,
				F4B4FA0C1EF5031800B28C48 /* EImageTexture.cpp in Sources */,
				F4B4F9F11EF5031800B28C48 /* Ecore.cpp in Sources */,
				F4B4FA0B1EF5031800B28C48 /* EGridMapTexture.cpp in Sources */,
				F4B4F9F51EF5031800B28C48 /* EAccelAnimation.cpp in Sources */,
				F4B4FA071EF5031800B28C48 /* EVisualNovelScene.cpp in Sources */,
				F4B4FA061EF5031800B28C48 /* ETitleScene.cpp in Sources */,
				F4B4FA131EF5031800B28C48 /* SDLWrap.cpp in Sources */,
				F4B4F9FA1EF5031800B28C48 /* ESmoothStepAnimation.cpp in Sources */,
				F4B4F9F81EF5031800B28C48 /* ERotateAndMoveAnimation.cpp in Sources */,
				F4B4FA031EF5031800B28C48 /* ERPGScene.cpp in Sources */,
				F4B4F9FE1EF5031800B28C48 /* EResourceLoaderInterface.cpp in Sources */,
				F4B4F9F31EF5031800B28C48 /* EScreenManager.cpp in Sources */,
				F4B4F9FC1EF5031800B28C48 /* EImageResource.cpp in Sources */,
				F4B4FA051EF5031800B28C48 /* ESceneDesc.cpp in Sources */,
				F4B4FA0F1EF5031800B28C48 /* IPCHelper.cpp in Sources */,
				F4B4FA101EF5031800B28C48 /* JsonHelper.cpp in Sources */,
				F4B4F9F71EF5031800B28C48 /* EGridMoveAnimation.cpp in Sources */,
				F4B4F9FF1EF5031800B28C48 /* EResourceManager.cpp in Sources */,
				F4A37F5A1D8D94F900186118 /* ipc.pb.cc in Sources */,
				F4B4FA141EF5031800B28C48 /* XmlHelper.cpp in Sources */,
				F4B4F9F61EF5031800B28C48 /* EAnimation.cpp in Sources */,
				F4B4F9FD1EF5031800B28C48 /* EResourceFactory.cpp in Sources */,
				F4B4F9FB1EF5031800B28C48 /* GraphicObject.cpp in Sources */,
				F4B4FA011EF5031800B28C48 /* XMLResourceLoader.cpp in Sources */,
				F4B4F9F41EF5031800B28C48 /* main.cpp in Sources */,
				F4B4FA121EF5031800B28C48 /* PythonScript.cpp in Sources */,
				F4B4FA0D1EF5031800B28C48 /* ESprite.cpp in Sources */,
				F4B4F9F91EF5031800B28C48 /* ESmoothRotateAnimation.cpp in Sources */,
				F4B4FA001EF5031800B28C48 /* ESpriteType.cpp in Sources */,
				F4B4FA0A1EF5031800B28C48 /* EFigure.cpp in Sources */,
				F4B4FA091EF5031800B28C48 /* EDrawable.cpp in Sources */,
				F4B4FA111EF5031800B28C48 /* LogHelper.cpp in Sources */,
				F4B4F9F21EF5031800B28C48 /* ESceneManager.cpp in Sources */,
				F4B4FA0E1EF5031800B28C48 /* ETextTexture.cpp in Sources */,
				F4B4FA021EF5031800B28C48 /* EDbgOverlayScene.cpp in Sources */,
			);
			runOnlyForDeploymentPostprocessing = 0;
		};
/* End PBXSourcesBuildPhase section */

/* Begin XCBuildConfiguration section */
		1D6058940D05DD3E006BFB54 /* Debug */ = {
			isa = XCBuildConfiguration;
			buildSettings = {
				ALWAYS_SEARCH_USER_PATHS = YES;
				ASSETCATALOG_COMPILER_APPICON_NAME = AppIcon;
				ASSETCATALOG_COMPILER_LAUNCHIMAGE_NAME = "Brand Assets";
				CLANG_ENABLE_OBJC_WEAK = YES;
				CODE_SIGN_IDENTITY = "iPhone Developer";
				"CODE_SIGN_IDENTITY[sdk=iphoneos*]" = "iPhone Developer";
				COPY_PHASE_STRIP = NO;
				DEVELOPMENT_TEAM = WE4KGJQLAQ;
				FRAMEWORK_SEARCH_PATHS = (
					"$(inherited)",
					"$(PROJECT_DIR)",
					"$(PROJECT_DIR)/../../external/build/target/iOS/$(CONFIGURATION:lower)/frameworks",
				);
				GCC_DYNAMIC_NO_PIC = NO;
				GCC_OPTIMIZATION_LEVEL = 0;
				GCC_PRECOMPILE_PREFIX_HEADER = YES;
				GCC_PREFIX_HEADER = "";
				GCC_PREPROCESSOR_DEFINITIONS = (
					PLATFORM_IOS,
					USE_SDL_LOG,
				);
				HEADER_SEARCH_PATHS = (
					"$(PROJECT_DIR)/../../external/build/target/iOS/$(CONFIGURATION:lower)/frameworks/pugixml.framework/Headers",
					"$(PROJECT_DIR)/../../external/build/source/iOS/jsoncpp/dist",
					"$(PROJECT_DIR)/../../external/build/target/iOS/$(CONFIGURATION:lower)/frameworks/protobuf.framework/Headers",
					"$(PROJECT_DIR)/../../external/build/source/iOS/cppzmq",
					"$(PROJECT_DIR)/../../external/build/target/iOS/$(CONFIGURATION:lower)/frameworks/zeromq.framework/Headers",
					"$(PROJECT_DIR)/../../external/build/target/iOS/$(CONFIGURATION:lower)/frameworks/SDL2.framework/Headers",
					"$(PROJECT_DIR)/../../external/build/target/iOS/$(CONFIGURATION:lower)/frameworks/SDL2_ttf.framework/Headers",
					"$(PROJECT_DIR)/../../external/build/target/iOS/$(CONFIGURATION:lower)/frameworks/SDL2_image.framework/Headers",
					"$(PROJECT_DIR)/../../external/build/target/iOS/$(CONFIGURATION:lower)/frameworks/Python.framework/Headers",
					"$(PROJECT_DIR)/../../external/build/target/iOS/$(CONFIGURATION:lower)/include",
				);
				INFOPLIST_FILE = Info.plist;
				INFOPLIST_PREPROCESS = YES;
				IPHONEOS_DEPLOYMENT_TARGET = 8.0;
				LD_RUNPATH_SEARCH_PATHS = "$(inherited) @executable_path/Frameworks";
				LIBRARY_SEARCH_PATHS = (
					"$(inherited)",
					"$(PROJECT_DIR)/../../external/build/target/iOS/$(CONFIGURATION:lower)/lib",
				);
				OTHER_CPLUSPLUSFLAGS = "$(OTHER_CFLAGS)";
				OTHER_LDFLAGS = "$(inherited)";
				PRODUCT_BUNDLE_IDENTIFIER = com.ariens.story;
				PRODUCT_NAME = "story-project";
				TARGETED_DEVICE_FAMILY = "1,2";
				USER_HEADER_SEARCH_PATHS = "$(PROJECT_DIR)/../../include";
				VALID_ARCHS = arm64;
			};
			name = Debug;
		};
		1D6058950D05DD3E006BFB54 /* Release */ = {
			isa = XCBuildConfiguration;
			buildSettings = {
				ALWAYS_SEARCH_USER_PATHS = YES;
				ASSETCATALOG_COMPILER_APPICON_NAME = AppIcon;
				ASSETCATALOG_COMPILER_LAUNCHIMAGE_NAME = "Brand Assets";
				CLANG_ENABLE_OBJC_WEAK = YES;
				CODE_SIGN_IDENTITY = "iPhone Developer";
				COPY_PHASE_STRIP = YES;
				DEVELOPMENT_TEAM = WE4KGJQLAQ;
				FRAMEWORK_SEARCH_PATHS = (
					"$(inherited)",
					"$(PROJECT_DIR)",
					"$(PROJECT_DIR)/../../external/build/target/iOS/$(CONFIGURATION:lower)/frameworks",
				);
				GCC_PRECOMPILE_PREFIX_HEADER = YES;
				GCC_PREFIX_HEADER = "";
				GCC_PREPROCESSOR_DEFINITIONS = (
					PLATFORM_IOS,
					USE_SDL_LOG,
				);
				HEADER_SEARCH_PATHS = (
					"$(PROJECT_DIR)/../../external/build/target/iOS/$(CONFIGURATION:lower)/frameworks/pugixml.framework/Headers",
					"$(PROJECT_DIR)/../../external/build/source/iOS/jsoncpp/dist",
					"$(PROJECT_DIR)/../../external/build/target/iOS/$(CONFIGURATION:lower)/frameworks/protobuf.framework/Headers",
					"$(PROJECT_DIR)/../../external/build/source/iOS/cppzmq",
					"$(PROJECT_DIR)/../../external/build/target/iOS/$(CONFIGURATION:lower)/frameworks/zeromq.framework/Headers",
					"$(PROJECT_DIR)/../../external/build/target/iOS/$(CONFIGURATION:lower)/frameworks/SDL2.framework/Headers",
					"$(PROJECT_DIR)/../../external/build/target/iOS/$(CONFIGURATION:lower)/frameworks/SDL2_ttf.framework/Headers",
					"$(PROJECT_DIR)/../../external/build/target/iOS/$(CONFIGURATION:lower)/frameworks/SDL2_image.framework/Headers",
					"$(PROJECT_DIR)/../../external/build/target/iOS/$(CONFIGURATION:lower)/frameworks/Python.framework/Headers",
					"$(PROJECT_DIR)/../../external/build/target/iOS/$(CONFIGURATION:lower)/include",
				);
				INFOPLIST_FILE = Info.plist;
				INFOPLIST_PREPROCESS = YES;
				IPHONEOS_DEPLOYMENT_TARGET = 8.0;
				LD_RUNPATH_SEARCH_PATHS = "$(inherited) @executable_path/Frameworks";
				LIBRARY_SEARCH_PATHS = (
					"$(inherited)",
					"$(PROJECT_DIR)/../../external/build/target/iOS/$(CONFIGURATION:lower)/lib",
				);
				OTHER_CPLUSPLUSFLAGS = "$(OTHER_CFLAGS)";
				OTHER_LDFLAGS = "$(inherited)";
				PRODUCT_BUNDLE_IDENTIFIER = com.ariens.story;
				PRODUCT_NAME = "story-project";
				TARGETED_DEVICE_FAMILY = "1,2";
				USER_HEADER_SEARCH_PATHS = "$(PROJECT_DIR)/../../include";
				VALID_ARCHS = arm64;
			};
			name = Release;
		};
		C01FCF4F08A954540054247B /* Debug */ = {
			isa = XCBuildConfiguration;
			buildSettings = {
				CLANG_CXX_LANGUAGE_STANDARD = "c++14";
				CLANG_CXX_LIBRARY = "libc++";
				"CODE_SIGN_IDENTITY[sdk=iphoneos*]" = "iPhone Developer";
				GCC_C_LANGUAGE_STANDARD = c11;
				GCC_WARN_ABOUT_RETURN_TYPE = YES;
				GCC_WARN_UNUSED_VARIABLE = YES;
				ONLY_ACTIVE_ARCH = YES;
				OTHER_CFLAGS = "";
				PREBINDING = NO;
				SDKROOT = iphoneos;
				TARGETED_DEVICE_FAMILY = "1,2";
			};
			name = Debug;
		};
		C01FCF5008A954540054247B /* Release */ = {
			isa = XCBuildConfiguration;
			buildSettings = {
				CLANG_CXX_LANGUAGE_STANDARD = "c++14";
				CLANG_CXX_LIBRARY = "libc++";
				"CODE_SIGN_IDENTITY[sdk=iphoneos*]" = "iPhone Developer";
				GCC_C_LANGUAGE_STANDARD = c11;
				GCC_WARN_ABOUT_RETURN_TYPE = YES;
				GCC_WARN_UNUSED_VARIABLE = YES;
				OTHER_CFLAGS = "";
				PREBINDING = NO;
				SDKROOT = iphoneos;
				TARGETED_DEVICE_FAMILY = "1,2";
			};
			name = Release;
		};
/* End XCBuildConfiguration section */

/* Begin XCConfigurationList section */
		1D6058960D05DD3E006BFB54 /* Build configuration list for PBXNativeTarget "Story project" */ = {
			isa = XCConfigurationList;
			buildConfigurations = (
				1D6058940D05DD3E006BFB54 /* Debug */,
				1D6058950D05DD3E006BFB54 /* Release */,
			);
			defaultConfigurationIsVisible = 0;
			defaultConfigurationName = Release;
		};
		C01FCF4E08A954540054247B /* Build configuration list for PBXProject "Story Project" */ = {
			isa = XCConfigurationList;
			buildConfigurations = (
				C01FCF4F08A954540054247B /* Debug */,
				C01FCF5008A954540054247B /* Release */,
			);
			defaultConfigurationIsVisible = 0;
			defaultConfigurationName = Release;
		};
/* End XCConfigurationList section */
	};
	rootObject = 29B97313FDCFA39411CA2CEA /* Project object */;
}
